// !$*UTF8*$!
{
	archiveVersion = 1;
	classes = {
	};
	objectVersion = 50;
	objects = {

/* Begin PBXBuildFile section */
		7402C2B0211A850B00C3D536 /* AppDelegate.swift in Sources */ = {isa = PBXBuildFile; fileRef = 7402C2AF211A850B00C3D536 /* AppDelegate.swift */; };
		7402C2B5211A850B00C3D536 /* Main.storyboard in Resources */ = {isa = PBXBuildFile; fileRef = 7402C2B3211A850B00C3D536 /* Main.storyboard */; };
		7402C2B7211A850E00C3D536 /* Assets.xcassets in Resources */ = {isa = PBXBuildFile; fileRef = 7402C2B6211A850E00C3D536 /* Assets.xcassets */; };
		7402C2BA211A850E00C3D536 /* LaunchScreen.storyboard in Resources */ = {isa = PBXBuildFile; fileRef = 7402C2B8211A850E00C3D536 /* LaunchScreen.storyboard */; };
		7402C2C5211A850E00C3D536 /* LambdaMessengerTests.swift in Sources */ = {isa = PBXBuildFile; fileRef = 7402C2C4211A850E00C3D536 /* LambdaMessengerTests.swift */; };
		74187FD72136DC1600523CA8 /* AppDelegate+Notifications.swift in Sources */ = {isa = PBXBuildFile; fileRef = 74187FD62136DC1600523CA8 /* AppDelegate+Notifications.swift */; };
		74187FD82136EDB800523CA8 /* PhoneNumberUtil.swift in Sources */ = {isa = PBXBuildFile; fileRef = 7449B1F8211B6F96009F2EB8 /* PhoneNumberUtil.swift */; };
		74187FD92136EDB800523CA8 /* ApiManager.swift in Sources */ = {isa = PBXBuildFile; fileRef = 74E7FE93211DCA84004E8092 /* ApiManager.swift */; };
		74187FDA2136EDB800523CA8 /* AuthManager.swift in Sources */ = {isa = PBXBuildFile; fileRef = 74DB8B29212DD433003EDCEC /* AuthManager.swift */; };
		74187FDB2136EDB800523CA8 /* LambdaMessengerError.swift in Sources */ = {isa = PBXBuildFile; fileRef = 74DB8B2B212DD4B9003EDCEC /* LambdaMessengerError.swift */; };
		74187FDC2136EDB800523CA8 /* AppSyncBridge.swift in Sources */ = {isa = PBXBuildFile; fileRef = 74DB8B2D212DD4D5003EDCEC /* AppSyncBridge.swift */; };
		74187FDD2136EDB800523CA8 /* DependentFieldTextDelegate.swift in Sources */ = {isa = PBXBuildFile; fileRef = 747D3E442131D4A90089703E /* DependentFieldTextDelegate.swift */; };
		74187FDE2136EDBB00523CA8 /* ConversationViewController.swift in Sources */ = {isa = PBXBuildFile; fileRef = 7449B1E6211B6E51009F2EB8 /* ConversationViewController.swift */; };
		74187FDF2136EDBB00523CA8 /* DashboardViewController.swift in Sources */ = {isa = PBXBuildFile; fileRef = 7449B1E7211B6E51009F2EB8 /* DashboardViewController.swift */; };
		74187FE02136EDBB00523CA8 /* SettingsViewController.swift in Sources */ = {isa = PBXBuildFile; fileRef = 7449B1E9211B6E51009F2EB8 /* SettingsViewController.swift */; };
		74187FE12136EDBB00523CA8 /* ComposeMessageViewController.swift in Sources */ = {isa = PBXBuildFile; fileRef = 746AB91D211C71D2006D73BD /* ComposeMessageViewController.swift */; };
		74187FE22136EDBB00523CA8 /* MessageCell.swift in Sources */ = {isa = PBXBuildFile; fileRef = 747D3E3D21303C730089703E /* MessageCell.swift */; };
		74187FE32136EDBE00523CA8 /* ReadyViewController.swift in Sources */ = {isa = PBXBuildFile; fileRef = 7449B1EB211B6E51009F2EB8 /* ReadyViewController.swift */; };
		74187FE42136EDBE00523CA8 /* ValidateViewController.swift in Sources */ = {isa = PBXBuildFile; fileRef = 7449B1EC211B6E51009F2EB8 /* ValidateViewController.swift */; };
		74187FE52136EDBE00523CA8 /* RegisterViewController.swift in Sources */ = {isa = PBXBuildFile; fileRef = 7449B1EE211B6E51009F2EB8 /* RegisterViewController.swift */; };
		74187FE62136EDC100523CA8 /* AppDelegate.swift in Sources */ = {isa = PBXBuildFile; fileRef = 7402C2AF211A850B00C3D536 /* AppDelegate.swift */; };
		74187FE72136EDC100523CA8 /* AppDelegate+Notifications.swift in Sources */ = {isa = PBXBuildFile; fileRef = 74187FD62136DC1600523CA8 /* AppDelegate+Notifications.swift */; };
		74187FE82136EDC400523CA8 /* API.swift in Sources */ = {isa = PBXBuildFile; fileRef = 746AB91F211D4589006D73BD /* API.swift */; };
		7418803C213855F000523CA8 /* AWSAppSyncSubscriptionWatcher.swift in Sources */ = {isa = PBXBuildFile; fileRef = 74187FED213855F000523CA8 /* AWSAppSyncSubscriptionWatcher.swift */; };
		7418803D213855F000523CA8 /* AWSAppSyncAuthProvider.swift in Sources */ = {isa = PBXBuildFile; fileRef = 74187FEE213855F000523CA8 /* AWSAppSyncAuthProvider.swift */; };
		7418803E213855F000523CA8 /* AWSS3ObjectProtocol.swift in Sources */ = {isa = PBXBuildFile; fileRef = 74187FEF213855F000523CA8 /* AWSS3ObjectProtocol.swift */; };
		7418803F213855F000523CA8 /* AppSyncMQTTClient.swift in Sources */ = {isa = PBXBuildFile; fileRef = 74187FF0213855F000523CA8 /* AppSyncMQTTClient.swift */; };
		74188040213855F000523CA8 /* AppSyncLogWrapper.swift in Sources */ = {isa = PBXBuildFile; fileRef = 74187FF2213855F000523CA8 /* AppSyncLogWrapper.swift */; };
		74188041213855F000523CA8 /* AppSyncLogHelper.m in Sources */ = {isa = PBXBuildFile; fileRef = 74187FF3213855F000523CA8 /* AppSyncLogHelper.m */; };
		74188042213855F000523CA8 /* AWSOfflineMutationStore.swift in Sources */ = {isa = PBXBuildFile; fileRef = 74187FF5213855F000523CA8 /* AWSOfflineMutationStore.swift */; };
		74188043213855F000523CA8 /* AWSAppSyncClient.swift in Sources */ = {isa = PBXBuildFile; fileRef = 74187FF6213855F000523CA8 /* AWSAppSyncClient.swift */; };
		74188044213855F000523CA8 /* AWSAppSyncHTTPNetworkTransport.swift in Sources */ = {isa = PBXBuildFile; fileRef = 74187FF7213855F000523CA8 /* AWSAppSyncHTTPNetworkTransport.swift */; };
		74188045213855F000523CA8 /* GraphQLResponse.swift in Sources */ = {isa = PBXBuildFile; fileRef = 74187FFB213855F000523CA8 /* GraphQLResponse.swift */; };
		74188046213855F000523CA8 /* GraphQLOperation.swift in Sources */ = {isa = PBXBuildFile; fileRef = 74187FFC213855F000523CA8 /* GraphQLOperation.swift */; };
		74188047213855F000523CA8 /* Utilities.swift in Sources */ = {isa = PBXBuildFile; fileRef = 74187FFD213855F000523CA8 /* Utilities.swift */; };
		74188048213855F000523CA8 /* GraphQLDependencyTracker.swift in Sources */ = {isa = PBXBuildFile; fileRef = 74187FFE213855F000523CA8 /* GraphQLDependencyTracker.swift */; };
		74188049213855F000523CA8 /* GraphQLResultAccumulator.swift in Sources */ = {isa = PBXBuildFile; fileRef = 74187FFF213855F000523CA8 /* GraphQLResultAccumulator.swift */; };
		7418804A213855F100523CA8 /* JSONStandardTypeConversions.swift in Sources */ = {isa = PBXBuildFile; fileRef = 74188000213855F000523CA8 /* JSONStandardTypeConversions.swift */; };
		7418804B213855F100523CA8 /* GraphQLResponseGenerator.swift in Sources */ = {isa = PBXBuildFile; fileRef = 74188001213855F000523CA8 /* GraphQLResponseGenerator.swift */; };
		7418804C213855F100523CA8 /* Collections.swift in Sources */ = {isa = PBXBuildFile; fileRef = 74188002213855F000523CA8 /* Collections.swift */; };
		7418804D213855F100523CA8 /* GraphQLQueryWatcher.swift in Sources */ = {isa = PBXBuildFile; fileRef = 74188003213855F000523CA8 /* GraphQLQueryWatcher.swift */; };
		7418804E213855F100523CA8 /* GraphQLError.swift in Sources */ = {isa = PBXBuildFile; fileRef = 74188004213855F000523CA8 /* GraphQLError.swift */; };
		7418804F213855F100523CA8 /* Result.swift in Sources */ = {isa = PBXBuildFile; fileRef = 74188005213855F000523CA8 /* Result.swift */; };
		74188050213855F100523CA8 /* NormalizedCache.swift in Sources */ = {isa = PBXBuildFile; fileRef = 74188006213855F000523CA8 /* NormalizedCache.swift */; };
		74188051213855F100523CA8 /* GraphQLSelectionSet.swift in Sources */ = {isa = PBXBuildFile; fileRef = 74188007213855F000523CA8 /* GraphQLSelectionSet.swift */; };
		74188052213855F100523CA8 /* JSON.swift in Sources */ = {isa = PBXBuildFile; fileRef = 74188008213855F000523CA8 /* JSON.swift */; };
		74188053213855F100523CA8 /* AsynchronousOperation.swift in Sources */ = {isa = PBXBuildFile; fileRef = 74188009213855F000523CA8 /* AsynchronousOperation.swift */; };
		74188054213855F100523CA8 /* GraphQLExecutor.swift in Sources */ = {isa = PBXBuildFile; fileRef = 7418800B213855F000523CA8 /* GraphQLExecutor.swift */; };
		74188055213855F100523CA8 /* JSONSerializationFormat.swift in Sources */ = {isa = PBXBuildFile; fileRef = 7418800C213855F000523CA8 /* JSONSerializationFormat.swift */; };
		74188056213855F100523CA8 /* ApolloStore.swift in Sources */ = {isa = PBXBuildFile; fileRef = 7418800D213855F000523CA8 /* ApolloStore.swift */; };
		74188057213855F100523CA8 /* GraphQLSelectionSetMapper.swift in Sources */ = {isa = PBXBuildFile; fileRef = 7418800E213855F000523CA8 /* GraphQLSelectionSetMapper.swift */; };
		74188058213855F100523CA8 /* GraphQLInputValue.swift in Sources */ = {isa = PBXBuildFile; fileRef = 7418800F213855F000523CA8 /* GraphQLInputValue.swift */; };
		74188059213855F100523CA8 /* HTTPNetworkTransport.swift in Sources */ = {isa = PBXBuildFile; fileRef = 74188010213855F000523CA8 /* HTTPNetworkTransport.swift */; };
		7418805A213855F100523CA8 /* Promise.swift in Sources */ = {isa = PBXBuildFile; fileRef = 74188011213855F000523CA8 /* Promise.swift */; };
		7418805B213855F100523CA8 /* Record.swift in Sources */ = {isa = PBXBuildFile; fileRef = 74188012213855F000523CA8 /* Record.swift */; };
		7418805C213855F100523CA8 /* AWSGraphQLSubscriptionResponse.swift in Sources */ = {isa = PBXBuildFile; fileRef = 74188013213855F000523CA8 /* AWSGraphQLSubscriptionResponse.swift */; };
		7418805D213855F100523CA8 /* InMemoryNormalizedCache.swift in Sources */ = {isa = PBXBuildFile; fileRef = 74188014213855F000523CA8 /* InMemoryNormalizedCache.swift */; };
		7418805E213855F100523CA8 /* DataLoader.swift in Sources */ = {isa = PBXBuildFile; fileRef = 74188015213855F000523CA8 /* DataLoader.swift */; };
		7418805F213855F100523CA8 /* GraphQLResultNormalizer.swift in Sources */ = {isa = PBXBuildFile; fileRef = 74188016213855F000523CA8 /* GraphQLResultNormalizer.swift */; };
		74188060213855F100523CA8 /* ResultOrPromise.swift in Sources */ = {isa = PBXBuildFile; fileRef = 74188017213855F000523CA8 /* ResultOrPromise.swift */; };
		74188061213855F100523CA8 /* ApolloClient.swift in Sources */ = {isa = PBXBuildFile; fileRef = 74188018213855F000523CA8 /* ApolloClient.swift */; };
		74188062213855F100523CA8 /* RecordSet.swift in Sources */ = {isa = PBXBuildFile; fileRef = 74188019213855F000523CA8 /* RecordSet.swift */; };
		74188063213855F100523CA8 /* Info.plist in Resources */ = {isa = PBXBuildFile; fileRef = 7418801A213855F000523CA8 /* Info.plist */; };
		74188064213855F100523CA8 /* NetworkTransport.swift in Sources */ = {isa = PBXBuildFile; fileRef = 7418801B213855F000523CA8 /* NetworkTransport.swift */; };
		74188065213855F100523CA8 /* Locking.swift in Sources */ = {isa = PBXBuildFile; fileRef = 7418801C213855F000523CA8 /* Locking.swift */; };
		74188066213855F100523CA8 /* GraphQLResult.swift in Sources */ = {isa = PBXBuildFile; fileRef = 7418801D213855F000523CA8 /* GraphQLResult.swift */; };
		74188067213855F100523CA8 /* AWSAppSyncClientConflictResolutionExtensions.swift in Sources */ = {isa = PBXBuildFile; fileRef = 7418801E213855F000523CA8 /* AWSAppSyncClientConflictResolutionExtensions.swift */; };
		74188068213855F100523CA8 /* AWSIoTCSR.m in Sources */ = {isa = PBXBuildFile; fileRef = 74188020213855F000523CA8 /* AWSIoTCSR.m */; };
		74188069213855F100523CA8 /* AWSIoTMQTTClient.m in Sources */ = {isa = PBXBuildFile; fileRef = 74188021213855F000523CA8 /* AWSIoTMQTTClient.m */; };
		7418806B213855F100523CA8 /* AWSSRWebSocket.m in Sources */ = {isa = PBXBuildFile; fileRef = 74188026213855F000523CA8 /* AWSSRWebSocket.m */; };
		7418806C213855F100523CA8 /* AWSIoTWebSocketOutputStream.m in Sources */ = {isa = PBXBuildFile; fileRef = 74188027213855F000523CA8 /* AWSIoTWebSocketOutputStream.m */; };
		7418806D213855F100523CA8 /* AWSMQTTSession.m in Sources */ = {isa = PBXBuildFile; fileRef = 7418802C213855F000523CA8 /* AWSMQTTSession.m */; };
		7418806E213855F100523CA8 /* AWSMQTTEncoder.m in Sources */ = {isa = PBXBuildFile; fileRef = 7418802D213855F000523CA8 /* AWSMQTTEncoder.m */; };
		7418806F213855F100523CA8 /* AWSMQttTxFlow.m in Sources */ = {isa = PBXBuildFile; fileRef = 74188032213855F000523CA8 /* AWSMQttTxFlow.m */; };
		74188070213855F100523CA8 /* AWSMQTTDecoder.m in Sources */ = {isa = PBXBuildFile; fileRef = 74188034213855F000523CA8 /* AWSMQTTDecoder.m */; };
		74188071213855F100523CA8 /* AWSMQTTMessage.m in Sources */ = {isa = PBXBuildFile; fileRef = 74188035213855F000523CA8 /* AWSMQTTMessage.m */; };
		74188072213855F100523CA8 /* AWSIoTKeychain.m in Sources */ = {isa = PBXBuildFile; fileRef = 74188036213855F000523CA8 /* AWSIoTKeychain.m */; };
		74188073213855F100523CA8 /* AWSAppSyncClientS3ObjectsExtensions.swift in Sources */ = {isa = PBXBuildFile; fileRef = 74188038213855F000523CA8 /* AWSAppSyncClientS3ObjectsExtensions.swift */; };
		74188074213855F100523CA8 /* Info.plist in Resources */ = {isa = PBXBuildFile; fileRef = 74188039213855F000523CA8 /* Info.plist */; };
		74188075213855F100523CA8 /* AWSNetworkTransport.swift in Sources */ = {isa = PBXBuildFile; fileRef = 7418803A213855F000523CA8 /* AWSNetworkTransport.swift */; };
		74188076213855F100523CA8 /* AWSSQLLiteNormalizedCache.swift in Sources */ = {isa = PBXBuildFile; fileRef = 7418803B213855F000523CA8 /* AWSSQLLiteNormalizedCache.swift */; };
		74188077213858AC00523CA8 /* AWSAppSyncSubscriptionWatcher.swift in Sources */ = {isa = PBXBuildFile; fileRef = 74187FED213855F000523CA8 /* AWSAppSyncSubscriptionWatcher.swift */; };
		74188078213858AC00523CA8 /* AWSAppSyncAuthProvider.swift in Sources */ = {isa = PBXBuildFile; fileRef = 74187FEE213855F000523CA8 /* AWSAppSyncAuthProvider.swift */; };
		74188079213858AC00523CA8 /* AWSS3ObjectProtocol.swift in Sources */ = {isa = PBXBuildFile; fileRef = 74187FEF213855F000523CA8 /* AWSS3ObjectProtocol.swift */; };
		7418807A213858AC00523CA8 /* AppSyncMQTTClient.swift in Sources */ = {isa = PBXBuildFile; fileRef = 74187FF0213855F000523CA8 /* AppSyncMQTTClient.swift */; };
		7418807B213858AF00523CA8 /* AppSyncLogWrapper.swift in Sources */ = {isa = PBXBuildFile; fileRef = 74187FF2213855F000523CA8 /* AppSyncLogWrapper.swift */; };
		7418807C213858B600523CA8 /* AppSyncLogHelper.m in Sources */ = {isa = PBXBuildFile; fileRef = 74187FF3213855F000523CA8 /* AppSyncLogHelper.m */; };
		7418807D213858BA00523CA8 /* AWSOfflineMutationStore.swift in Sources */ = {isa = PBXBuildFile; fileRef = 74187FF5213855F000523CA8 /* AWSOfflineMutationStore.swift */; };
		7418807E213858BA00523CA8 /* AWSAppSyncClient.swift in Sources */ = {isa = PBXBuildFile; fileRef = 74187FF6213855F000523CA8 /* AWSAppSyncClient.swift */; };
		7418807F213858BA00523CA8 /* AWSAppSyncHTTPNetworkTransport.swift in Sources */ = {isa = PBXBuildFile; fileRef = 74187FF7213855F000523CA8 /* AWSAppSyncHTTPNetworkTransport.swift */; };
		74188080213858BD00523CA8 /* AWSAppSyncClientConflictResolutionExtensions.swift in Sources */ = {isa = PBXBuildFile; fileRef = 7418801E213855F000523CA8 /* AWSAppSyncClientConflictResolutionExtensions.swift */; };
		74188081213858C000523CA8 /* AWSAppSyncClientS3ObjectsExtensions.swift in Sources */ = {isa = PBXBuildFile; fileRef = 74188038213855F000523CA8 /* AWSAppSyncClientS3ObjectsExtensions.swift */; };
		74188082213858C000523CA8 /* AWSNetworkTransport.swift in Sources */ = {isa = PBXBuildFile; fileRef = 7418803A213855F000523CA8 /* AWSNetworkTransport.swift */; };
		74188083213858C000523CA8 /* AWSSQLLiteNormalizedCache.swift in Sources */ = {isa = PBXBuildFile; fileRef = 7418803B213855F000523CA8 /* AWSSQLLiteNormalizedCache.swift */; };
		74188084213858CE00523CA8 /* AWSIoTCSR.m in Sources */ = {isa = PBXBuildFile; fileRef = 74188020213855F000523CA8 /* AWSIoTCSR.m */; };
		74188085213858CE00523CA8 /* AWSIoTMQTTClient.m in Sources */ = {isa = PBXBuildFile; fileRef = 74188021213855F000523CA8 /* AWSIoTMQTTClient.m */; };
		74188086213858CE00523CA8 /* AWSIoTWebSocketOutputStream.m in Sources */ = {isa = PBXBuildFile; fileRef = 74188027213855F000523CA8 /* AWSIoTWebSocketOutputStream.m */; };
		74188087213858CE00523CA8 /* AWSIoTKeychain.m in Sources */ = {isa = PBXBuildFile; fileRef = 74188036213855F000523CA8 /* AWSIoTKeychain.m */; };
		74188088213858D100523CA8 /* AWSSRWebSocket.m in Sources */ = {isa = PBXBuildFile; fileRef = 74188026213855F000523CA8 /* AWSSRWebSocket.m */; };
		74188089213858DB00523CA8 /* AWSMQTTSession.m in Sources */ = {isa = PBXBuildFile; fileRef = 7418802C213855F000523CA8 /* AWSMQTTSession.m */; };
		7418808A213858DB00523CA8 /* AWSMQTTEncoder.m in Sources */ = {isa = PBXBuildFile; fileRef = 7418802D213855F000523CA8 /* AWSMQTTEncoder.m */; };
		7418808B213858DB00523CA8 /* AWSMQttTxFlow.m in Sources */ = {isa = PBXBuildFile; fileRef = 74188032213855F000523CA8 /* AWSMQttTxFlow.m */; };
		7418808C213858DB00523CA8 /* AWSMQTTDecoder.m in Sources */ = {isa = PBXBuildFile; fileRef = 74188034213855F000523CA8 /* AWSMQTTDecoder.m */; };
		7418808D213858DB00523CA8 /* AWSMQTTMessage.m in Sources */ = {isa = PBXBuildFile; fileRef = 74188035213855F000523CA8 /* AWSMQTTMessage.m */; };
		7418808E2138590000523CA8 /* GraphQLResponse.swift in Sources */ = {isa = PBXBuildFile; fileRef = 74187FFB213855F000523CA8 /* GraphQLResponse.swift */; };
		7418808F2138590000523CA8 /* GraphQLOperation.swift in Sources */ = {isa = PBXBuildFile; fileRef = 74187FFC213855F000523CA8 /* GraphQLOperation.swift */; };
		741880902138590000523CA8 /* Utilities.swift in Sources */ = {isa = PBXBuildFile; fileRef = 74187FFD213855F000523CA8 /* Utilities.swift */; };
		741880912138590000523CA8 /* GraphQLDependencyTracker.swift in Sources */ = {isa = PBXBuildFile; fileRef = 74187FFE213855F000523CA8 /* GraphQLDependencyTracker.swift */; };
		741880922138590000523CA8 /* GraphQLResultAccumulator.swift in Sources */ = {isa = PBXBuildFile; fileRef = 74187FFF213855F000523CA8 /* GraphQLResultAccumulator.swift */; };
		741880932138590000523CA8 /* JSONStandardTypeConversions.swift in Sources */ = {isa = PBXBuildFile; fileRef = 74188000213855F000523CA8 /* JSONStandardTypeConversions.swift */; };
		741880942138590000523CA8 /* GraphQLResponseGenerator.swift in Sources */ = {isa = PBXBuildFile; fileRef = 74188001213855F000523CA8 /* GraphQLResponseGenerator.swift */; };
		741880952138590000523CA8 /* Collections.swift in Sources */ = {isa = PBXBuildFile; fileRef = 74188002213855F000523CA8 /* Collections.swift */; };
		741880962138590000523CA8 /* GraphQLQueryWatcher.swift in Sources */ = {isa = PBXBuildFile; fileRef = 74188003213855F000523CA8 /* GraphQLQueryWatcher.swift */; };
		741880972138590000523CA8 /* GraphQLError.swift in Sources */ = {isa = PBXBuildFile; fileRef = 74188004213855F000523CA8 /* GraphQLError.swift */; };
		741880982138590000523CA8 /* Result.swift in Sources */ = {isa = PBXBuildFile; fileRef = 74188005213855F000523CA8 /* Result.swift */; };
		741880992138590000523CA8 /* NormalizedCache.swift in Sources */ = {isa = PBXBuildFile; fileRef = 74188006213855F000523CA8 /* NormalizedCache.swift */; };
		7418809A2138590000523CA8 /* GraphQLSelectionSet.swift in Sources */ = {isa = PBXBuildFile; fileRef = 74188007213855F000523CA8 /* GraphQLSelectionSet.swift */; };
		7418809B2138590000523CA8 /* JSON.swift in Sources */ = {isa = PBXBuildFile; fileRef = 74188008213855F000523CA8 /* JSON.swift */; };
		7418809C2138590000523CA8 /* AsynchronousOperation.swift in Sources */ = {isa = PBXBuildFile; fileRef = 74188009213855F000523CA8 /* AsynchronousOperation.swift */; };
		7418809D2138590000523CA8 /* GraphQLExecutor.swift in Sources */ = {isa = PBXBuildFile; fileRef = 7418800B213855F000523CA8 /* GraphQLExecutor.swift */; };
		7418809E2138590000523CA8 /* JSONSerializationFormat.swift in Sources */ = {isa = PBXBuildFile; fileRef = 7418800C213855F000523CA8 /* JSONSerializationFormat.swift */; };
		7418809F2138590000523CA8 /* ApolloStore.swift in Sources */ = {isa = PBXBuildFile; fileRef = 7418800D213855F000523CA8 /* ApolloStore.swift */; };
		741880A02138590000523CA8 /* GraphQLSelectionSetMapper.swift in Sources */ = {isa = PBXBuildFile; fileRef = 7418800E213855F000523CA8 /* GraphQLSelectionSetMapper.swift */; };
		741880A12138590000523CA8 /* GraphQLInputValue.swift in Sources */ = {isa = PBXBuildFile; fileRef = 7418800F213855F000523CA8 /* GraphQLInputValue.swift */; };
		741880A22138590000523CA8 /* HTTPNetworkTransport.swift in Sources */ = {isa = PBXBuildFile; fileRef = 74188010213855F000523CA8 /* HTTPNetworkTransport.swift */; };
		741880A32138590000523CA8 /* Promise.swift in Sources */ = {isa = PBXBuildFile; fileRef = 74188011213855F000523CA8 /* Promise.swift */; };
		741880A42138590000523CA8 /* Record.swift in Sources */ = {isa = PBXBuildFile; fileRef = 74188012213855F000523CA8 /* Record.swift */; };
		741880A52138590000523CA8 /* AWSGraphQLSubscriptionResponse.swift in Sources */ = {isa = PBXBuildFile; fileRef = 74188013213855F000523CA8 /* AWSGraphQLSubscriptionResponse.swift */; };
		741880A62138590000523CA8 /* InMemoryNormalizedCache.swift in Sources */ = {isa = PBXBuildFile; fileRef = 74188014213855F000523CA8 /* InMemoryNormalizedCache.swift */; };
		741880A72138590000523CA8 /* DataLoader.swift in Sources */ = {isa = PBXBuildFile; fileRef = 74188015213855F000523CA8 /* DataLoader.swift */; };
		741880A82138590000523CA8 /* GraphQLResultNormalizer.swift in Sources */ = {isa = PBXBuildFile; fileRef = 74188016213855F000523CA8 /* GraphQLResultNormalizer.swift */; };
		741880A92138590000523CA8 /* ResultOrPromise.swift in Sources */ = {isa = PBXBuildFile; fileRef = 74188017213855F000523CA8 /* ResultOrPromise.swift */; };
		741880AA2138590000523CA8 /* ApolloClient.swift in Sources */ = {isa = PBXBuildFile; fileRef = 74188018213855F000523CA8 /* ApolloClient.swift */; };
		741880AB2138590000523CA8 /* RecordSet.swift in Sources */ = {isa = PBXBuildFile; fileRef = 74188019213855F000523CA8 /* RecordSet.swift */; };
		741880AC2138590000523CA8 /* NetworkTransport.swift in Sources */ = {isa = PBXBuildFile; fileRef = 7418801B213855F000523CA8 /* NetworkTransport.swift */; };
		741880AD2138590000523CA8 /* Locking.swift in Sources */ = {isa = PBXBuildFile; fileRef = 7418801C213855F000523CA8 /* Locking.swift */; };
		741880AE2138590000523CA8 /* GraphQLResult.swift in Sources */ = {isa = PBXBuildFile; fileRef = 7418801D213855F000523CA8 /* GraphQLResult.swift */; };
		741880B22138E80A00523CA8 /* AuthTests.swift in Sources */ = {isa = PBXBuildFile; fileRef = 741880B12138E80A00523CA8 /* AuthTests.swift */; };
		7449B1C6211B6B27009F2EB8 /* ObjcExceptionBridging.framework in Frameworks */ = {isa = PBXBuildFile; fileRef = 7449B1BD211B6B27009F2EB8 /* ObjcExceptionBridging.framework */; };
		7449B1C7211B6B27009F2EB8 /* FirebaseAnalytics.framework in Frameworks */ = {isa = PBXBuildFile; fileRef = 7449B1BE211B6B27009F2EB8 /* FirebaseAnalytics.framework */; };
		7449B1C9211B6B27009F2EB8 /* FirebaseAuth.framework in Frameworks */ = {isa = PBXBuildFile; fileRef = 7449B1C0211B6B27009F2EB8 /* FirebaseAuth.framework */; };
		7449B1CA211B6B27009F2EB8 /* FirebaseCore.framework in Frameworks */ = {isa = PBXBuildFile; fileRef = 7449B1C1211B6B27009F2EB8 /* FirebaseCore.framework */; };
		7449B1CD211B6BA8009F2EB8 /* XCGLogger.framework in Frameworks */ = {isa = PBXBuildFile; fileRef = 7449B1C2211B6B27009F2EB8 /* XCGLogger.framework */; };
		7449B1CE211B6BA8009F2EB8 /* XCGLogger.framework in Embed Frameworks */ = {isa = PBXBuildFile; fileRef = 7449B1C2211B6B27009F2EB8 /* XCGLogger.framework */; settings = {ATTRIBUTES = (CodeSignOnCopy, RemoveHeadersOnCopy, ); }; };
		7449B1D5211B6BE7009F2EB8 /* ObjcExceptionBridging.framework in Embed Frameworks */ = {isa = PBXBuildFile; fileRef = 7449B1BD211B6B27009F2EB8 /* ObjcExceptionBridging.framework */; settings = {ATTRIBUTES = (CodeSignOnCopy, RemoveHeadersOnCopy, ); }; };
		7449B1DA211B6C9F009F2EB8 /* nanopb.framework in Frameworks */ = {isa = PBXBuildFile; fileRef = 7449B1D6211B6C74009F2EB8 /* nanopb.framework */; };
		7449B1DF211B6CEB009F2EB8 /* GTMSessionFetcher.framework in Frameworks */ = {isa = PBXBuildFile; fileRef = 7449B1DD211B6CEB009F2EB8 /* GTMSessionFetcher.framework */; };
		7449B1E0211B6CEB009F2EB8 /* GoogleToolboxForMac.framework in Frameworks */ = {isa = PBXBuildFile; fileRef = 7449B1DE211B6CEB009F2EB8 /* GoogleToolboxForMac.framework */; };
		7449B1E2211B6D3B009F2EB8 /* Protobuf.framework in Frameworks */ = {isa = PBXBuildFile; fileRef = 7449B1E1211B6D3A009F2EB8 /* Protobuf.framework */; };
		7449B1E4211B6D51009F2EB8 /* FirebaseInstanceID.framework in Frameworks */ = {isa = PBXBuildFile; fileRef = 7449B1E3211B6D51009F2EB8 /* FirebaseInstanceID.framework */; };
		7449B1EF211B6E51009F2EB8 /* ConversationViewController.swift in Sources */ = {isa = PBXBuildFile; fileRef = 7449B1E6211B6E51009F2EB8 /* ConversationViewController.swift */; };
		7449B1F0211B6E51009F2EB8 /* DashboardViewController.swift in Sources */ = {isa = PBXBuildFile; fileRef = 7449B1E7211B6E51009F2EB8 /* DashboardViewController.swift */; };
		7449B1F2211B6E51009F2EB8 /* SettingsViewController.swift in Sources */ = {isa = PBXBuildFile; fileRef = 7449B1E9211B6E51009F2EB8 /* SettingsViewController.swift */; };
		7449B1F3211B6E51009F2EB8 /* ReadyViewController.swift in Sources */ = {isa = PBXBuildFile; fileRef = 7449B1EB211B6E51009F2EB8 /* ReadyViewController.swift */; };
		7449B1F4211B6E51009F2EB8 /* ValidateViewController.swift in Sources */ = {isa = PBXBuildFile; fileRef = 7449B1EC211B6E51009F2EB8 /* ValidateViewController.swift */; };
		7449B1F6211B6E51009F2EB8 /* RegisterViewController.swift in Sources */ = {isa = PBXBuildFile; fileRef = 7449B1EE211B6E51009F2EB8 /* RegisterViewController.swift */; };
		7449B1F9211B6F96009F2EB8 /* PhoneNumberUtil.swift in Sources */ = {isa = PBXBuildFile; fileRef = 7449B1F8211B6F96009F2EB8 /* PhoneNumberUtil.swift */; };
		74594A2E212879D5009208DC /* TestUtils.swift in Sources */ = {isa = PBXBuildFile; fileRef = 74594A2D212879D5009208DC /* TestUtils.swift */; };
		746AB91B211C6307006D73BD /* libPhoneNumberiOS.framework in Frameworks */ = {isa = PBXBuildFile; fileRef = 746AB918211C5F6C006D73BD /* libPhoneNumberiOS.framework */; };
		746AB91C211C6307006D73BD /* libPhoneNumberiOS.framework in Embed Frameworks */ = {isa = PBXBuildFile; fileRef = 746AB918211C5F6C006D73BD /* libPhoneNumberiOS.framework */; settings = {ATTRIBUTES = (CodeSignOnCopy, RemoveHeadersOnCopy, ); }; };
		746AB91E211C71D2006D73BD /* ComposeMessageViewController.swift in Sources */ = {isa = PBXBuildFile; fileRef = 746AB91D211C71D2006D73BD /* ComposeMessageViewController.swift */; };
		746AB920211D4589006D73BD /* API.swift in Sources */ = {isa = PBXBuildFile; fileRef = 746AB91F211D4589006D73BD /* API.swift */; };
		746AB92C211D5BDA006D73BD /* AppsyncTests.swift in Sources */ = {isa = PBXBuildFile; fileRef = 746AB92B211D5BDA006D73BD /* AppsyncTests.swift */; };
		746AB935211D6E16006D73BD /* AWSCore.framework in Frameworks */ = {isa = PBXBuildFile; fileRef = 746AB933211D6E15006D73BD /* AWSCore.framework */; };
		746AB936211D6E18006D73BD /* AWSCore.framework in Frameworks */ = {isa = PBXBuildFile; fileRef = 746AB933211D6E15006D73BD /* AWSCore.framework */; };
		746AB937211D6E18006D73BD /* AWSCore.framework in Embed Frameworks */ = {isa = PBXBuildFile; fileRef = 746AB933211D6E15006D73BD /* AWSCore.framework */; settings = {ATTRIBUTES = (CodeSignOnCopy, RemoveHeadersOnCopy, ); }; };
		746AB9FC211D768A006D73BD /* SQLite.framework in Frameworks */ = {isa = PBXBuildFile; fileRef = 746AB9FA211D7689006D73BD /* SQLite.framework */; };
		746AB9FD211D768A006D73BD /* SQLite.framework in Frameworks */ = {isa = PBXBuildFile; fileRef = 746AB9FA211D7689006D73BD /* SQLite.framework */; };
		746AB9FF211D768A006D73BD /* Reachability.framework in Frameworks */ = {isa = PBXBuildFile; fileRef = 746AB9FB211D7689006D73BD /* Reachability.framework */; };
		746ABA02211D76AD006D73BD /* Reachability.framework in Frameworks */ = {isa = PBXBuildFile; fileRef = 746AB9FB211D7689006D73BD /* Reachability.framework */; };
		746ABA03211D76AD006D73BD /* Reachability.framework in Embed Frameworks */ = {isa = PBXBuildFile; fileRef = 746AB9FB211D7689006D73BD /* Reachability.framework */; settings = {ATTRIBUTES = (CodeSignOnCopy, RemoveHeadersOnCopy, ); }; };
		746ABA05211D76B0006D73BD /* SQLite.framework in Embed Frameworks */ = {isa = PBXBuildFile; fileRef = 746AB9FA211D7689006D73BD /* SQLite.framework */; settings = {ATTRIBUTES = (CodeSignOnCopy, RemoveHeadersOnCopy, ); }; };
		747D3E3B212F890C0089703E /* FBLPromises.framework in Frameworks */ = {isa = PBXBuildFile; fileRef = 74E7FE96211DCE84004E8092 /* FBLPromises.framework */; };
		747D3E3C212F890C0089703E /* FBLPromises.framework in Embed Frameworks */ = {isa = PBXBuildFile; fileRef = 74E7FE96211DCE84004E8092 /* FBLPromises.framework */; settings = {ATTRIBUTES = (CodeSignOnCopy, RemoveHeadersOnCopy, ); }; };
		747D3E3E21303C730089703E /* MessageCell.swift in Sources */ = {isa = PBXBuildFile; fileRef = 747D3E3D21303C730089703E /* MessageCell.swift */; };
		747D3E452131D4A90089703E /* DependentFieldTextDelegate.swift in Sources */ = {isa = PBXBuildFile; fileRef = 747D3E442131D4A90089703E /* DependentFieldTextDelegate.swift */; };
		7480B39F211B481F00A147E5 /* GoogleService-Info.plist in Resources */ = {isa = PBXBuildFile; fileRef = 7480B39E211B481F00A147E5 /* GoogleService-Info.plist */; };
		74AA45002132DD59009C122B /* FirebaseMessaging.framework in Frameworks */ = {isa = PBXBuildFile; fileRef = 74AA44FF2132DD59009C122B /* FirebaseMessaging.framework */; };
		74AA45022132DD61009C122B /* FirebaseCrash.framework in Frameworks */ = {isa = PBXBuildFile; fileRef = 74AA45012132DD61009C122B /* FirebaseCrash.framework */; };
		74AA45042132DFA5009C122B /* GoogleUtilities.framework in Frameworks */ = {isa = PBXBuildFile; fileRef = 74AA45032132DFA5009C122B /* GoogleUtilities.framework */; };
		74AA45082132E01F009C122B /* GoogleAppMeasurement.framework in Frameworks */ = {isa = PBXBuildFile; fileRef = 74AA45072132E01F009C122B /* GoogleAppMeasurement.framework */; };
		74DB8B2A212DD433003EDCEC /* AuthManager.swift in Sources */ = {isa = PBXBuildFile; fileRef = 74DB8B29212DD433003EDCEC /* AuthManager.swift */; };
		74DB8B2C212DD4B9003EDCEC /* LambdaMessengerError.swift in Sources */ = {isa = PBXBuildFile; fileRef = 74DB8B2B212DD4B9003EDCEC /* LambdaMessengerError.swift */; };
		74DB8B2E212DD4D5003EDCEC /* AppSyncBridge.swift in Sources */ = {isa = PBXBuildFile; fileRef = 74DB8B2D212DD4D5003EDCEC /* AppSyncBridge.swift */; };
		74E7FE89211DC30E004E8092 /* Promises.framework in Frameworks */ = {isa = PBXBuildFile; fileRef = 74E7FE88211DC30E004E8092 /* Promises.framework */; };
		74E7FE8C211DC777004E8092 /* Promises.framework in Embed Frameworks */ = {isa = PBXBuildFile; fileRef = 74E7FE88211DC30E004E8092 /* Promises.framework */; settings = {ATTRIBUTES = (CodeSignOnCopy, RemoveHeadersOnCopy, ); }; };
		74E7FE92211DC7ED004E8092 /* Promises.framework in Frameworks */ = {isa = PBXBuildFile; fileRef = 74E7FE88211DC30E004E8092 /* Promises.framework */; };
		74E7FE94211DCA84004E8092 /* ApiManager.swift in Sources */ = {isa = PBXBuildFile; fileRef = 74E7FE93211DCA84004E8092 /* ApiManager.swift */; };
		74E7FE98211DCE84004E8092 /* FBLPromises.framework in Frameworks */ = {isa = PBXBuildFile; fileRef = 74E7FE96211DCE84004E8092 /* FBLPromises.framework */; };
/* End PBXBuildFile section */

/* Begin PBXContainerItemProxy section */
		7402C2C1211A850E00C3D536 /* PBXContainerItemProxy */ = {
			isa = PBXContainerItemProxy;
			containerPortal = 7402C2A4211A850B00C3D536 /* Project object */;
			proxyType = 1;
			remoteGlobalIDString = 7402C2AB211A850B00C3D536;
			remoteInfo = LambdaMessenger;
		};
/* End PBXContainerItemProxy section */

/* Begin PBXCopyFilesBuildPhase section */
		7449B1CF211B6BA8009F2EB8 /* Embed Frameworks */ = {
			isa = PBXCopyFilesBuildPhase;
			buildActionMask = 2147483647;
			dstPath = "";
			dstSubfolderSpec = 10;
			files = (
				746AB937211D6E18006D73BD /* AWSCore.framework in Embed Frameworks */,
				746AB91C211C6307006D73BD /* libPhoneNumberiOS.framework in Embed Frameworks */,
				74E7FE8C211DC777004E8092 /* Promises.framework in Embed Frameworks */,
				7449B1D5211B6BE7009F2EB8 /* ObjcExceptionBridging.framework in Embed Frameworks */,
				7449B1CE211B6BA8009F2EB8 /* XCGLogger.framework in Embed Frameworks */,
				747D3E3C212F890C0089703E /* FBLPromises.framework in Embed Frameworks */,
				746ABA05211D76B0006D73BD /* SQLite.framework in Embed Frameworks */,
				746ABA03211D76AD006D73BD /* Reachability.framework in Embed Frameworks */,
			);
			name = "Embed Frameworks";
			runOnlyForDeploymentPostprocessing = 0;
		};
/* End PBXCopyFilesBuildPhase section */

/* Begin PBXFileReference section */
		7402C2AC211A850B00C3D536 /* LambdaMessenger.app */ = {isa = PBXFileReference; explicitFileType = wrapper.application; includeInIndex = 0; path = LambdaMessenger.app; sourceTree = BUILT_PRODUCTS_DIR; };
		7402C2AF211A850B00C3D536 /* AppDelegate.swift */ = {isa = PBXFileReference; lastKnownFileType = sourcecode.swift; path = AppDelegate.swift; sourceTree = "<group>"; };
		7402C2B4211A850B00C3D536 /* Base */ = {isa = PBXFileReference; lastKnownFileType = file.storyboard; name = Base; path = Base.lproj/Main.storyboard; sourceTree = "<group>"; };
		7402C2B6211A850E00C3D536 /* Assets.xcassets */ = {isa = PBXFileReference; lastKnownFileType = folder.assetcatalog; path = Assets.xcassets; sourceTree = "<group>"; };
		7402C2B9211A850E00C3D536 /* Base */ = {isa = PBXFileReference; lastKnownFileType = file.storyboard; name = Base; path = Base.lproj/LaunchScreen.storyboard; sourceTree = "<group>"; };
		7402C2BB211A850E00C3D536 /* Info.plist */ = {isa = PBXFileReference; lastKnownFileType = text.plist.xml; path = Info.plist; sourceTree = "<group>"; };
		7402C2C0211A850E00C3D536 /* LambdaMessengerTests.xctest */ = {isa = PBXFileReference; explicitFileType = wrapper.cfbundle; includeInIndex = 0; path = LambdaMessengerTests.xctest; sourceTree = BUILT_PRODUCTS_DIR; };
		7402C2C4211A850E00C3D536 /* LambdaMessengerTests.swift */ = {isa = PBXFileReference; lastKnownFileType = sourcecode.swift; path = LambdaMessengerTests.swift; sourceTree = "<group>"; };
		7402C2C6211A850E00C3D536 /* Info.plist */ = {isa = PBXFileReference; lastKnownFileType = text.plist.xml; path = Info.plist; sourceTree = "<group>"; };
		74187FD62136DC1600523CA8 /* AppDelegate+Notifications.swift */ = {isa = PBXFileReference; lastKnownFileType = sourcecode.swift; path = "AppDelegate+Notifications.swift"; sourceTree = "<group>"; };
		74187FEC213855F000523CA8 /* AWSAppSync.h */ = {isa = PBXFileReference; fileEncoding = 4; lastKnownFileType = sourcecode.c.h; path = AWSAppSync.h; sourceTree = "<group>"; };
		74187FED213855F000523CA8 /* AWSAppSyncSubscriptionWatcher.swift */ = {isa = PBXFileReference; fileEncoding = 4; lastKnownFileType = sourcecode.swift; path = AWSAppSyncSubscriptionWatcher.swift; sourceTree = "<group>"; };
		74187FEE213855F000523CA8 /* AWSAppSyncAuthProvider.swift */ = {isa = PBXFileReference; fileEncoding = 4; lastKnownFileType = sourcecode.swift; path = AWSAppSyncAuthProvider.swift; sourceTree = "<group>"; };
		74187FEF213855F000523CA8 /* AWSS3ObjectProtocol.swift */ = {isa = PBXFileReference; fileEncoding = 4; lastKnownFileType = sourcecode.swift; path = AWSS3ObjectProtocol.swift; sourceTree = "<group>"; };
		74187FF0213855F000523CA8 /* AppSyncMQTTClient.swift */ = {isa = PBXFileReference; fileEncoding = 4; lastKnownFileType = sourcecode.swift; path = AppSyncMQTTClient.swift; sourceTree = "<group>"; };
		74187FF2213855F000523CA8 /* AppSyncLogWrapper.swift */ = {isa = PBXFileReference; fileEncoding = 4; lastKnownFileType = sourcecode.swift; path = AppSyncLogWrapper.swift; sourceTree = "<group>"; };
		74187FF3213855F000523CA8 /* AppSyncLogHelper.m */ = {isa = PBXFileReference; fileEncoding = 4; lastKnownFileType = sourcecode.c.objc; path = AppSyncLogHelper.m; sourceTree = "<group>"; };
		74187FF4213855F000523CA8 /* AppSyncLogHelper.h */ = {isa = PBXFileReference; fileEncoding = 4; lastKnownFileType = sourcecode.c.h; path = AppSyncLogHelper.h; sourceTree = "<group>"; };
		74187FF5213855F000523CA8 /* AWSOfflineMutationStore.swift */ = {isa = PBXFileReference; fileEncoding = 4; lastKnownFileType = sourcecode.swift; path = AWSOfflineMutationStore.swift; sourceTree = "<group>"; };
		74187FF6213855F000523CA8 /* AWSAppSyncClient.swift */ = {isa = PBXFileReference; fileEncoding = 4; lastKnownFileType = sourcecode.swift; path = AWSAppSyncClient.swift; sourceTree = "<group>"; };
		74187FF7213855F000523CA8 /* AWSAppSyncHTTPNetworkTransport.swift */ = {isa = PBXFileReference; fileEncoding = 4; lastKnownFileType = sourcecode.swift; path = AWSAppSyncHTTPNetworkTransport.swift; sourceTree = "<group>"; };
		74187FFB213855F000523CA8 /* GraphQLResponse.swift */ = {isa = PBXFileReference; fileEncoding = 4; lastKnownFileType = sourcecode.swift; path = GraphQLResponse.swift; sourceTree = "<group>"; };
		74187FFC213855F000523CA8 /* GraphQLOperation.swift */ = {isa = PBXFileReference; fileEncoding = 4; lastKnownFileType = sourcecode.swift; path = GraphQLOperation.swift; sourceTree = "<group>"; };
		74187FFD213855F000523CA8 /* Utilities.swift */ = {isa = PBXFileReference; fileEncoding = 4; lastKnownFileType = sourcecode.swift; path = Utilities.swift; sourceTree = "<group>"; };
		74187FFE213855F000523CA8 /* GraphQLDependencyTracker.swift */ = {isa = PBXFileReference; fileEncoding = 4; lastKnownFileType = sourcecode.swift; path = GraphQLDependencyTracker.swift; sourceTree = "<group>"; };
		74187FFF213855F000523CA8 /* GraphQLResultAccumulator.swift */ = {isa = PBXFileReference; fileEncoding = 4; lastKnownFileType = sourcecode.swift; path = GraphQLResultAccumulator.swift; sourceTree = "<group>"; };
		74188000213855F000523CA8 /* JSONStandardTypeConversions.swift */ = {isa = PBXFileReference; fileEncoding = 4; lastKnownFileType = sourcecode.swift; path = JSONStandardTypeConversions.swift; sourceTree = "<group>"; };
		74188001213855F000523CA8 /* GraphQLResponseGenerator.swift */ = {isa = PBXFileReference; fileEncoding = 4; lastKnownFileType = sourcecode.swift; path = GraphQLResponseGenerator.swift; sourceTree = "<group>"; };
		74188002213855F000523CA8 /* Collections.swift */ = {isa = PBXFileReference; fileEncoding = 4; lastKnownFileType = sourcecode.swift; path = Collections.swift; sourceTree = "<group>"; };
		74188003213855F000523CA8 /* GraphQLQueryWatcher.swift */ = {isa = PBXFileReference; fileEncoding = 4; lastKnownFileType = sourcecode.swift; path = GraphQLQueryWatcher.swift; sourceTree = "<group>"; };
		74188004213855F000523CA8 /* GraphQLError.swift */ = {isa = PBXFileReference; fileEncoding = 4; lastKnownFileType = sourcecode.swift; path = GraphQLError.swift; sourceTree = "<group>"; };
		74188005213855F000523CA8 /* Result.swift */ = {isa = PBXFileReference; fileEncoding = 4; lastKnownFileType = sourcecode.swift; path = Result.swift; sourceTree = "<group>"; };
		74188006213855F000523CA8 /* NormalizedCache.swift */ = {isa = PBXFileReference; fileEncoding = 4; lastKnownFileType = sourcecode.swift; path = NormalizedCache.swift; sourceTree = "<group>"; };
		74188007213855F000523CA8 /* GraphQLSelectionSet.swift */ = {isa = PBXFileReference; fileEncoding = 4; lastKnownFileType = sourcecode.swift; path = GraphQLSelectionSet.swift; sourceTree = "<group>"; };
		74188008213855F000523CA8 /* JSON.swift */ = {isa = PBXFileReference; fileEncoding = 4; lastKnownFileType = sourcecode.swift; path = JSON.swift; sourceTree = "<group>"; };
		74188009213855F000523CA8 /* AsynchronousOperation.swift */ = {isa = PBXFileReference; fileEncoding = 4; lastKnownFileType = sourcecode.swift; path = AsynchronousOperation.swift; sourceTree = "<group>"; };
		7418800A213855F000523CA8 /* Apollo.h */ = {isa = PBXFileReference; fileEncoding = 4; lastKnownFileType = sourcecode.c.h; path = Apollo.h; sourceTree = "<group>"; };
		7418800B213855F000523CA8 /* GraphQLExecutor.swift */ = {isa = PBXFileReference; fileEncoding = 4; lastKnownFileType = sourcecode.swift; path = GraphQLExecutor.swift; sourceTree = "<group>"; };
		7418800C213855F000523CA8 /* JSONSerializationFormat.swift */ = {isa = PBXFileReference; fileEncoding = 4; lastKnownFileType = sourcecode.swift; path = JSONSerializationFormat.swift; sourceTree = "<group>"; };
		7418800D213855F000523CA8 /* ApolloStore.swift */ = {isa = PBXFileReference; fileEncoding = 4; lastKnownFileType = sourcecode.swift; path = ApolloStore.swift; sourceTree = "<group>"; };
		7418800E213855F000523CA8 /* GraphQLSelectionSetMapper.swift */ = {isa = PBXFileReference; fileEncoding = 4; lastKnownFileType = sourcecode.swift; path = GraphQLSelectionSetMapper.swift; sourceTree = "<group>"; };
		7418800F213855F000523CA8 /* GraphQLInputValue.swift */ = {isa = PBXFileReference; fileEncoding = 4; lastKnownFileType = sourcecode.swift; path = GraphQLInputValue.swift; sourceTree = "<group>"; };
		74188010213855F000523CA8 /* HTTPNetworkTransport.swift */ = {isa = PBXFileReference; fileEncoding = 4; lastKnownFileType = sourcecode.swift; path = HTTPNetworkTransport.swift; sourceTree = "<group>"; };
		74188011213855F000523CA8 /* Promise.swift */ = {isa = PBXFileReference; fileEncoding = 4; lastKnownFileType = sourcecode.swift; path = Promise.swift; sourceTree = "<group>"; };
		74188012213855F000523CA8 /* Record.swift */ = {isa = PBXFileReference; fileEncoding = 4; lastKnownFileType = sourcecode.swift; path = Record.swift; sourceTree = "<group>"; };
		74188013213855F000523CA8 /* AWSGraphQLSubscriptionResponse.swift */ = {isa = PBXFileReference; fileEncoding = 4; lastKnownFileType = sourcecode.swift; path = AWSGraphQLSubscriptionResponse.swift; sourceTree = "<group>"; };
		74188014213855F000523CA8 /* InMemoryNormalizedCache.swift */ = {isa = PBXFileReference; fileEncoding = 4; lastKnownFileType = sourcecode.swift; path = InMemoryNormalizedCache.swift; sourceTree = "<group>"; };
		74188015213855F000523CA8 /* DataLoader.swift */ = {isa = PBXFileReference; fileEncoding = 4; lastKnownFileType = sourcecode.swift; path = DataLoader.swift; sourceTree = "<group>"; };
		74188016213855F000523CA8 /* GraphQLResultNormalizer.swift */ = {isa = PBXFileReference; fileEncoding = 4; lastKnownFileType = sourcecode.swift; path = GraphQLResultNormalizer.swift; sourceTree = "<group>"; };
		74188017213855F000523CA8 /* ResultOrPromise.swift */ = {isa = PBXFileReference; fileEncoding = 4; lastKnownFileType = sourcecode.swift; path = ResultOrPromise.swift; sourceTree = "<group>"; };
		74188018213855F000523CA8 /* ApolloClient.swift */ = {isa = PBXFileReference; fileEncoding = 4; lastKnownFileType = sourcecode.swift; path = ApolloClient.swift; sourceTree = "<group>"; };
		74188019213855F000523CA8 /* RecordSet.swift */ = {isa = PBXFileReference; fileEncoding = 4; lastKnownFileType = sourcecode.swift; path = RecordSet.swift; sourceTree = "<group>"; };
		7418801A213855F000523CA8 /* Info.plist */ = {isa = PBXFileReference; fileEncoding = 4; lastKnownFileType = text.plist.xml; path = Info.plist; sourceTree = "<group>"; };
		7418801B213855F000523CA8 /* NetworkTransport.swift */ = {isa = PBXFileReference; fileEncoding = 4; lastKnownFileType = sourcecode.swift; path = NetworkTransport.swift; sourceTree = "<group>"; };
		7418801C213855F000523CA8 /* Locking.swift */ = {isa = PBXFileReference; fileEncoding = 4; lastKnownFileType = sourcecode.swift; path = Locking.swift; sourceTree = "<group>"; };
		7418801D213855F000523CA8 /* GraphQLResult.swift */ = {isa = PBXFileReference; fileEncoding = 4; lastKnownFileType = sourcecode.swift; path = GraphQLResult.swift; sourceTree = "<group>"; };
		7418801E213855F000523CA8 /* AWSAppSyncClientConflictResolutionExtensions.swift */ = {isa = PBXFileReference; fileEncoding = 4; lastKnownFileType = sourcecode.swift; path = AWSAppSyncClientConflictResolutionExtensions.swift; sourceTree = "<group>"; };
		74188020213855F000523CA8 /* AWSIoTCSR.m */ = {isa = PBXFileReference; fileEncoding = 4; lastKnownFileType = sourcecode.c.objc; path = AWSIoTCSR.m; sourceTree = "<group>"; };
		74188021213855F000523CA8 /* AWSIoTMQTTClient.m */ = {isa = PBXFileReference; fileEncoding = 4; lastKnownFileType = sourcecode.c.objc; path = AWSIoTMQTTClient.m; sourceTree = "<group>"; };
		74188022213855F000523CA8 /* AWSIoTKeychain.h */ = {isa = PBXFileReference; fileEncoding = 4; lastKnownFileType = sourcecode.c.h; path = AWSIoTKeychain.h; sourceTree = "<group>"; };
		74188024213855F000523CA8 /* AWSSRWebSocket.h */ = {isa = PBXFileReference; fileEncoding = 4; lastKnownFileType = sourcecode.c.h; path = AWSSRWebSocket.h; sourceTree = "<group>"; };
		74188025213855F000523CA8 /* LICENSE */ = {isa = PBXFileReference; fileEncoding = 4; lastKnownFileType = text; path = LICENSE; sourceTree = "<group>"; };
		74188026213855F000523CA8 /* AWSSRWebSocket.m */ = {isa = PBXFileReference; fileEncoding = 4; lastKnownFileType = sourcecode.c.objc; path = AWSSRWebSocket.m; sourceTree = "<group>"; };
		74188027213855F000523CA8 /* AWSIoTWebSocketOutputStream.m */ = {isa = PBXFileReference; fileEncoding = 4; lastKnownFileType = sourcecode.c.objc; path = AWSIoTWebSocketOutputStream.m; sourceTree = "<group>"; };
		74188028213855F000523CA8 /* AWSIoTMQTTClient.h */ = {isa = PBXFileReference; fileEncoding = 4; lastKnownFileType = sourcecode.c.h; path = AWSIoTMQTTClient.h; sourceTree = "<group>"; };
		74188029213855F000523CA8 /* AWSIoTCSR.h */ = {isa = PBXFileReference; fileEncoding = 4; lastKnownFileType = sourcecode.c.h; path = AWSIoTCSR.h; sourceTree = "<group>"; };
		7418802A213855F000523CA8 /* AWSIoTMQTTTypes.h */ = {isa = PBXFileReference; fileEncoding = 4; lastKnownFileType = sourcecode.c.h; path = AWSIoTMQTTTypes.h; sourceTree = "<group>"; };
		7418802C213855F000523CA8 /* AWSMQTTSession.m */ = {isa = PBXFileReference; fileEncoding = 4; lastKnownFileType = sourcecode.c.objc; path = AWSMQTTSession.m; sourceTree = "<group>"; };
		7418802D213855F000523CA8 /* AWSMQTTEncoder.m */ = {isa = PBXFileReference; fileEncoding = 4; lastKnownFileType = sourcecode.c.objc; path = AWSMQTTEncoder.m; sourceTree = "<group>"; };
		7418802E213855F000523CA8 /* AWSMQttTxFlow.h */ = {isa = PBXFileReference; fileEncoding = 4; lastKnownFileType = sourcecode.c.h; path = AWSMQttTxFlow.h; sourceTree = "<group>"; };
		7418802F213855F000523CA8 /* AWSMQTTDecoder.h */ = {isa = PBXFileReference; fileEncoding = 4; lastKnownFileType = sourcecode.c.h; path = AWSMQTTDecoder.h; sourceTree = "<group>"; };
		74188030213855F000523CA8 /* AWSMQTTMessage.h */ = {isa = PBXFileReference; fileEncoding = 4; lastKnownFileType = sourcecode.c.h; path = AWSMQTTMessage.h; sourceTree = "<group>"; };
		74188031213855F000523CA8 /* AWSMQTTSession.h */ = {isa = PBXFileReference; fileEncoding = 4; lastKnownFileType = sourcecode.c.h; path = AWSMQTTSession.h; sourceTree = "<group>"; };
		74188032213855F000523CA8 /* AWSMQttTxFlow.m */ = {isa = PBXFileReference; fileEncoding = 4; lastKnownFileType = sourcecode.c.objc; path = AWSMQttTxFlow.m; sourceTree = "<group>"; };
		74188033213855F000523CA8 /* AWSMQTTEncoder.h */ = {isa = PBXFileReference; fileEncoding = 4; lastKnownFileType = sourcecode.c.h; path = AWSMQTTEncoder.h; sourceTree = "<group>"; };
		74188034213855F000523CA8 /* AWSMQTTDecoder.m */ = {isa = PBXFileReference; fileEncoding = 4; lastKnownFileType = sourcecode.c.objc; path = AWSMQTTDecoder.m; sourceTree = "<group>"; };
		74188035213855F000523CA8 /* AWSMQTTMessage.m */ = {isa = PBXFileReference; fileEncoding = 4; lastKnownFileType = sourcecode.c.objc; path = AWSMQTTMessage.m; sourceTree = "<group>"; };
		74188036213855F000523CA8 /* AWSIoTKeychain.m */ = {isa = PBXFileReference; fileEncoding = 4; lastKnownFileType = sourcecode.c.objc; path = AWSIoTKeychain.m; sourceTree = "<group>"; };
		74188037213855F000523CA8 /* AWSIoTWebSocketOutputStream.h */ = {isa = PBXFileReference; fileEncoding = 4; lastKnownFileType = sourcecode.c.h; path = AWSIoTWebSocketOutputStream.h; sourceTree = "<group>"; };
		74188038213855F000523CA8 /* AWSAppSyncClientS3ObjectsExtensions.swift */ = {isa = PBXFileReference; fileEncoding = 4; lastKnownFileType = sourcecode.swift; path = AWSAppSyncClientS3ObjectsExtensions.swift; sourceTree = "<group>"; };
		74188039213855F000523CA8 /* Info.plist */ = {isa = PBXFileReference; fileEncoding = 4; lastKnownFileType = text.plist.xml; path = Info.plist; sourceTree = "<group>"; };
		7418803A213855F000523CA8 /* AWSNetworkTransport.swift */ = {isa = PBXFileReference; fileEncoding = 4; lastKnownFileType = sourcecode.swift; path = AWSNetworkTransport.swift; sourceTree = "<group>"; };
		7418803B213855F000523CA8 /* AWSSQLLiteNormalizedCache.swift */ = {isa = PBXFileReference; fileEncoding = 4; lastKnownFileType = sourcecode.swift; path = AWSSQLLiteNormalizedCache.swift; sourceTree = "<group>"; };
		741880B12138E80A00523CA8 /* AuthTests.swift */ = {isa = PBXFileReference; lastKnownFileType = sourcecode.swift; path = AuthTests.swift; sourceTree = "<group>"; };
		7449B1BC211B6B27009F2EB8 /* Firebase.framework */ = {isa = PBXFileReference; lastKnownFileType = wrapper.framework; name = Firebase.framework; path = Carthage/Build/iOS/Firebase.framework; sourceTree = SOURCE_ROOT; };
		7449B1BD211B6B27009F2EB8 /* ObjcExceptionBridging.framework */ = {isa = PBXFileReference; lastKnownFileType = wrapper.framework; name = ObjcExceptionBridging.framework; path = Carthage/Build/iOS/ObjcExceptionBridging.framework; sourceTree = SOURCE_ROOT; };
		7449B1BE211B6B27009F2EB8 /* FirebaseAnalytics.framework */ = {isa = PBXFileReference; lastKnownFileType = wrapper.framework; name = FirebaseAnalytics.framework; path = Carthage/Build/iOS/FirebaseAnalytics.framework; sourceTree = SOURCE_ROOT; };
		7449B1C0211B6B27009F2EB8 /* FirebaseAuth.framework */ = {isa = PBXFileReference; lastKnownFileType = wrapper.framework; name = FirebaseAuth.framework; path = Carthage/Build/iOS/FirebaseAuth.framework; sourceTree = SOURCE_ROOT; };
		7449B1C1211B6B27009F2EB8 /* FirebaseCore.framework */ = {isa = PBXFileReference; lastKnownFileType = wrapper.framework; name = FirebaseCore.framework; path = Carthage/Build/iOS/FirebaseCore.framework; sourceTree = SOURCE_ROOT; };
		7449B1C2211B6B27009F2EB8 /* XCGLogger.framework */ = {isa = PBXFileReference; lastKnownFileType = wrapper.framework; name = XCGLogger.framework; path = Carthage/Build/iOS/XCGLogger.framework; sourceTree = SOURCE_ROOT; };
		7449B1D6211B6C74009F2EB8 /* nanopb.framework */ = {isa = PBXFileReference; lastKnownFileType = wrapper.framework; name = nanopb.framework; path = Carthage/Build/iOS/nanopb.framework; sourceTree = SOURCE_ROOT; };
		7449B1DD211B6CEB009F2EB8 /* GTMSessionFetcher.framework */ = {isa = PBXFileReference; lastKnownFileType = wrapper.framework; name = GTMSessionFetcher.framework; path = Carthage/Build/iOS/GTMSessionFetcher.framework; sourceTree = SOURCE_ROOT; };
		7449B1DE211B6CEB009F2EB8 /* GoogleToolboxForMac.framework */ = {isa = PBXFileReference; lastKnownFileType = wrapper.framework; name = GoogleToolboxForMac.framework; path = Carthage/Build/iOS/GoogleToolboxForMac.framework; sourceTree = SOURCE_ROOT; };
		7449B1E1211B6D3A009F2EB8 /* Protobuf.framework */ = {isa = PBXFileReference; lastKnownFileType = wrapper.framework; name = Protobuf.framework; path = Carthage/Build/iOS/Protobuf.framework; sourceTree = SOURCE_ROOT; };
		7449B1E3211B6D51009F2EB8 /* FirebaseInstanceID.framework */ = {isa = PBXFileReference; lastKnownFileType = wrapper.framework; name = FirebaseInstanceID.framework; path = Carthage/Build/iOS/FirebaseInstanceID.framework; sourceTree = SOURCE_ROOT; };
		7449B1E6211B6E51009F2EB8 /* ConversationViewController.swift */ = {isa = PBXFileReference; fileEncoding = 4; lastKnownFileType = sourcecode.swift; path = ConversationViewController.swift; sourceTree = "<group>"; };
		7449B1E7211B6E51009F2EB8 /* DashboardViewController.swift */ = {isa = PBXFileReference; fileEncoding = 4; lastKnownFileType = sourcecode.swift; path = DashboardViewController.swift; sourceTree = "<group>"; };
		7449B1E9211B6E51009F2EB8 /* SettingsViewController.swift */ = {isa = PBXFileReference; fileEncoding = 4; lastKnownFileType = sourcecode.swift; path = SettingsViewController.swift; sourceTree = "<group>"; };
		7449B1EB211B6E51009F2EB8 /* ReadyViewController.swift */ = {isa = PBXFileReference; fileEncoding = 4; lastKnownFileType = sourcecode.swift; path = ReadyViewController.swift; sourceTree = "<group>"; };
		7449B1EC211B6E51009F2EB8 /* ValidateViewController.swift */ = {isa = PBXFileReference; fileEncoding = 4; lastKnownFileType = sourcecode.swift; path = ValidateViewController.swift; sourceTree = "<group>"; };
		7449B1EE211B6E51009F2EB8 /* RegisterViewController.swift */ = {isa = PBXFileReference; fileEncoding = 4; lastKnownFileType = sourcecode.swift; path = RegisterViewController.swift; sourceTree = "<group>"; };
		7449B1F8211B6F96009F2EB8 /* PhoneNumberUtil.swift */ = {isa = PBXFileReference; lastKnownFileType = sourcecode.swift; path = PhoneNumberUtil.swift; sourceTree = "<group>"; };
		74594A2D212879D5009208DC /* TestUtils.swift */ = {isa = PBXFileReference; lastKnownFileType = sourcecode.swift; path = TestUtils.swift; sourceTree = "<group>"; };
		746AB917211B9FDE006D73BD /* LambdaMessenger.entitlements */ = {isa = PBXFileReference; lastKnownFileType = text.plist.entitlements; path = LambdaMessenger.entitlements; sourceTree = "<group>"; };
		746AB918211C5F6C006D73BD /* libPhoneNumberiOS.framework */ = {isa = PBXFileReference; lastKnownFileType = wrapper.framework; name = libPhoneNumberiOS.framework; path = Carthage/Build/iOS/libPhoneNumberiOS.framework; sourceTree = SOURCE_ROOT; };
		746AB91D211C71D2006D73BD /* ComposeMessageViewController.swift */ = {isa = PBXFileReference; lastKnownFileType = sourcecode.swift; path = ComposeMessageViewController.swift; sourceTree = "<group>"; };
		746AB91F211D4589006D73BD /* API.swift */ = {isa = PBXFileReference; fileEncoding = 4; lastKnownFileType = sourcecode.swift; path = API.swift; sourceTree = "<group>"; };
		746AB92B211D5BDA006D73BD /* AppsyncTests.swift */ = {isa = PBXFileReference; lastKnownFileType = sourcecode.swift; path = AppsyncTests.swift; sourceTree = "<group>"; };
		746AB933211D6E15006D73BD /* AWSCore.framework */ = {isa = PBXFileReference; lastKnownFileType = wrapper.framework; name = AWSCore.framework; path = Carthage/Build/iOS/AWSCore.framework; sourceTree = SOURCE_ROOT; };
		746AB9FA211D7689006D73BD /* SQLite.framework */ = {isa = PBXFileReference; lastKnownFileType = wrapper.framework; name = SQLite.framework; path = Carthage/Build/iOS/SQLite.framework; sourceTree = SOURCE_ROOT; };
		746AB9FB211D7689006D73BD /* Reachability.framework */ = {isa = PBXFileReference; lastKnownFileType = wrapper.framework; name = Reachability.framework; path = Carthage/Build/iOS/Reachability.framework; sourceTree = SOURCE_ROOT; };
		747D3E3D21303C730089703E /* MessageCell.swift */ = {isa = PBXFileReference; lastKnownFileType = sourcecode.swift; path = MessageCell.swift; sourceTree = "<group>"; };
		747D3E43213177340089703E /* LambdaMessengerTests-Bridging-Header.h */ = {isa = PBXFileReference; lastKnownFileType = sourcecode.c.h; path = "LambdaMessengerTests-Bridging-Header.h"; sourceTree = "<group>"; };
		747D3E442131D4A90089703E /* DependentFieldTextDelegate.swift */ = {isa = PBXFileReference; lastKnownFileType = sourcecode.swift; path = DependentFieldTextDelegate.swift; sourceTree = "<group>"; };
		7480B39B211B44DD00A147E5 /* LambdaMessenger-Bridging-Header.h */ = {isa = PBXFileReference; lastKnownFileType = sourcecode.c.h; path = "LambdaMessenger-Bridging-Header.h"; sourceTree = "<group>"; };
		7480B39E211B481F00A147E5 /* GoogleService-Info.plist */ = {isa = PBXFileReference; fileEncoding = 4; lastKnownFileType = text.plist.xml; path = "GoogleService-Info.plist"; sourceTree = SOURCE_ROOT; };
		74AA44FF2132DD59009C122B /* FirebaseMessaging.framework */ = {isa = PBXFileReference; lastKnownFileType = wrapper.framework; name = FirebaseMessaging.framework; path = Carthage/Build/iOS/FirebaseMessaging.framework; sourceTree = SOURCE_ROOT; };
		74AA45012132DD61009C122B /* FirebaseCrash.framework */ = {isa = PBXFileReference; lastKnownFileType = wrapper.framework; name = FirebaseCrash.framework; path = Carthage/Build/iOS/FirebaseCrash.framework; sourceTree = SOURCE_ROOT; };
		74AA45032132DFA5009C122B /* GoogleUtilities.framework */ = {isa = PBXFileReference; lastKnownFileType = wrapper.framework; name = GoogleUtilities.framework; path = Carthage/Build/iOS/GoogleUtilities.framework; sourceTree = SOURCE_ROOT; };
		74AA45072132E01F009C122B /* GoogleAppMeasurement.framework */ = {isa = PBXFileReference; lastKnownFileType = wrapper.framework; name = GoogleAppMeasurement.framework; path = Carthage/Build/iOS/GoogleAppMeasurement.framework; sourceTree = SOURCE_ROOT; };
		74DB8B29212DD433003EDCEC /* AuthManager.swift */ = {isa = PBXFileReference; lastKnownFileType = sourcecode.swift; path = AuthManager.swift; sourceTree = "<group>"; };
		74DB8B2B212DD4B9003EDCEC /* LambdaMessengerError.swift */ = {isa = PBXFileReference; lastKnownFileType = sourcecode.swift; path = LambdaMessengerError.swift; sourceTree = "<group>"; };
		74DB8B2D212DD4D5003EDCEC /* AppSyncBridge.swift */ = {isa = PBXFileReference; lastKnownFileType = sourcecode.swift; path = AppSyncBridge.swift; sourceTree = "<group>"; };
		74E7FE88211DC30E004E8092 /* Promises.framework */ = {isa = PBXFileReference; lastKnownFileType = wrapper.framework; name = Promises.framework; path = Carthage/Build/iOS/Promises.framework; sourceTree = SOURCE_ROOT; };
		74E7FE93211DCA84004E8092 /* ApiManager.swift */ = {isa = PBXFileReference; lastKnownFileType = sourcecode.swift; path = ApiManager.swift; sourceTree = "<group>"; };
		74E7FE96211DCE84004E8092 /* FBLPromises.framework */ = {isa = PBXFileReference; lastKnownFileType = wrapper.framework; name = FBLPromises.framework; path = Carthage/Build/iOS/FBLPromises.framework; sourceTree = SOURCE_ROOT; };
/* End PBXFileReference section */

/* Begin PBXFrameworksBuildPhase section */
		7402C2A9211A850B00C3D536 /* Frameworks */ = {
			isa = PBXFrameworksBuildPhase;
			buildActionMask = 2147483647;
			files = (
				74E7FE89211DC30E004E8092 /* Promises.framework in Frameworks */,
				746AB936211D6E18006D73BD /* AWSCore.framework in Frameworks */,
				74AA45082132E01F009C122B /* GoogleAppMeasurement.framework in Frameworks */,
				7449B1E0211B6CEB009F2EB8 /* GoogleToolboxForMac.framework in Frameworks */,
				7449B1DA211B6C9F009F2EB8 /* nanopb.framework in Frameworks */,
				7449B1C7211B6B27009F2EB8 /* FirebaseAnalytics.framework in Frameworks */,
				74AA45042132DFA5009C122B /* GoogleUtilities.framework in Frameworks */,
				7449B1DF211B6CEB009F2EB8 /* GTMSessionFetcher.framework in Frameworks */,
				746AB9FC211D768A006D73BD /* SQLite.framework in Frameworks */,
				7449B1E4211B6D51009F2EB8 /* FirebaseInstanceID.framework in Frameworks */,
				74AA45022132DD61009C122B /* FirebaseCrash.framework in Frameworks */,
				7449B1C9211B6B27009F2EB8 /* FirebaseAuth.framework in Frameworks */,
				7449B1CD211B6BA8009F2EB8 /* XCGLogger.framework in Frameworks */,
				746ABA02211D76AD006D73BD /* Reachability.framework in Frameworks */,
				7449B1E2211B6D3B009F2EB8 /* Protobuf.framework in Frameworks */,
				7449B1CA211B6B27009F2EB8 /* FirebaseCore.framework in Frameworks */,
				74AA45002132DD59009C122B /* FirebaseMessaging.framework in Frameworks */,
				747D3E3B212F890C0089703E /* FBLPromises.framework in Frameworks */,
				746AB91B211C6307006D73BD /* libPhoneNumberiOS.framework in Frameworks */,
				7449B1C6211B6B27009F2EB8 /* ObjcExceptionBridging.framework in Frameworks */,
			);
			runOnlyForDeploymentPostprocessing = 0;
		};
		7402C2BD211A850E00C3D536 /* Frameworks */ = {
			isa = PBXFrameworksBuildPhase;
			buildActionMask = 2147483647;
			files = (
				74E7FE92211DC7ED004E8092 /* Promises.framework in Frameworks */,
				746AB9FF211D768A006D73BD /* Reachability.framework in Frameworks */,
				746AB9FD211D768A006D73BD /* SQLite.framework in Frameworks */,
				74E7FE98211DCE84004E8092 /* FBLPromises.framework in Frameworks */,
				746AB935211D6E16006D73BD /* AWSCore.framework in Frameworks */,
			);
			runOnlyForDeploymentPostprocessing = 0;
		};
/* End PBXFrameworksBuildPhase section */

/* Begin PBXGroup section */
		7402C2A3211A850B00C3D536 = {
			isa = PBXGroup;
			children = (
				7402C2AE211A850B00C3D536 /* LambdaMessenger */,
				7402C2C3211A850E00C3D536 /* LambdaMessengerTests */,
				7402C2AD211A850B00C3D536 /* Products */,
				748297E2212F706600CFA57D /* Frameworks */,
			);
			sourceTree = "<group>";
		};
		7402C2AD211A850B00C3D536 /* Products */ = {
			isa = PBXGroup;
			children = (
				7402C2AC211A850B00C3D536 /* LambdaMessenger.app */,
				7402C2C0211A850E00C3D536 /* LambdaMessengerTests.xctest */,
			);
			name = Products;
			sourceTree = "<group>";
		};
		7402C2AE211A850B00C3D536 /* LambdaMessenger */ = {
			isa = PBXGroup;
			children = (
				74187FEB213855F000523CA8 /* AWSAppSyncClient */,
				746AB91F211D4589006D73BD /* API.swift */,
				746AB917211B9FDE006D73BD /* LambdaMessenger.entitlements */,
				7449B1F7211B6F84009F2EB8 /* Utils */,
				7449B1E5211B6E51009F2EB8 /* Chat */,
				7449B1EA211B6E51009F2EB8 /* Signup */,
				7402C2F8211AAD2000C3D536 /* Frameworks */,
				7402C2AF211A850B00C3D536 /* AppDelegate.swift */,
				74187FD62136DC1600523CA8 /* AppDelegate+Notifications.swift */,
				7402C2B3211A850B00C3D536 /* Main.storyboard */,
				7402C2B6211A850E00C3D536 /* Assets.xcassets */,
				7402C2B8211A850E00C3D536 /* LaunchScreen.storyboard */,
				7402C2BB211A850E00C3D536 /* Info.plist */,
				7480B39B211B44DD00A147E5 /* LambdaMessenger-Bridging-Header.h */,
				7480B39E211B481F00A147E5 /* GoogleService-Info.plist */,
			);
			path = LambdaMessenger;
			sourceTree = "<group>";
		};
		7402C2C3211A850E00C3D536 /* LambdaMessengerTests */ = {
			isa = PBXGroup;
			children = (
				746AB92B211D5BDA006D73BD /* AppsyncTests.swift */,
				7402C2C4211A850E00C3D536 /* LambdaMessengerTests.swift */,
				74594A2D212879D5009208DC /* TestUtils.swift */,
				7402C2C6211A850E00C3D536 /* Info.plist */,
				747D3E43213177340089703E /* LambdaMessengerTests-Bridging-Header.h */,
				741880B12138E80A00523CA8 /* AuthTests.swift */,
			);
			path = LambdaMessengerTests;
			sourceTree = "<group>";
		};
		7402C2F8211AAD2000C3D536 /* Frameworks */ = {
			isa = PBXGroup;
			children = (
				74AA45072132E01F009C122B /* GoogleAppMeasurement.framework */,
				74AA45032132DFA5009C122B /* GoogleUtilities.framework */,
				74AA45012132DD61009C122B /* FirebaseCrash.framework */,
				74AA44FF2132DD59009C122B /* FirebaseMessaging.framework */,
				74E7FE96211DCE84004E8092 /* FBLPromises.framework */,
				74E7FE88211DC30E004E8092 /* Promises.framework */,
				746AB9FB211D7689006D73BD /* Reachability.framework */,
				746AB9FA211D7689006D73BD /* SQLite.framework */,
				746AB933211D6E15006D73BD /* AWSCore.framework */,
				746AB918211C5F6C006D73BD /* libPhoneNumberiOS.framework */,
				7449B1E3211B6D51009F2EB8 /* FirebaseInstanceID.framework */,
				7449B1E1211B6D3A009F2EB8 /* Protobuf.framework */,
				7449B1DE211B6CEB009F2EB8 /* GoogleToolboxForMac.framework */,
				7449B1DD211B6CEB009F2EB8 /* GTMSessionFetcher.framework */,
				7449B1D6211B6C74009F2EB8 /* nanopb.framework */,
				7449B1BC211B6B27009F2EB8 /* Firebase.framework */,
				7449B1BE211B6B27009F2EB8 /* FirebaseAnalytics.framework */,
				7449B1C0211B6B27009F2EB8 /* FirebaseAuth.framework */,
				7449B1C1211B6B27009F2EB8 /* FirebaseCore.framework */,
				7449B1BD211B6B27009F2EB8 /* ObjcExceptionBridging.framework */,
				7449B1C2211B6B27009F2EB8 /* XCGLogger.framework */,
			);
			path = Frameworks;
			sourceTree = "<group>";
		};
		74187FEB213855F000523CA8 /* AWSAppSyncClient */ = {
			isa = PBXGroup;
			children = (
				74187FEC213855F000523CA8 /* AWSAppSync.h */,
				74187FED213855F000523CA8 /* AWSAppSyncSubscriptionWatcher.swift */,
				74187FEE213855F000523CA8 /* AWSAppSyncAuthProvider.swift */,
				74187FEF213855F000523CA8 /* AWSS3ObjectProtocol.swift */,
				74187FF0213855F000523CA8 /* AppSyncMQTTClient.swift */,
				74187FF1213855F000523CA8 /* Internal */,
				74187FF5213855F000523CA8 /* AWSOfflineMutationStore.swift */,
				74187FF6213855F000523CA8 /* AWSAppSyncClient.swift */,
				74187FF7213855F000523CA8 /* AWSAppSyncHTTPNetworkTransport.swift */,
				74187FF8213855F000523CA8 /* Apollo */,
				7418801E213855F000523CA8 /* AWSAppSyncClientConflictResolutionExtensions.swift */,
				7418801F213855F000523CA8 /* MQTTSDK */,
				74188038213855F000523CA8 /* AWSAppSyncClientS3ObjectsExtensions.swift */,
				74188039213855F000523CA8 /* Info.plist */,
				7418803A213855F000523CA8 /* AWSNetworkTransport.swift */,
				7418803B213855F000523CA8 /* AWSSQLLiteNormalizedCache.swift */,
			);
			name = AWSAppSyncClient;
			path = "Frameworks/aws-mobile-appsync-sdk-ios/AWSAppSyncClient";
			sourceTree = "<group>";
		};
		74187FF1213855F000523CA8 /* Internal */ = {
			isa = PBXGroup;
			children = (
				74187FF2213855F000523CA8 /* AppSyncLogWrapper.swift */,
				74187FF3213855F000523CA8 /* AppSyncLogHelper.m */,
				74187FF4213855F000523CA8 /* AppSyncLogHelper.h */,
			);
			path = Internal;
			sourceTree = "<group>";
		};
		74187FF8213855F000523CA8 /* Apollo */ = {
			isa = PBXGroup;
			children = (
				74187FF9213855F000523CA8 /* Sources */,
			);
			path = Apollo;
			sourceTree = "<group>";
		};
		74187FF9213855F000523CA8 /* Sources */ = {
			isa = PBXGroup;
			children = (
				74187FFA213855F000523CA8 /* Apollo */,
			);
			path = Sources;
			sourceTree = "<group>";
		};
		74187FFA213855F000523CA8 /* Apollo */ = {
			isa = PBXGroup;
			children = (
				74187FFB213855F000523CA8 /* GraphQLResponse.swift */,
				74187FFC213855F000523CA8 /* GraphQLOperation.swift */,
				74187FFD213855F000523CA8 /* Utilities.swift */,
				74187FFE213855F000523CA8 /* GraphQLDependencyTracker.swift */,
				74187FFF213855F000523CA8 /* GraphQLResultAccumulator.swift */,
				74188000213855F000523CA8 /* JSONStandardTypeConversions.swift */,
				74188001213855F000523CA8 /* GraphQLResponseGenerator.swift */,
				74188002213855F000523CA8 /* Collections.swift */,
				74188003213855F000523CA8 /* GraphQLQueryWatcher.swift */,
				74188004213855F000523CA8 /* GraphQLError.swift */,
				74188005213855F000523CA8 /* Result.swift */,
				74188006213855F000523CA8 /* NormalizedCache.swift */,
				74188007213855F000523CA8 /* GraphQLSelectionSet.swift */,
				74188008213855F000523CA8 /* JSON.swift */,
				74188009213855F000523CA8 /* AsynchronousOperation.swift */,
				7418800A213855F000523CA8 /* Apollo.h */,
				7418800B213855F000523CA8 /* GraphQLExecutor.swift */,
				7418800C213855F000523CA8 /* JSONSerializationFormat.swift */,
				7418800D213855F000523CA8 /* ApolloStore.swift */,
				7418800E213855F000523CA8 /* GraphQLSelectionSetMapper.swift */,
				7418800F213855F000523CA8 /* GraphQLInputValue.swift */,
				74188010213855F000523CA8 /* HTTPNetworkTransport.swift */,
				74188011213855F000523CA8 /* Promise.swift */,
				74188012213855F000523CA8 /* Record.swift */,
				74188013213855F000523CA8 /* AWSGraphQLSubscriptionResponse.swift */,
				74188014213855F000523CA8 /* InMemoryNormalizedCache.swift */,
				74188015213855F000523CA8 /* DataLoader.swift */,
				74188016213855F000523CA8 /* GraphQLResultNormalizer.swift */,
				74188017213855F000523CA8 /* ResultOrPromise.swift */,
				74188018213855F000523CA8 /* ApolloClient.swift */,
				74188019213855F000523CA8 /* RecordSet.swift */,
				7418801A213855F000523CA8 /* Info.plist */,
				7418801B213855F000523CA8 /* NetworkTransport.swift */,
				7418801C213855F000523CA8 /* Locking.swift */,
				7418801D213855F000523CA8 /* GraphQLResult.swift */,
			);
			path = Apollo;
			sourceTree = "<group>";
		};
		7418801F213855F000523CA8 /* MQTTSDK */ = {
			isa = PBXGroup;
			children = (
				74188020213855F000523CA8 /* AWSIoTCSR.m */,
				74188021213855F000523CA8 /* AWSIoTMQTTClient.m */,
				74188022213855F000523CA8 /* AWSIoTKeychain.h */,
				74188023213855F000523CA8 /* SocketRocket */,
				74188027213855F000523CA8 /* AWSIoTWebSocketOutputStream.m */,
				74188028213855F000523CA8 /* AWSIoTMQTTClient.h */,
				74188029213855F000523CA8 /* AWSIoTCSR.h */,
				7418802A213855F000523CA8 /* AWSIoTMQTTTypes.h */,
				7418802B213855F000523CA8 /* MQTTSDK */,
				74188036213855F000523CA8 /* AWSIoTKeychain.m */,
				74188037213855F000523CA8 /* AWSIoTWebSocketOutputStream.h */,
			);
			path = MQTTSDK;
			sourceTree = "<group>";
		};
		74188023213855F000523CA8 /* SocketRocket */ = {
			isa = PBXGroup;
			children = (
				74188024213855F000523CA8 /* AWSSRWebSocket.h */,
				74188025213855F000523CA8 /* LICENSE */,
				74188026213855F000523CA8 /* AWSSRWebSocket.m */,
			);
			path = SocketRocket;
			sourceTree = "<group>";
		};
		7418802B213855F000523CA8 /* MQTTSDK */ = {
			isa = PBXGroup;
			children = (
				7418802C213855F000523CA8 /* AWSMQTTSession.m */,
				7418802D213855F000523CA8 /* AWSMQTTEncoder.m */,
				7418802E213855F000523CA8 /* AWSMQttTxFlow.h */,
				7418802F213855F000523CA8 /* AWSMQTTDecoder.h */,
				74188030213855F000523CA8 /* AWSMQTTMessage.h */,
				74188031213855F000523CA8 /* AWSMQTTSession.h */,
				74188032213855F000523CA8 /* AWSMQttTxFlow.m */,
				74188033213855F000523CA8 /* AWSMQTTEncoder.h */,
				74188034213855F000523CA8 /* AWSMQTTDecoder.m */,
				74188035213855F000523CA8 /* AWSMQTTMessage.m */,
			);
			path = MQTTSDK;
			sourceTree = "<group>";
		};
		7449B1E5211B6E51009F2EB8 /* Chat */ = {
			isa = PBXGroup;
			children = (
				7449B1E6211B6E51009F2EB8 /* ConversationViewController.swift */,
				7449B1E7211B6E51009F2EB8 /* DashboardViewController.swift */,
				7449B1E9211B6E51009F2EB8 /* SettingsViewController.swift */,
				746AB91D211C71D2006D73BD /* ComposeMessageViewController.swift */,
				747D3E3D21303C730089703E /* MessageCell.swift */,
			);
			path = Chat;
			sourceTree = "<group>";
		};
		7449B1EA211B6E51009F2EB8 /* Signup */ = {
			isa = PBXGroup;
			children = (
				7449B1EB211B6E51009F2EB8 /* ReadyViewController.swift */,
				7449B1EC211B6E51009F2EB8 /* ValidateViewController.swift */,
				7449B1EE211B6E51009F2EB8 /* RegisterViewController.swift */,
			);
			path = Signup;
			sourceTree = "<group>";
		};
		7449B1F7211B6F84009F2EB8 /* Utils */ = {
			isa = PBXGroup;
			children = (
				7449B1F8211B6F96009F2EB8 /* PhoneNumberUtil.swift */,
				74E7FE93211DCA84004E8092 /* ApiManager.swift */,
				74DB8B29212DD433003EDCEC /* AuthManager.swift */,
				74DB8B2B212DD4B9003EDCEC /* LambdaMessengerError.swift */,
				74DB8B2D212DD4D5003EDCEC /* AppSyncBridge.swift */,
				747D3E442131D4A90089703E /* DependentFieldTextDelegate.swift */,
			);
			path = Utils;
			sourceTree = "<group>";
		};
		748297E2212F706600CFA57D /* Frameworks */ = {
			isa = PBXGroup;
			children = (
			);
			name = Frameworks;
			sourceTree = "<group>";
		};
/* End PBXGroup section */

/* Begin PBXNativeTarget section */
		7402C2AB211A850B00C3D536 /* LambdaMessenger */ = {
			isa = PBXNativeTarget;
			buildConfigurationList = 7402C2C9211A850E00C3D536 /* Build configuration list for PBXNativeTarget "LambdaMessenger" */;
			buildPhases = (
				7402C2A8211A850B00C3D536 /* Sources */,
				7402C2A9211A850B00C3D536 /* Frameworks */,
				7402C2AA211A850B00C3D536 /* Resources */,
				7449B1CF211B6BA8009F2EB8 /* Embed Frameworks */,
				748299A1212F7FC200CFA57D /* Carthage Cleanup */,
			);
			buildRules = (
			);
			dependencies = (
			);
			name = LambdaMessenger;
			productName = LambdaMessenger;
			productReference = 7402C2AC211A850B00C3D536 /* LambdaMessenger.app */;
			productType = "com.apple.product-type.application";
		};
		7402C2BF211A850E00C3D536 /* LambdaMessengerTests */ = {
			isa = PBXNativeTarget;
			buildConfigurationList = 7402C2CC211A850E00C3D536 /* Build configuration list for PBXNativeTarget "LambdaMessengerTests" */;
			buildPhases = (
				7402C2BC211A850E00C3D536 /* Sources */,
				7402C2BD211A850E00C3D536 /* Frameworks */,
				7402C2BE211A850E00C3D536 /* Resources */,
			);
			buildRules = (
			);
			dependencies = (
				7402C2C2211A850E00C3D536 /* PBXTargetDependency */,
			);
			name = LambdaMessengerTests;
			productName = LambdaMessengerTests;
			productReference = 7402C2C0211A850E00C3D536 /* LambdaMessengerTests.xctest */;
			productType = "com.apple.product-type.bundle.unit-test";
		};
/* End PBXNativeTarget section */

/* Begin PBXProject section */
		7402C2A4211A850B00C3D536 /* Project object */ = {
			isa = PBXProject;
			attributes = {
				LastSwiftUpdateCheck = 0940;
				LastUpgradeCheck = 0940;
				ORGANIZATIONNAME = "Robokos, John";
				TargetAttributes = {
					7402C2AB211A850B00C3D536 = {
						CreatedOnToolsVersion = 9.4.1;
						LastSwiftMigration = 1000;
						SystemCapabilities = {
							com.apple.Push = {
								enabled = 1;
							};
						};
					};
					7402C2BF211A850E00C3D536 = {
						CreatedOnToolsVersion = 9.4.1;
						LastSwiftMigration = 1000;
						TestTargetID = 7402C2AB211A850B00C3D536;
					};
				};
			};
			buildConfigurationList = 7402C2A7211A850B00C3D536 /* Build configuration list for PBXProject "LambdaMessenger" */;
			compatibilityVersion = "Xcode 9.3";
			developmentRegion = en;
			hasScannedForEncodings = 0;
			knownRegions = (
				en,
				Base,
			);
			mainGroup = 7402C2A3211A850B00C3D536;
			productRefGroup = 7402C2AD211A850B00C3D536 /* Products */;
			projectDirPath = "";
			projectRoot = "";
			targets = (
				7402C2AB211A850B00C3D536 /* LambdaMessenger */,
				7402C2BF211A850E00C3D536 /* LambdaMessengerTests */,
			);
		};
/* End PBXProject section */

/* Begin PBXResourcesBuildPhase section */
		7402C2AA211A850B00C3D536 /* Resources */ = {
			isa = PBXResourcesBuildPhase;
			buildActionMask = 2147483647;
			files = (
				7402C2BA211A850E00C3D536 /* LaunchScreen.storyboard in Resources */,
				7480B39F211B481F00A147E5 /* GoogleService-Info.plist in Resources */,
				7402C2B7211A850E00C3D536 /* Assets.xcassets in Resources */,
				74188063213855F100523CA8 /* Info.plist in Resources */,
				7402C2B5211A850B00C3D536 /* Main.storyboard in Resources */,
				74188074213855F100523CA8 /* Info.plist in Resources */,
			);
			runOnlyForDeploymentPostprocessing = 0;
		};
		7402C2BE211A850E00C3D536 /* Resources */ = {
			isa = PBXResourcesBuildPhase;
			buildActionMask = 2147483647;
			files = (
			);
			runOnlyForDeploymentPostprocessing = 0;
		};
/* End PBXResourcesBuildPhase section */

/* Begin PBXShellScriptBuildPhase section */
		748299A1212F7FC200CFA57D /* Carthage Cleanup */ = {
			isa = PBXShellScriptBuildPhase;
			buildActionMask = 2147483647;
			files = (
			);
			inputPaths = (
				"$(SRCROOT)/Carthage/Build/iOS/Promises.framework",
				"$(SRCROOT)/Carthage/Build/iOS/Reachability.framework",
				"$(SRCROOT)/Carthage/Build/iOS/SQLite.framework",
				"$(SRCROOT)/Carthage/Build/iOS/AWSCore.framework",
				"$(SRCROOT)/Carthage/Build/iOS/libPhoneNumberiOS.framework",
				"$(SRCROOT)/Carthage/Build/iOS/ObjcExceptionBridging.framework",
				"$(SRCROOT)/Carthage/Build/iOS/XCGLogger.framework",
				"$(SRCROOT)/Carthage/Build/iOS/FBLPromises.framework",
			);
			name = "Carthage Cleanup";
			outputPaths = (
				"$(BUILT_PRODUCTS_DIR)/$(FRAMEWORKS_FOLDER_PATH)/Promises.framework",
				"$(BUILT_PRODUCTS_DIR)/$(FRAMEWORKS_FOLDER_PATH)/Reachability.framework",
				"$(BUILT_PRODUCTS_DIR)/$(FRAMEWORKS_FOLDER_PATH)/SQLite.framework",
				"$(BUILT_PRODUCTS_DIR)/$(FRAMEWORKS_FOLDER_PATH)/AWSCore.framework",
				"$(BUILT_PRODUCTS_DIR)/$(FRAMEWORKS_FOLDER_PATH)/libPhoneNumberiOS.framework",
				"$(BUILT_PRODUCTS_DIR)/$(FRAMEWORKS_FOLDER_PATH)/ObjcExceptionBridging.framework",
				"$(BUILT_PRODUCTS_DIR)/$(FRAMEWORKS_FOLDER_PATH)/XCGLogger.framework",
				"$(BUILT_PRODUCTS_DIR)/$(FRAMEWORKS_FOLDER_PATH)/FBLPromises.framework",
			);
			runOnlyForDeploymentPostprocessing = 0;
			shellPath = /bin/sh;
			shellScript = "/usr/local/bin/carthage copy-frameworks";
		};
/* End PBXShellScriptBuildPhase section */

/* Begin PBXSourcesBuildPhase section */
		7402C2A8211A850B00C3D536 /* Sources */ = {
			isa = PBXSourcesBuildPhase;
			buildActionMask = 2147483647;
			files = (
				7418803C213855F000523CA8 /* AWSAppSyncSubscriptionWatcher.swift in Sources */,
				74188065213855F100523CA8 /* Locking.swift in Sources */,
				74DB8B2C212DD4B9003EDCEC /* LambdaMessengerError.swift in Sources */,
				74188076213855F100523CA8 /* AWSSQLLiteNormalizedCache.swift in Sources */,
				747D3E452131D4A90089703E /* DependentFieldTextDelegate.swift in Sources */,
				746AB920211D4589006D73BD /* API.swift in Sources */,
				74188053213855F100523CA8 /* AsynchronousOperation.swift in Sources */,
				7418803F213855F000523CA8 /* AppSyncMQTTClient.swift in Sources */,
				74188055213855F100523CA8 /* JSONSerializationFormat.swift in Sources */,
				74188044213855F000523CA8 /* AWSAppSyncHTTPNetworkTransport.swift in Sources */,
				74188061213855F100523CA8 /* ApolloClient.swift in Sources */,
				74188051213855F100523CA8 /* GraphQLSelectionSet.swift in Sources */,
				7418805F213855F100523CA8 /* GraphQLResultNormalizer.swift in Sources */,
				7418804A213855F100523CA8 /* JSONStandardTypeConversions.swift in Sources */,
				7418804C213855F100523CA8 /* Collections.swift in Sources */,
				7418806B213855F100523CA8 /* AWSSRWebSocket.m in Sources */,
				74DB8B2A212DD433003EDCEC /* AuthManager.swift in Sources */,
				7418804F213855F100523CA8 /* Result.swift in Sources */,
				74188066213855F100523CA8 /* GraphQLResult.swift in Sources */,
				7449B1F9211B6F96009F2EB8 /* PhoneNumberUtil.swift in Sources */,
				74188050213855F100523CA8 /* NormalizedCache.swift in Sources */,
				74188041213855F000523CA8 /* AppSyncLogHelper.m in Sources */,
				7449B1F4211B6E51009F2EB8 /* ValidateViewController.swift in Sources */,
				7449B1F6211B6E51009F2EB8 /* RegisterViewController.swift in Sources */,
				74188060213855F100523CA8 /* ResultOrPromise.swift in Sources */,
				747D3E3E21303C730089703E /* MessageCell.swift in Sources */,
				7418806F213855F100523CA8 /* AWSMQttTxFlow.m in Sources */,
				74E7FE94211DCA84004E8092 /* ApiManager.swift in Sources */,
				74188047213855F000523CA8 /* Utilities.swift in Sources */,
				7418805C213855F100523CA8 /* AWSGraphQLSubscriptionResponse.swift in Sources */,
				74188073213855F100523CA8 /* AWSAppSyncClientS3ObjectsExtensions.swift in Sources */,
				74188075213855F100523CA8 /* AWSNetworkTransport.swift in Sources */,
				746AB91E211C71D2006D73BD /* ComposeMessageViewController.swift in Sources */,
				7449B1F3211B6E51009F2EB8 /* ReadyViewController.swift in Sources */,
				7418805A213855F100523CA8 /* Promise.swift in Sources */,
				74188045213855F000523CA8 /* GraphQLResponse.swift in Sources */,
				74188062213855F100523CA8 /* RecordSet.swift in Sources */,
				74188049213855F000523CA8 /* GraphQLResultAccumulator.swift in Sources */,
				74188069213855F100523CA8 /* AWSIoTMQTTClient.m in Sources */,
				74188072213855F100523CA8 /* AWSIoTKeychain.m in Sources */,
				74188048213855F000523CA8 /* GraphQLDependencyTracker.swift in Sources */,
				74188040213855F000523CA8 /* AppSyncLogWrapper.swift in Sources */,
				74188059213855F100523CA8 /* HTTPNetworkTransport.swift in Sources */,
				7418804E213855F100523CA8 /* GraphQLError.swift in Sources */,
				74188056213855F100523CA8 /* ApolloStore.swift in Sources */,
				74188064213855F100523CA8 /* NetworkTransport.swift in Sources */,
				74188043213855F000523CA8 /* AWSAppSyncClient.swift in Sources */,
				7418805B213855F100523CA8 /* Record.swift in Sources */,
				74188071213855F100523CA8 /* AWSMQTTMessage.m in Sources */,
				74188058213855F100523CA8 /* GraphQLInputValue.swift in Sources */,
				7418806D213855F100523CA8 /* AWSMQTTSession.m in Sources */,
				7418805D213855F100523CA8 /* InMemoryNormalizedCache.swift in Sources */,
				7449B1EF211B6E51009F2EB8 /* ConversationViewController.swift in Sources */,
				7402C2B0211A850B00C3D536 /* AppDelegate.swift in Sources */,
				7418806E213855F100523CA8 /* AWSMQTTEncoder.m in Sources */,
				7418803D213855F000523CA8 /* AWSAppSyncAuthProvider.swift in Sources */,
				74187FD72136DC1600523CA8 /* AppDelegate+Notifications.swift in Sources */,
				74188052213855F100523CA8 /* JSON.swift in Sources */,
				74188057213855F100523CA8 /* GraphQLSelectionSetMapper.swift in Sources */,
				74188070213855F100523CA8 /* AWSMQTTDecoder.m in Sources */,
				7418806C213855F100523CA8 /* AWSIoTWebSocketOutputStream.m in Sources */,
				74188068213855F100523CA8 /* AWSIoTCSR.m in Sources */,
				7449B1F0211B6E51009F2EB8 /* DashboardViewController.swift in Sources */,
				7418804D213855F100523CA8 /* GraphQLQueryWatcher.swift in Sources */,
				74188067213855F100523CA8 /* AWSAppSyncClientConflictResolutionExtensions.swift in Sources */,
				74188042213855F000523CA8 /* AWSOfflineMutationStore.swift in Sources */,
				7449B1F2211B6E51009F2EB8 /* SettingsViewController.swift in Sources */,
				74188046213855F000523CA8 /* GraphQLOperation.swift in Sources */,
				74188054213855F100523CA8 /* GraphQLExecutor.swift in Sources */,
				7418805E213855F100523CA8 /* DataLoader.swift in Sources */,
				7418803E213855F000523CA8 /* AWSS3ObjectProtocol.swift in Sources */,
				7418804B213855F100523CA8 /* GraphQLResponseGenerator.swift in Sources */,
				74DB8B2E212DD4D5003EDCEC /* AppSyncBridge.swift in Sources */,
			);
			runOnlyForDeploymentPostprocessing = 0;
		};
		7402C2BC211A850E00C3D536 /* Sources */ = {
			isa = PBXSourcesBuildPhase;
			buildActionMask = 2147483647;
			files = (
				741880982138590000523CA8 /* Result.swift in Sources */,
				741880A62138590000523CA8 /* InMemoryNormalizedCache.swift in Sources */,
				741880A72138590000523CA8 /* DataLoader.swift in Sources */,
				7418809D2138590000523CA8 /* GraphQLExecutor.swift in Sources */,
				74188085213858CE00523CA8 /* AWSIoTMQTTClient.m in Sources */,
				74188087213858CE00523CA8 /* AWSIoTKeychain.m in Sources */,
				74187FE52136EDBE00523CA8 /* RegisterViewController.swift in Sources */,
				74187FE82136EDC400523CA8 /* API.swift in Sources */,
				741880942138590000523CA8 /* GraphQLResponseGenerator.swift in Sources */,
				741880A32138590000523CA8 /* Promise.swift in Sources */,
				7418807D213858BA00523CA8 /* AWSOfflineMutationStore.swift in Sources */,
				741880AA2138590000523CA8 /* ApolloClient.swift in Sources */,
				74187FDF2136EDBB00523CA8 /* DashboardViewController.swift in Sources */,
				74187FE22136EDBB00523CA8 /* MessageCell.swift in Sources */,
				74187FDD2136EDB800523CA8 /* DependentFieldTextDelegate.swift in Sources */,
				74188078213858AC00523CA8 /* AWSAppSyncAuthProvider.swift in Sources */,
				74187FE12136EDBB00523CA8 /* ComposeMessageViewController.swift in Sources */,
				74188083213858C000523CA8 /* AWSSQLLiteNormalizedCache.swift in Sources */,
				7418807F213858BA00523CA8 /* AWSAppSyncHTTPNetworkTransport.swift in Sources */,
				741880902138590000523CA8 /* Utilities.swift in Sources */,
				7418808A213858DB00523CA8 /* AWSMQTTEncoder.m in Sources */,
				7418808F2138590000523CA8 /* GraphQLOperation.swift in Sources */,
				741880932138590000523CA8 /* JSONStandardTypeConversions.swift in Sources */,
				7418808B213858DB00523CA8 /* AWSMQttTxFlow.m in Sources */,
				7418808E2138590000523CA8 /* GraphQLResponse.swift in Sources */,
				741880972138590000523CA8 /* GraphQLError.swift in Sources */,
				7418809F2138590000523CA8 /* ApolloStore.swift in Sources */,
				7418809A2138590000523CA8 /* GraphQLSelectionSet.swift in Sources */,
				741880A82138590000523CA8 /* GraphQLResultNormalizer.swift in Sources */,
				74188077213858AC00523CA8 /* AWSAppSyncSubscriptionWatcher.swift in Sources */,
				741880A92138590000523CA8 /* ResultOrPromise.swift in Sources */,
				741880A12138590000523CA8 /* GraphQLInputValue.swift in Sources */,
				74594A2E212879D5009208DC /* TestUtils.swift in Sources */,
				74187FDB2136EDB800523CA8 /* LambdaMessengerError.swift in Sources */,
				74187FDC2136EDB800523CA8 /* AppSyncBridge.swift in Sources */,
				741880912138590000523CA8 /* GraphQLDependencyTracker.swift in Sources */,
				7418809B2138590000523CA8 /* JSON.swift in Sources */,
				741880952138590000523CA8 /* Collections.swift in Sources */,
				74187FD92136EDB800523CA8 /* ApiManager.swift in Sources */,
				741880992138590000523CA8 /* NormalizedCache.swift in Sources */,
				741880AC2138590000523CA8 /* NetworkTransport.swift in Sources */,
				741880922138590000523CA8 /* GraphQLResultAccumulator.swift in Sources */,
				74188084213858CE00523CA8 /* AWSIoTCSR.m in Sources */,
				74188089213858DB00523CA8 /* AWSMQTTSession.m in Sources */,
				74188088213858D100523CA8 /* AWSSRWebSocket.m in Sources */,
				74188079213858AC00523CA8 /* AWSS3ObjectProtocol.swift in Sources */,
				7418807C213858B600523CA8 /* AppSyncLogHelper.m in Sources */,
				74188086213858CE00523CA8 /* AWSIoTWebSocketOutputStream.m in Sources */,
				7418807A213858AC00523CA8 /* AppSyncMQTTClient.swift in Sources */,
				74187FD82136EDB800523CA8 /* PhoneNumberUtil.swift in Sources */,
				7418809E2138590000523CA8 /* JSONSerializationFormat.swift in Sources */,
				741880A22138590000523CA8 /* HTTPNetworkTransport.swift in Sources */,
				7418807E213858BA00523CA8 /* AWSAppSyncClient.swift in Sources */,
				7418808C213858DB00523CA8 /* AWSMQTTDecoder.m in Sources */,
				741880A52138590000523CA8 /* AWSGraphQLSubscriptionResponse.swift in Sources */,
				74188081213858C000523CA8 /* AWSAppSyncClientS3ObjectsExtensions.swift in Sources */,
				74187FE02136EDBB00523CA8 /* SettingsViewController.swift in Sources */,
				741880AB2138590000523CA8 /* RecordSet.swift in Sources */,
				741880A42138590000523CA8 /* Record.swift in Sources */,
				741880AD2138590000523CA8 /* Locking.swift in Sources */,
				741880B22138E80A00523CA8 /* AuthTests.swift in Sources */,
				741880962138590000523CA8 /* GraphQLQueryWatcher.swift in Sources */,
				74187FDE2136EDBB00523CA8 /* ConversationViewController.swift in Sources */,
				74188082213858C000523CA8 /* AWSNetworkTransport.swift in Sources */,
				74188080213858BD00523CA8 /* AWSAppSyncClientConflictResolutionExtensions.swift in Sources */,
				741880AE2138590000523CA8 /* GraphQLResult.swift in Sources */,
				74187FE62136EDC100523CA8 /* AppDelegate.swift in Sources */,
				746AB92C211D5BDA006D73BD /* AppsyncTests.swift in Sources */,
				74187FE32136EDBE00523CA8 /* ReadyViewController.swift in Sources */,
				7418808D213858DB00523CA8 /* AWSMQTTMessage.m in Sources */,
				7402C2C5211A850E00C3D536 /* LambdaMessengerTests.swift in Sources */,
				74187FDA2136EDB800523CA8 /* AuthManager.swift in Sources */,
				74187FE72136EDC100523CA8 /* AppDelegate+Notifications.swift in Sources */,
				74187FE42136EDBE00523CA8 /* ValidateViewController.swift in Sources */,
				7418807B213858AF00523CA8 /* AppSyncLogWrapper.swift in Sources */,
				741880A02138590000523CA8 /* GraphQLSelectionSetMapper.swift in Sources */,
				7418809C2138590000523CA8 /* AsynchronousOperation.swift in Sources */,
			);
			runOnlyForDeploymentPostprocessing = 0;
		};
/* End PBXSourcesBuildPhase section */

/* Begin PBXTargetDependency section */
		7402C2C2211A850E00C3D536 /* PBXTargetDependency */ = {
			isa = PBXTargetDependency;
			target = 7402C2AB211A850B00C3D536 /* LambdaMessenger */;
			targetProxy = 7402C2C1211A850E00C3D536 /* PBXContainerItemProxy */;
		};
/* End PBXTargetDependency section */

/* Begin PBXVariantGroup section */
		7402C2B3211A850B00C3D536 /* Main.storyboard */ = {
			isa = PBXVariantGroup;
			children = (
				7402C2B4211A850B00C3D536 /* Base */,
			);
			name = Main.storyboard;
			sourceTree = "<group>";
		};
		7402C2B8211A850E00C3D536 /* LaunchScreen.storyboard */ = {
			isa = PBXVariantGroup;
			children = (
				7402C2B9211A850E00C3D536 /* Base */,
			);
			name = LaunchScreen.storyboard;
			sourceTree = "<group>";
		};
/* End PBXVariantGroup section */

/* Begin XCBuildConfiguration section */
		7402C2C7211A850E00C3D536 /* Debug */ = {
			isa = XCBuildConfiguration;
			buildSettings = {
				ALWAYS_SEARCH_USER_PATHS = NO;
				CLANG_ANALYZER_NONNULL = YES;
				CLANG_ANALYZER_NUMBER_OBJECT_CONVERSION = YES_AGGRESSIVE;
				CLANG_CXX_LANGUAGE_STANDARD = "gnu++14";
				CLANG_CXX_LIBRARY = "libc++";
				CLANG_ENABLE_MODULES = YES;
				CLANG_ENABLE_OBJC_ARC = YES;
				CLANG_ENABLE_OBJC_WEAK = YES;
				CLANG_WARN_BLOCK_CAPTURE_AUTORELEASING = YES;
				CLANG_WARN_BOOL_CONVERSION = YES;
				CLANG_WARN_COMMA = YES;
				CLANG_WARN_CONSTANT_CONVERSION = YES;
				CLANG_WARN_DEPRECATED_OBJC_IMPLEMENTATIONS = YES;
				CLANG_WARN_DIRECT_OBJC_ISA_USAGE = YES_ERROR;
				CLANG_WARN_DOCUMENTATION_COMMENTS = YES;
				CLANG_WARN_EMPTY_BODY = YES;
				CLANG_WARN_ENUM_CONVERSION = YES;
				CLANG_WARN_INFINITE_RECURSION = YES;
				CLANG_WARN_INT_CONVERSION = YES;
				CLANG_WARN_NON_LITERAL_NULL_CONVERSION = YES;
				CLANG_WARN_OBJC_IMPLICIT_RETAIN_SELF = YES;
				CLANG_WARN_OBJC_LITERAL_CONVERSION = YES;
				CLANG_WARN_OBJC_ROOT_CLASS = YES_ERROR;
				CLANG_WARN_RANGE_LOOP_ANALYSIS = YES;
				CLANG_WARN_STRICT_PROTOTYPES = YES;
				CLANG_WARN_SUSPICIOUS_MOVE = YES;
				CLANG_WARN_UNGUARDED_AVAILABILITY = YES_AGGRESSIVE;
				CLANG_WARN_UNREACHABLE_CODE = YES;
				CLANG_WARN__DUPLICATE_METHOD_MATCH = YES;
				CODE_SIGN_IDENTITY = "iPhone Developer";
				COPY_PHASE_STRIP = NO;
				DEBUG_INFORMATION_FORMAT = dwarf;
				ENABLE_STRICT_OBJC_MSGSEND = YES;
				ENABLE_TESTABILITY = YES;
				GCC_C_LANGUAGE_STANDARD = gnu11;
				GCC_DYNAMIC_NO_PIC = NO;
				GCC_NO_COMMON_BLOCKS = YES;
				GCC_OPTIMIZATION_LEVEL = 0;
				GCC_PREPROCESSOR_DEFINITIONS = (
					"DEBUG=1",
					"$(inherited)",
				);
				GCC_WARN_64_TO_32_BIT_CONVERSION = YES;
				GCC_WARN_ABOUT_RETURN_TYPE = YES_ERROR;
				GCC_WARN_UNDECLARED_SELECTOR = YES;
				GCC_WARN_UNINITIALIZED_AUTOS = YES_AGGRESSIVE;
				GCC_WARN_UNUSED_FUNCTION = YES;
				GCC_WARN_UNUSED_VARIABLE = YES;
				IPHONEOS_DEPLOYMENT_TARGET = 11.4;
				MTL_ENABLE_DEBUG_INFO = YES;
				ONLY_ACTIVE_ARCH = YES;
				OTHER_LDFLAGS = "-ObjC";
				SDKROOT = iphoneos;
				SWIFT_ACTIVE_COMPILATION_CONDITIONS = DEBUG;
				SWIFT_OPTIMIZATION_LEVEL = "-Onone";
			};
			name = Debug;
		};
		7402C2C8211A850E00C3D536 /* Release */ = {
			isa = XCBuildConfiguration;
			buildSettings = {
				ALWAYS_SEARCH_USER_PATHS = NO;
				CLANG_ANALYZER_NONNULL = YES;
				CLANG_ANALYZER_NUMBER_OBJECT_CONVERSION = YES_AGGRESSIVE;
				CLANG_CXX_LANGUAGE_STANDARD = "gnu++14";
				CLANG_CXX_LIBRARY = "libc++";
				CLANG_ENABLE_MODULES = YES;
				CLANG_ENABLE_OBJC_ARC = YES;
				CLANG_ENABLE_OBJC_WEAK = YES;
				CLANG_WARN_BLOCK_CAPTURE_AUTORELEASING = YES;
				CLANG_WARN_BOOL_CONVERSION = YES;
				CLANG_WARN_COMMA = YES;
				CLANG_WARN_CONSTANT_CONVERSION = YES;
				CLANG_WARN_DEPRECATED_OBJC_IMPLEMENTATIONS = YES;
				CLANG_WARN_DIRECT_OBJC_ISA_USAGE = YES_ERROR;
				CLANG_WARN_DOCUMENTATION_COMMENTS = YES;
				CLANG_WARN_EMPTY_BODY = YES;
				CLANG_WARN_ENUM_CONVERSION = YES;
				CLANG_WARN_INFINITE_RECURSION = YES;
				CLANG_WARN_INT_CONVERSION = YES;
				CLANG_WARN_NON_LITERAL_NULL_CONVERSION = YES;
				CLANG_WARN_OBJC_IMPLICIT_RETAIN_SELF = YES;
				CLANG_WARN_OBJC_LITERAL_CONVERSION = YES;
				CLANG_WARN_OBJC_ROOT_CLASS = YES_ERROR;
				CLANG_WARN_RANGE_LOOP_ANALYSIS = YES;
				CLANG_WARN_STRICT_PROTOTYPES = YES;
				CLANG_WARN_SUSPICIOUS_MOVE = YES;
				CLANG_WARN_UNGUARDED_AVAILABILITY = YES_AGGRESSIVE;
				CLANG_WARN_UNREACHABLE_CODE = YES;
				CLANG_WARN__DUPLICATE_METHOD_MATCH = YES;
				CODE_SIGN_IDENTITY = "iPhone Developer";
				COPY_PHASE_STRIP = NO;
				DEBUG_INFORMATION_FORMAT = "dwarf-with-dsym";
				ENABLE_NS_ASSERTIONS = NO;
				ENABLE_STRICT_OBJC_MSGSEND = YES;
				GCC_C_LANGUAGE_STANDARD = gnu11;
				GCC_NO_COMMON_BLOCKS = YES;
				GCC_WARN_64_TO_32_BIT_CONVERSION = YES;
				GCC_WARN_ABOUT_RETURN_TYPE = YES_ERROR;
				GCC_WARN_UNDECLARED_SELECTOR = YES;
				GCC_WARN_UNINITIALIZED_AUTOS = YES_AGGRESSIVE;
				GCC_WARN_UNUSED_FUNCTION = YES;
				GCC_WARN_UNUSED_VARIABLE = YES;
				IPHONEOS_DEPLOYMENT_TARGET = 11.4;
				MTL_ENABLE_DEBUG_INFO = NO;
				OTHER_LDFLAGS = "-ObjC";
				SDKROOT = iphoneos;
				SWIFT_COMPILATION_MODE = wholemodule;
				SWIFT_OPTIMIZATION_LEVEL = "-O";
				VALIDATE_PRODUCT = YES;
			};
			name = Release;
		};
		7402C2CA211A850E00C3D536 /* Debug */ = {
			isa = XCBuildConfiguration;
			buildSettings = {
				ASSETCATALOG_COMPILER_APPICON_NAME = AppIcon;
				CLANG_ENABLE_MODULES = YES;
				CODE_SIGN_ENTITLEMENTS = LambdaMessenger/LambdaMessenger.entitlements;
				CODE_SIGN_STYLE = Automatic;
				DEVELOPMENT_TEAM = REBTSBCSFF;
				FRAMEWORK_SEARCH_PATHS = (
					"$(inherited)",
					"$(PROJECT_DIR)/Carthage/Build/iOS",
				);
				HEADER_SEARCH_PATHS = (
					"$(PROJECT_DIR)/Carthage/Build/iOS",
					"$(PROJECT_DIR)/Carthage/Build/iOS/libPhoneNumberiOS.framework/Headers/",
					"$(PROJECT_DIR)/LambdaMessenger/Frameworks/**",
					"\"$(SRCROOT)/Carthage/Build/iOS/AWSCore.framework/Headers/\"",
				);
				INFOPLIST_FILE = LambdaMessenger/Info.plist;
				INSTALL_GROUP = "";
				LD_RUNPATH_SEARCH_PATHS = (
					"$(inherited)",
					"@executable_path/Frameworks",
				);
				OTHER_LDFLAGS = "-ObjC";
				PRODUCT_BUNDLE_IDENTIFIER = com.lambdamessenger.LambdaMessenger;
				PRODUCT_NAME = "$(TARGET_NAME)";
				SWIFT_OBJC_BRIDGING_HEADER = "LambdaMessenger/LambdaMessenger-Bridging-Header.h";
				SWIFT_OPTIMIZATION_LEVEL = "-Onone";
				SWIFT_VERSION = 4.2;
				TARGETED_DEVICE_FAMILY = "1,2";
			};
			name = Debug;
		};
		7402C2CB211A850E00C3D536 /* Release */ = {
			isa = XCBuildConfiguration;
			buildSettings = {
				ASSETCATALOG_COMPILER_APPICON_NAME = AppIcon;
				CLANG_ENABLE_MODULES = YES;
				CODE_SIGN_ENTITLEMENTS = LambdaMessenger/LambdaMessenger.entitlements;
				CODE_SIGN_STYLE = Automatic;
				DEVELOPMENT_TEAM = REBTSBCSFF;
				FRAMEWORK_SEARCH_PATHS = (
					"$(inherited)",
					"$(PROJECT_DIR)/Carthage/Build/iOS",
				);
				HEADER_SEARCH_PATHS = (
					"$(PROJECT_DIR)/Carthage/Build/iOS",
					"$(PROJECT_DIR)/Carthage/Build/iOS/libPhoneNumberiOS.framework/Headers/",
					"$(PROJECT_DIR)/LambdaMessenger/Frameworks/**",
					"\"$(SRCROOT)/Carthage/Build/iOS/AWSCore.framework/Headers/\"",
				);
				INFOPLIST_FILE = LambdaMessenger/Info.plist;
				INSTALL_GROUP = "";
				LD_RUNPATH_SEARCH_PATHS = (
					"$(inherited)",
					"@executable_path/Frameworks",
				);
				OTHER_LDFLAGS = "-ObjC";
				PRODUCT_BUNDLE_IDENTIFIER = com.lambdamessenger.LambdaMessenger;
				PRODUCT_NAME = "$(TARGET_NAME)";
				SWIFT_OBJC_BRIDGING_HEADER = "LambdaMessenger/LambdaMessenger-Bridging-Header.h";
				SWIFT_VERSION = 4.2;
				TARGETED_DEVICE_FAMILY = "1,2";
			};
			name = Release;
		};
		7402C2CD211A850E00C3D536 /* Debug */ = {
			isa = XCBuildConfiguration;
			buildSettings = {
				ALWAYS_EMBED_SWIFT_STANDARD_LIBRARIES = YES;
				BUNDLE_LOADER = "$(TEST_HOST)";
				CODE_SIGN_STYLE = Automatic;
				DEVELOPMENT_TEAM = REBTSBCSFF;
				FRAMEWORK_SEARCH_PATHS = (
					"$(inherited)",
					"$(PROJECT_DIR)/Carthage/Build/iOS",
					"$(PROJECT_DIR)/LambdaMessenger/Frameworks",
				);
				HEADER_SEARCH_PATHS = (
					"$(PROJECT_DIR)/Carthage/Build/iOS/libPhoneNumberiOS.framework/Headers/",
					"$(PROJECT_DIR)/LambdaMessenger/Frameworks",
					"$(PROJECT_DIR)/Carthage/Build/iOS",
					"$(PROJECT_DIR)/Carthage/Build/iOS/AWSCore.framework/Headers",
					"$(PROJECT_DIR)/LambdaMessenger/Frameworks/aws-mobile-appsync-sdk-ios/AWSAppSyncClient/MQTTSDK/**",
				);
				INFOPLIST_FILE = LambdaMessengerTests/Info.plist;
				LD_RUNPATH_SEARCH_PATHS = (
					"$(inherited)",
					"@executable_path/Frameworks",
					"@loader_path/Frameworks",
				);
				PRODUCT_BUNDLE_IDENTIFIER = com.lambdamessenger.LambdaMessengerTests;
				PRODUCT_NAME = "$(TARGET_NAME)";
				SWIFT_OBJC_BRIDGING_HEADER = "LambdaMessengerTests/LambdaMessengerTests-Bridging-Header.h";
				SWIFT_VERSION = 4.2;
				TARGETED_DEVICE_FAMILY = "1,2";
				TEST_HOST = "$(BUILT_PRODUCTS_DIR)/LambdaMessenger.app/LambdaMessenger";
			};
			name = Debug;
		};
		7402C2CE211A850E00C3D536 /* Release */ = {
			isa = XCBuildConfiguration;
			buildSettings = {
				ALWAYS_EMBED_SWIFT_STANDARD_LIBRARIES = YES;
				BUNDLE_LOADER = "$(TEST_HOST)";
				CODE_SIGN_STYLE = Automatic;
				DEVELOPMENT_TEAM = REBTSBCSFF;
				FRAMEWORK_SEARCH_PATHS = (
					"$(inherited)",
					"$(PROJECT_DIR)/Carthage/Build/iOS",
					"$(PROJECT_DIR)/LambdaMessenger/Frameworks",
				);
				HEADER_SEARCH_PATHS = (
					"$(PROJECT_DIR)/Carthage/Build/iOS/libPhoneNumberiOS.framework/Headers/",
					"$(PROJECT_DIR)/LambdaMessenger/Frameworks",
					"$(PROJECT_DIR)/Carthage/Build/iOS",
					"$(PROJECT_DIR)/Carthage/Build/iOS/AWSCore.framework/Headers",
					"$(PROJECT_DIR)/LambdaMessenger/Frameworks/aws-mobile-appsync-sdk-ios/AWSAppSyncClient/MQTTSDK/**",
				);
				INFOPLIST_FILE = LambdaMessengerTests/Info.plist;
				LD_RUNPATH_SEARCH_PATHS = (
					"$(inherited)",
					"@executable_path/Frameworks",
					"@loader_path/Frameworks",
				);
				PRODUCT_BUNDLE_IDENTIFIER = com.lambdamessenger.LambdaMessengerTests;
				PRODUCT_NAME = "$(TARGET_NAME)";
				SWIFT_OBJC_BRIDGING_HEADER = "LambdaMessengerTests/LambdaMessengerTests-Bridging-Header.h";
				SWIFT_VERSION = 4.2;
				TARGETED_DEVICE_FAMILY = "1,2";
				TEST_HOST = "$(BUILT_PRODUCTS_DIR)/LambdaMessenger.app/LambdaMessenger";
			};
			name = Release;
		};
/* End XCBuildConfiguration section */

/* Begin XCConfigurationList section */
		7402C2A7211A850B00C3D536 /* Build configuration list for PBXProject "LambdaMessenger" */ = {
			isa = XCConfigurationList;
			buildConfigurations = (
				7402C2C7211A850E00C3D536 /* Debug */,
				7402C2C8211A850E00C3D536 /* Release */,
			);
			defaultConfigurationIsVisible = 0;
			defaultConfigurationName = Release;
		};
		7402C2C9211A850E00C3D536 /* Build configuration list for PBXNativeTarget "LambdaMessenger" */ = {
			isa = XCConfigurationList;
			buildConfigurations = (
				7402C2CA211A850E00C3D536 /* Debug */,
				7402C2CB211A850E00C3D536 /* Release */,
			);
			defaultConfigurationIsVisible = 0;
			defaultConfigurationName = Release;
		};
		7402C2CC211A850E00C3D536 /* Build configuration list for PBXNativeTarget "LambdaMessengerTests" */ = {
			isa = XCConfigurationList;
			buildConfigurations = (
				7402C2CD211A850E00C3D536 /* Debug */,
				7402C2CE211A850E00C3D536 /* Release */,
			);
			defaultConfigurationIsVisible = 0;
			defaultConfigurationName = Release;
		};
/* End XCConfigurationList section */
	};
	rootObject = 7402C2A4211A850B00C3D536 /* Project object */;
}
