// !$*UTF8*$!
{
	archiveVersion = 1;
	classes = {
	};
	objectVersion = 50;
	objects = {

/* Begin PBXBuildFile section */
		7402C2B0211A850B00C3D536 /* AppDelegate.swift in Sources */ = {isa = PBXBuildFile; fileRef = 7402C2AF211A850B00C3D536 /* AppDelegate.swift */; };
		7402C2B5211A850B00C3D536 /* Main.storyboard in Resources */ = {isa = PBXBuildFile; fileRef = 7402C2B3211A850B00C3D536 /* Main.storyboard */; };
		7402C2B7211A850E00C3D536 /* Assets.xcassets in Resources */ = {isa = PBXBuildFile; fileRef = 7402C2B6211A850E00C3D536 /* Assets.xcassets */; };
		7402C2BA211A850E00C3D536 /* LaunchScreen.storyboard in Resources */ = {isa = PBXBuildFile; fileRef = 7402C2B8211A850E00C3D536 /* LaunchScreen.storyboard */; };
		7402C2C5211A850E00C3D536 /* LambdaMessengerTests.swift in Sources */ = {isa = PBXBuildFile; fileRef = 7402C2C4211A850E00C3D536 /* LambdaMessengerTests.swift */; };
		7449B1C6211B6B27009F2EB8 /* ObjcExceptionBridging.framework in Frameworks */ = {isa = PBXBuildFile; fileRef = 7449B1BD211B6B27009F2EB8 /* ObjcExceptionBridging.framework */; };
		7449B1C7211B6B27009F2EB8 /* FirebaseAnalytics.framework in Frameworks */ = {isa = PBXBuildFile; fileRef = 7449B1BE211B6B27009F2EB8 /* FirebaseAnalytics.framework */; };
		7449B1C8211B6B27009F2EB8 /* Alamofire.framework in Frameworks */ = {isa = PBXBuildFile; fileRef = 7449B1BF211B6B27009F2EB8 /* Alamofire.framework */; };
		7449B1C9211B6B27009F2EB8 /* FirebaseAuth.framework in Frameworks */ = {isa = PBXBuildFile; fileRef = 7449B1C0211B6B27009F2EB8 /* FirebaseAuth.framework */; };
		7449B1CA211B6B27009F2EB8 /* FirebaseCore.framework in Frameworks */ = {isa = PBXBuildFile; fileRef = 7449B1C1211B6B27009F2EB8 /* FirebaseCore.framework */; };
		7449B1CD211B6BA8009F2EB8 /* XCGLogger.framework in Frameworks */ = {isa = PBXBuildFile; fileRef = 7449B1C2211B6B27009F2EB8 /* XCGLogger.framework */; };
		7449B1CE211B6BA8009F2EB8 /* XCGLogger.framework in Embed Frameworks */ = {isa = PBXBuildFile; fileRef = 7449B1C2211B6B27009F2EB8 /* XCGLogger.framework */; settings = {ATTRIBUTES = (CodeSignOnCopy, RemoveHeadersOnCopy, ); }; };
		7449B1D3211B6BD4009F2EB8 /* Alamofire.framework in Embed Frameworks */ = {isa = PBXBuildFile; fileRef = 7449B1BF211B6B27009F2EB8 /* Alamofire.framework */; settings = {ATTRIBUTES = (CodeSignOnCopy, RemoveHeadersOnCopy, ); }; };
		7449B1D5211B6BE7009F2EB8 /* ObjcExceptionBridging.framework in Embed Frameworks */ = {isa = PBXBuildFile; fileRef = 7449B1BD211B6B27009F2EB8 /* ObjcExceptionBridging.framework */; settings = {ATTRIBUTES = (CodeSignOnCopy, RemoveHeadersOnCopy, ); }; };
		7449B1DA211B6C9F009F2EB8 /* nanopb.framework in Frameworks */ = {isa = PBXBuildFile; fileRef = 7449B1D6211B6C74009F2EB8 /* nanopb.framework */; };
		7449B1DC211B6CCC009F2EB8 /* FirebaseNanoPB.framework in Frameworks */ = {isa = PBXBuildFile; fileRef = 7449B1DB211B6CCC009F2EB8 /* FirebaseNanoPB.framework */; };
		7449B1DF211B6CEB009F2EB8 /* GTMSessionFetcher.framework in Frameworks */ = {isa = PBXBuildFile; fileRef = 7449B1DD211B6CEB009F2EB8 /* GTMSessionFetcher.framework */; };
		7449B1E0211B6CEB009F2EB8 /* GoogleToolboxForMac.framework in Frameworks */ = {isa = PBXBuildFile; fileRef = 7449B1DE211B6CEB009F2EB8 /* GoogleToolboxForMac.framework */; };
		7449B1E2211B6D3B009F2EB8 /* Protobuf.framework in Frameworks */ = {isa = PBXBuildFile; fileRef = 7449B1E1211B6D3A009F2EB8 /* Protobuf.framework */; };
		7449B1E4211B6D51009F2EB8 /* FirebaseInstanceID.framework in Frameworks */ = {isa = PBXBuildFile; fileRef = 7449B1E3211B6D51009F2EB8 /* FirebaseInstanceID.framework */; };
		7449B1EF211B6E51009F2EB8 /* ChatSessionViewController.swift in Sources */ = {isa = PBXBuildFile; fileRef = 7449B1E6211B6E51009F2EB8 /* ChatSessionViewController.swift */; };
		7449B1F0211B6E51009F2EB8 /* DashboardViewController.swift in Sources */ = {isa = PBXBuildFile; fileRef = 7449B1E7211B6E51009F2EB8 /* DashboardViewController.swift */; };
		7449B1F2211B6E51009F2EB8 /* SettingsViewController.swift in Sources */ = {isa = PBXBuildFile; fileRef = 7449B1E9211B6E51009F2EB8 /* SettingsViewController.swift */; };
		7449B1F3211B6E51009F2EB8 /* ReadyViewController.swift in Sources */ = {isa = PBXBuildFile; fileRef = 7449B1EB211B6E51009F2EB8 /* ReadyViewController.swift */; };
		7449B1F4211B6E51009F2EB8 /* ValidateViewController.swift in Sources */ = {isa = PBXBuildFile; fileRef = 7449B1EC211B6E51009F2EB8 /* ValidateViewController.swift */; };
		7449B1F6211B6E51009F2EB8 /* RegisterViewController.swift in Sources */ = {isa = PBXBuildFile; fileRef = 7449B1EE211B6E51009F2EB8 /* RegisterViewController.swift */; };
		7449B1F9211B6F96009F2EB8 /* PhoneNumberUtil.swift in Sources */ = {isa = PBXBuildFile; fileRef = 7449B1F8211B6F96009F2EB8 /* PhoneNumberUtil.swift */; };
		74594A2C21287818009208DC /* PhoneNumberUtil.swift in Sources */ = {isa = PBXBuildFile; fileRef = 7449B1F8211B6F96009F2EB8 /* PhoneNumberUtil.swift */; };
		74594A2E212879D5009208DC /* TestUtils.swift in Sources */ = {isa = PBXBuildFile; fileRef = 74594A2D212879D5009208DC /* TestUtils.swift */; };
		746AB91B211C6307006D73BD /* libPhoneNumberiOS.framework in Frameworks */ = {isa = PBXBuildFile; fileRef = 746AB918211C5F6C006D73BD /* libPhoneNumberiOS.framework */; };
		746AB91C211C6307006D73BD /* libPhoneNumberiOS.framework in Embed Frameworks */ = {isa = PBXBuildFile; fileRef = 746AB918211C5F6C006D73BD /* libPhoneNumberiOS.framework */; settings = {ATTRIBUTES = (CodeSignOnCopy, RemoveHeadersOnCopy, ); }; };
		746AB91E211C71D2006D73BD /* ComposeMessageViewController.swift in Sources */ = {isa = PBXBuildFile; fileRef = 746AB91D211C71D2006D73BD /* ComposeMessageViewController.swift */; };
		746AB920211D4589006D73BD /* API.swift in Sources */ = {isa = PBXBuildFile; fileRef = 746AB91F211D4589006D73BD /* API.swift */; };
		746AB921211D458E006D73BD /* API.swift in Sources */ = {isa = PBXBuildFile; fileRef = 746AB91F211D4589006D73BD /* API.swift */; };
		746AB92C211D5BDA006D73BD /* AppsyncTests.swift in Sources */ = {isa = PBXBuildFile; fileRef = 746AB92B211D5BDA006D73BD /* AppsyncTests.swift */; };
		746AB935211D6E16006D73BD /* AWSCore.framework in Frameworks */ = {isa = PBXBuildFile; fileRef = 746AB933211D6E15006D73BD /* AWSCore.framework */; };
		746AB936211D6E18006D73BD /* AWSCore.framework in Frameworks */ = {isa = PBXBuildFile; fileRef = 746AB933211D6E15006D73BD /* AWSCore.framework */; };
		746AB937211D6E18006D73BD /* AWSCore.framework in Embed Frameworks */ = {isa = PBXBuildFile; fileRef = 746AB933211D6E15006D73BD /* AWSCore.framework */; settings = {ATTRIBUTES = (CodeSignOnCopy, RemoveHeadersOnCopy, ); }; };
		746AB9FC211D768A006D73BD /* SQLite.framework in Frameworks */ = {isa = PBXBuildFile; fileRef = 746AB9FA211D7689006D73BD /* SQLite.framework */; };
		746AB9FD211D768A006D73BD /* SQLite.framework in Frameworks */ = {isa = PBXBuildFile; fileRef = 746AB9FA211D7689006D73BD /* SQLite.framework */; };
		746AB9FF211D768A006D73BD /* Reachability.framework in Frameworks */ = {isa = PBXBuildFile; fileRef = 746AB9FB211D7689006D73BD /* Reachability.framework */; };
		746ABA02211D76AD006D73BD /* Reachability.framework in Frameworks */ = {isa = PBXBuildFile; fileRef = 746AB9FB211D7689006D73BD /* Reachability.framework */; };
		746ABA03211D76AD006D73BD /* Reachability.framework in Embed Frameworks */ = {isa = PBXBuildFile; fileRef = 746AB9FB211D7689006D73BD /* Reachability.framework */; settings = {ATTRIBUTES = (CodeSignOnCopy, RemoveHeadersOnCopy, ); }; };
		746ABA05211D76B0006D73BD /* SQLite.framework in Embed Frameworks */ = {isa = PBXBuildFile; fileRef = 746AB9FA211D7689006D73BD /* SQLite.framework */; settings = {ATTRIBUTES = (CodeSignOnCopy, RemoveHeadersOnCopy, ); }; };
		747D3E3B212F890C0089703E /* FBLPromises.framework in Frameworks */ = {isa = PBXBuildFile; fileRef = 74E7FE96211DCE84004E8092 /* FBLPromises.framework */; };
		747D3E3C212F890C0089703E /* FBLPromises.framework in Embed Frameworks */ = {isa = PBXBuildFile; fileRef = 74E7FE96211DCE84004E8092 /* FBLPromises.framework */; settings = {ATTRIBUTES = (CodeSignOnCopy, RemoveHeadersOnCopy, ); }; };
		7480B39F211B481F00A147E5 /* GoogleService-Info.plist in Resources */ = {isa = PBXBuildFile; fileRef = 7480B39E211B481F00A147E5 /* GoogleService-Info.plist */; };
		7482992F212F7F3E00CFA57D /* AWSAppSyncSubscriptionWatcher.swift in Sources */ = {isa = PBXBuildFile; fileRef = 748298E4212F7F3E00CFA57D /* AWSAppSyncSubscriptionWatcher.swift */; };
		74829930212F7F3E00CFA57D /* AWSAppSyncSubscriptionWatcher.swift in Sources */ = {isa = PBXBuildFile; fileRef = 748298E4212F7F3E00CFA57D /* AWSAppSyncSubscriptionWatcher.swift */; };
		74829931212F7F3E00CFA57D /* AWSAppSyncAuthProvider.swift in Sources */ = {isa = PBXBuildFile; fileRef = 748298E5212F7F3E00CFA57D /* AWSAppSyncAuthProvider.swift */; };
		74829932212F7F3E00CFA57D /* AWSAppSyncAuthProvider.swift in Sources */ = {isa = PBXBuildFile; fileRef = 748298E5212F7F3E00CFA57D /* AWSAppSyncAuthProvider.swift */; };
		74829933212F7F3E00CFA57D /* AWSS3ObjectProtocol.swift in Sources */ = {isa = PBXBuildFile; fileRef = 748298E6212F7F3E00CFA57D /* AWSS3ObjectProtocol.swift */; };
		74829934212F7F3E00CFA57D /* AWSS3ObjectProtocol.swift in Sources */ = {isa = PBXBuildFile; fileRef = 748298E6212F7F3E00CFA57D /* AWSS3ObjectProtocol.swift */; };
		74829935212F7F3E00CFA57D /* AppSyncMQTTClient.swift in Sources */ = {isa = PBXBuildFile; fileRef = 748298E7212F7F3E00CFA57D /* AppSyncMQTTClient.swift */; };
		74829936212F7F3E00CFA57D /* AppSyncMQTTClient.swift in Sources */ = {isa = PBXBuildFile; fileRef = 748298E7212F7F3E00CFA57D /* AppSyncMQTTClient.swift */; };
		74829937212F7F3E00CFA57D /* AWSOfflineMutationStore.swift in Sources */ = {isa = PBXBuildFile; fileRef = 748298E8212F7F3E00CFA57D /* AWSOfflineMutationStore.swift */; };
		74829938212F7F3E00CFA57D /* AWSOfflineMutationStore.swift in Sources */ = {isa = PBXBuildFile; fileRef = 748298E8212F7F3E00CFA57D /* AWSOfflineMutationStore.swift */; };
		74829939212F7F3E00CFA57D /* AWSAppSyncClient.swift in Sources */ = {isa = PBXBuildFile; fileRef = 748298E9212F7F3E00CFA57D /* AWSAppSyncClient.swift */; };
		7482993A212F7F3E00CFA57D /* AWSAppSyncClient.swift in Sources */ = {isa = PBXBuildFile; fileRef = 748298E9212F7F3E00CFA57D /* AWSAppSyncClient.swift */; };
		7482993B212F7F3E00CFA57D /* AWSAppSyncHTTPNetworkTransport.swift in Sources */ = {isa = PBXBuildFile; fileRef = 748298EA212F7F3E00CFA57D /* AWSAppSyncHTTPNetworkTransport.swift */; };
		7482993C212F7F3E00CFA57D /* AWSAppSyncHTTPNetworkTransport.swift in Sources */ = {isa = PBXBuildFile; fileRef = 748298EA212F7F3E00CFA57D /* AWSAppSyncHTTPNetworkTransport.swift */; };
		7482993D212F7F3E00CFA57D /* GraphQLResponse.swift in Sources */ = {isa = PBXBuildFile; fileRef = 748298EE212F7F3E00CFA57D /* GraphQLResponse.swift */; };
		7482993E212F7F3E00CFA57D /* GraphQLResponse.swift in Sources */ = {isa = PBXBuildFile; fileRef = 748298EE212F7F3E00CFA57D /* GraphQLResponse.swift */; };
		7482993F212F7F3E00CFA57D /* GraphQLOperation.swift in Sources */ = {isa = PBXBuildFile; fileRef = 748298EF212F7F3E00CFA57D /* GraphQLOperation.swift */; };
		74829940212F7F3E00CFA57D /* GraphQLOperation.swift in Sources */ = {isa = PBXBuildFile; fileRef = 748298EF212F7F3E00CFA57D /* GraphQLOperation.swift */; };
		74829941212F7F3E00CFA57D /* Utilities.swift in Sources */ = {isa = PBXBuildFile; fileRef = 748298F0212F7F3E00CFA57D /* Utilities.swift */; };
		74829942212F7F3E00CFA57D /* Utilities.swift in Sources */ = {isa = PBXBuildFile; fileRef = 748298F0212F7F3E00CFA57D /* Utilities.swift */; };
		74829943212F7F3E00CFA57D /* GraphQLDependencyTracker.swift in Sources */ = {isa = PBXBuildFile; fileRef = 748298F1212F7F3E00CFA57D /* GraphQLDependencyTracker.swift */; };
		74829944212F7F3E00CFA57D /* GraphQLDependencyTracker.swift in Sources */ = {isa = PBXBuildFile; fileRef = 748298F1212F7F3E00CFA57D /* GraphQLDependencyTracker.swift */; };
		74829945212F7F3E00CFA57D /* GraphQLResultAccumulator.swift in Sources */ = {isa = PBXBuildFile; fileRef = 748298F2212F7F3E00CFA57D /* GraphQLResultAccumulator.swift */; };
		74829946212F7F3E00CFA57D /* GraphQLResultAccumulator.swift in Sources */ = {isa = PBXBuildFile; fileRef = 748298F2212F7F3E00CFA57D /* GraphQLResultAccumulator.swift */; };
		74829947212F7F3E00CFA57D /* JSONStandardTypeConversions.swift in Sources */ = {isa = PBXBuildFile; fileRef = 748298F3212F7F3E00CFA57D /* JSONStandardTypeConversions.swift */; };
		74829948212F7F3E00CFA57D /* JSONStandardTypeConversions.swift in Sources */ = {isa = PBXBuildFile; fileRef = 748298F3212F7F3E00CFA57D /* JSONStandardTypeConversions.swift */; };
		74829949212F7F3E00CFA57D /* GraphQLResponseGenerator.swift in Sources */ = {isa = PBXBuildFile; fileRef = 748298F4212F7F3E00CFA57D /* GraphQLResponseGenerator.swift */; };
		7482994A212F7F3E00CFA57D /* GraphQLResponseGenerator.swift in Sources */ = {isa = PBXBuildFile; fileRef = 748298F4212F7F3E00CFA57D /* GraphQLResponseGenerator.swift */; };
		7482994B212F7F3E00CFA57D /* Collections.swift in Sources */ = {isa = PBXBuildFile; fileRef = 748298F5212F7F3E00CFA57D /* Collections.swift */; };
		7482994C212F7F3E00CFA57D /* Collections.swift in Sources */ = {isa = PBXBuildFile; fileRef = 748298F5212F7F3E00CFA57D /* Collections.swift */; };
		7482994D212F7F3E00CFA57D /* GraphQLQueryWatcher.swift in Sources */ = {isa = PBXBuildFile; fileRef = 748298F6212F7F3E00CFA57D /* GraphQLQueryWatcher.swift */; };
		7482994E212F7F3E00CFA57D /* GraphQLQueryWatcher.swift in Sources */ = {isa = PBXBuildFile; fileRef = 748298F6212F7F3E00CFA57D /* GraphQLQueryWatcher.swift */; };
		7482994F212F7F3E00CFA57D /* GraphQLError.swift in Sources */ = {isa = PBXBuildFile; fileRef = 748298F7212F7F3E00CFA57D /* GraphQLError.swift */; };
		74829950212F7F3E00CFA57D /* GraphQLError.swift in Sources */ = {isa = PBXBuildFile; fileRef = 748298F7212F7F3E00CFA57D /* GraphQLError.swift */; };
		74829951212F7F3E00CFA57D /* Result.swift in Sources */ = {isa = PBXBuildFile; fileRef = 748298F8212F7F3E00CFA57D /* Result.swift */; };
		74829952212F7F3E00CFA57D /* Result.swift in Sources */ = {isa = PBXBuildFile; fileRef = 748298F8212F7F3E00CFA57D /* Result.swift */; };
		74829953212F7F3E00CFA57D /* NormalizedCache.swift in Sources */ = {isa = PBXBuildFile; fileRef = 748298F9212F7F3E00CFA57D /* NormalizedCache.swift */; };
		74829954212F7F3E00CFA57D /* NormalizedCache.swift in Sources */ = {isa = PBXBuildFile; fileRef = 748298F9212F7F3E00CFA57D /* NormalizedCache.swift */; };
		74829955212F7F3E00CFA57D /* GraphQLSelectionSet.swift in Sources */ = {isa = PBXBuildFile; fileRef = 748298FA212F7F3E00CFA57D /* GraphQLSelectionSet.swift */; };
		74829956212F7F3E00CFA57D /* GraphQLSelectionSet.swift in Sources */ = {isa = PBXBuildFile; fileRef = 748298FA212F7F3E00CFA57D /* GraphQLSelectionSet.swift */; };
		74829957212F7F3E00CFA57D /* JSON.swift in Sources */ = {isa = PBXBuildFile; fileRef = 748298FB212F7F3E00CFA57D /* JSON.swift */; };
		74829958212F7F3E00CFA57D /* JSON.swift in Sources */ = {isa = PBXBuildFile; fileRef = 748298FB212F7F3E00CFA57D /* JSON.swift */; };
		74829959212F7F3E00CFA57D /* AsynchronousOperation.swift in Sources */ = {isa = PBXBuildFile; fileRef = 748298FC212F7F3E00CFA57D /* AsynchronousOperation.swift */; };
		7482995A212F7F3E00CFA57D /* AsynchronousOperation.swift in Sources */ = {isa = PBXBuildFile; fileRef = 748298FC212F7F3E00CFA57D /* AsynchronousOperation.swift */; };
		7482995B212F7F3E00CFA57D /* GraphQLExecutor.swift in Sources */ = {isa = PBXBuildFile; fileRef = 748298FE212F7F3E00CFA57D /* GraphQLExecutor.swift */; };
		7482995C212F7F3E00CFA57D /* GraphQLExecutor.swift in Sources */ = {isa = PBXBuildFile; fileRef = 748298FE212F7F3E00CFA57D /* GraphQLExecutor.swift */; };
		7482995D212F7F3E00CFA57D /* JSONSerializationFormat.swift in Sources */ = {isa = PBXBuildFile; fileRef = 748298FF212F7F3E00CFA57D /* JSONSerializationFormat.swift */; };
		7482995E212F7F3E00CFA57D /* JSONSerializationFormat.swift in Sources */ = {isa = PBXBuildFile; fileRef = 748298FF212F7F3E00CFA57D /* JSONSerializationFormat.swift */; };
		7482995F212F7F3E00CFA57D /* ApolloStore.swift in Sources */ = {isa = PBXBuildFile; fileRef = 74829900212F7F3E00CFA57D /* ApolloStore.swift */; };
		74829960212F7F3E00CFA57D /* ApolloStore.swift in Sources */ = {isa = PBXBuildFile; fileRef = 74829900212F7F3E00CFA57D /* ApolloStore.swift */; };
		74829961212F7F3E00CFA57D /* GraphQLSelectionSetMapper.swift in Sources */ = {isa = PBXBuildFile; fileRef = 74829901212F7F3E00CFA57D /* GraphQLSelectionSetMapper.swift */; };
		74829962212F7F3E00CFA57D /* GraphQLSelectionSetMapper.swift in Sources */ = {isa = PBXBuildFile; fileRef = 74829901212F7F3E00CFA57D /* GraphQLSelectionSetMapper.swift */; };
		74829963212F7F3E00CFA57D /* GraphQLInputValue.swift in Sources */ = {isa = PBXBuildFile; fileRef = 74829902212F7F3E00CFA57D /* GraphQLInputValue.swift */; };
		74829964212F7F3E00CFA57D /* GraphQLInputValue.swift in Sources */ = {isa = PBXBuildFile; fileRef = 74829902212F7F3E00CFA57D /* GraphQLInputValue.swift */; };
		74829965212F7F3E00CFA57D /* HTTPNetworkTransport.swift in Sources */ = {isa = PBXBuildFile; fileRef = 74829903212F7F3E00CFA57D /* HTTPNetworkTransport.swift */; };
		74829966212F7F3E00CFA57D /* HTTPNetworkTransport.swift in Sources */ = {isa = PBXBuildFile; fileRef = 74829903212F7F3E00CFA57D /* HTTPNetworkTransport.swift */; };
		74829967212F7F3E00CFA57D /* Promise.swift in Sources */ = {isa = PBXBuildFile; fileRef = 74829904212F7F3E00CFA57D /* Promise.swift */; };
		74829968212F7F3E00CFA57D /* Promise.swift in Sources */ = {isa = PBXBuildFile; fileRef = 74829904212F7F3E00CFA57D /* Promise.swift */; };
		74829969212F7F3E00CFA57D /* Record.swift in Sources */ = {isa = PBXBuildFile; fileRef = 74829905212F7F3E00CFA57D /* Record.swift */; };
		7482996A212F7F3E00CFA57D /* Record.swift in Sources */ = {isa = PBXBuildFile; fileRef = 74829905212F7F3E00CFA57D /* Record.swift */; };
		7482996B212F7F3E00CFA57D /* AWSGraphQLSubscriptionResponse.swift in Sources */ = {isa = PBXBuildFile; fileRef = 74829906212F7F3E00CFA57D /* AWSGraphQLSubscriptionResponse.swift */; };
		7482996C212F7F3E00CFA57D /* AWSGraphQLSubscriptionResponse.swift in Sources */ = {isa = PBXBuildFile; fileRef = 74829906212F7F3E00CFA57D /* AWSGraphQLSubscriptionResponse.swift */; };
		7482996D212F7F3E00CFA57D /* InMemoryNormalizedCache.swift in Sources */ = {isa = PBXBuildFile; fileRef = 74829907212F7F3E00CFA57D /* InMemoryNormalizedCache.swift */; };
		7482996E212F7F3E00CFA57D /* InMemoryNormalizedCache.swift in Sources */ = {isa = PBXBuildFile; fileRef = 74829907212F7F3E00CFA57D /* InMemoryNormalizedCache.swift */; };
		7482996F212F7F3E00CFA57D /* DataLoader.swift in Sources */ = {isa = PBXBuildFile; fileRef = 74829908212F7F3E00CFA57D /* DataLoader.swift */; };
		74829970212F7F3E00CFA57D /* DataLoader.swift in Sources */ = {isa = PBXBuildFile; fileRef = 74829908212F7F3E00CFA57D /* DataLoader.swift */; };
		74829971212F7F3E00CFA57D /* GraphQLResultNormalizer.swift in Sources */ = {isa = PBXBuildFile; fileRef = 74829909212F7F3E00CFA57D /* GraphQLResultNormalizer.swift */; };
		74829972212F7F3E00CFA57D /* GraphQLResultNormalizer.swift in Sources */ = {isa = PBXBuildFile; fileRef = 74829909212F7F3E00CFA57D /* GraphQLResultNormalizer.swift */; };
		74829973212F7F3E00CFA57D /* ResultOrPromise.swift in Sources */ = {isa = PBXBuildFile; fileRef = 7482990A212F7F3E00CFA57D /* ResultOrPromise.swift */; };
		74829974212F7F3E00CFA57D /* ResultOrPromise.swift in Sources */ = {isa = PBXBuildFile; fileRef = 7482990A212F7F3E00CFA57D /* ResultOrPromise.swift */; };
		74829975212F7F3E00CFA57D /* ApolloClient.swift in Sources */ = {isa = PBXBuildFile; fileRef = 7482990B212F7F3E00CFA57D /* ApolloClient.swift */; };
		74829976212F7F3E00CFA57D /* ApolloClient.swift in Sources */ = {isa = PBXBuildFile; fileRef = 7482990B212F7F3E00CFA57D /* ApolloClient.swift */; };
		74829977212F7F3E00CFA57D /* RecordSet.swift in Sources */ = {isa = PBXBuildFile; fileRef = 7482990C212F7F3E00CFA57D /* RecordSet.swift */; };
		74829978212F7F3E00CFA57D /* RecordSet.swift in Sources */ = {isa = PBXBuildFile; fileRef = 7482990C212F7F3E00CFA57D /* RecordSet.swift */; };
		7482997A212F7F3E00CFA57D /* Info.plist in Resources */ = {isa = PBXBuildFile; fileRef = 7482990D212F7F3E00CFA57D /* Info.plist */; };
		7482997B212F7F3E00CFA57D /* NetworkTransport.swift in Sources */ = {isa = PBXBuildFile; fileRef = 7482990E212F7F3E00CFA57D /* NetworkTransport.swift */; };
		7482997C212F7F3E00CFA57D /* NetworkTransport.swift in Sources */ = {isa = PBXBuildFile; fileRef = 7482990E212F7F3E00CFA57D /* NetworkTransport.swift */; };
		7482997D212F7F3E00CFA57D /* Locking.swift in Sources */ = {isa = PBXBuildFile; fileRef = 7482990F212F7F3E00CFA57D /* Locking.swift */; };
		7482997E212F7F3E00CFA57D /* Locking.swift in Sources */ = {isa = PBXBuildFile; fileRef = 7482990F212F7F3E00CFA57D /* Locking.swift */; };
		7482997F212F7F3E00CFA57D /* GraphQLResult.swift in Sources */ = {isa = PBXBuildFile; fileRef = 74829910212F7F3E00CFA57D /* GraphQLResult.swift */; };
		74829980212F7F3E00CFA57D /* GraphQLResult.swift in Sources */ = {isa = PBXBuildFile; fileRef = 74829910212F7F3E00CFA57D /* GraphQLResult.swift */; };
		74829981212F7F3E00CFA57D /* AWSAppSyncClientConflictResolutionExtensions.swift in Sources */ = {isa = PBXBuildFile; fileRef = 74829911212F7F3E00CFA57D /* AWSAppSyncClientConflictResolutionExtensions.swift */; };
		74829982212F7F3E00CFA57D /* AWSAppSyncClientConflictResolutionExtensions.swift in Sources */ = {isa = PBXBuildFile; fileRef = 74829911212F7F3E00CFA57D /* AWSAppSyncClientConflictResolutionExtensions.swift */; };
		74829983212F7F3E00CFA57D /* AWSIoTCSR.m in Sources */ = {isa = PBXBuildFile; fileRef = 74829913212F7F3E00CFA57D /* AWSIoTCSR.m */; };
		74829984212F7F3E00CFA57D /* AWSIoTCSR.m in Sources */ = {isa = PBXBuildFile; fileRef = 74829913212F7F3E00CFA57D /* AWSIoTCSR.m */; };
		74829985212F7F3E00CFA57D /* AWSIoTMQTTClient.m in Sources */ = {isa = PBXBuildFile; fileRef = 74829914212F7F3E00CFA57D /* AWSIoTMQTTClient.m */; };
		74829986212F7F3E00CFA57D /* AWSIoTMQTTClient.m in Sources */ = {isa = PBXBuildFile; fileRef = 74829914212F7F3E00CFA57D /* AWSIoTMQTTClient.m */; };
		74829988212F7F3E00CFA57D /* LICENSE in Resources */ = {isa = PBXBuildFile; fileRef = 74829918212F7F3E00CFA57D /* LICENSE */; };
		74829989212F7F3E00CFA57D /* AWSSRWebSocket.m in Sources */ = {isa = PBXBuildFile; fileRef = 74829919212F7F3E00CFA57D /* AWSSRWebSocket.m */; };
		7482998A212F7F3E00CFA57D /* AWSSRWebSocket.m in Sources */ = {isa = PBXBuildFile; fileRef = 74829919212F7F3E00CFA57D /* AWSSRWebSocket.m */; };
		7482998B212F7F3E00CFA57D /* AWSIoTWebSocketOutputStream.m in Sources */ = {isa = PBXBuildFile; fileRef = 7482991A212F7F3E00CFA57D /* AWSIoTWebSocketOutputStream.m */; };
		7482998C212F7F3E00CFA57D /* AWSIoTWebSocketOutputStream.m in Sources */ = {isa = PBXBuildFile; fileRef = 7482991A212F7F3E00CFA57D /* AWSIoTWebSocketOutputStream.m */; };
		7482998D212F7F3E00CFA57D /* AWSMQTTSession.m in Sources */ = {isa = PBXBuildFile; fileRef = 7482991F212F7F3E00CFA57D /* AWSMQTTSession.m */; };
		7482998E212F7F3E00CFA57D /* AWSMQTTSession.m in Sources */ = {isa = PBXBuildFile; fileRef = 7482991F212F7F3E00CFA57D /* AWSMQTTSession.m */; };
		7482998F212F7F3E00CFA57D /* AWSMQTTEncoder.m in Sources */ = {isa = PBXBuildFile; fileRef = 74829920212F7F3E00CFA57D /* AWSMQTTEncoder.m */; };
		74829990212F7F3E00CFA57D /* AWSMQTTEncoder.m in Sources */ = {isa = PBXBuildFile; fileRef = 74829920212F7F3E00CFA57D /* AWSMQTTEncoder.m */; };
		74829991212F7F3E00CFA57D /* AWSMQttTxFlow.m in Sources */ = {isa = PBXBuildFile; fileRef = 74829925212F7F3E00CFA57D /* AWSMQttTxFlow.m */; };
		74829992212F7F3E00CFA57D /* AWSMQttTxFlow.m in Sources */ = {isa = PBXBuildFile; fileRef = 74829925212F7F3E00CFA57D /* AWSMQttTxFlow.m */; };
		74829993212F7F3E00CFA57D /* AWSMQTTDecoder.m in Sources */ = {isa = PBXBuildFile; fileRef = 74829927212F7F3E00CFA57D /* AWSMQTTDecoder.m */; };
		74829994212F7F3E00CFA57D /* AWSMQTTDecoder.m in Sources */ = {isa = PBXBuildFile; fileRef = 74829927212F7F3E00CFA57D /* AWSMQTTDecoder.m */; };
		74829995212F7F3E00CFA57D /* AWSMQTTMessage.m in Sources */ = {isa = PBXBuildFile; fileRef = 74829928212F7F3E00CFA57D /* AWSMQTTMessage.m */; };
		74829996212F7F3E00CFA57D /* AWSMQTTMessage.m in Sources */ = {isa = PBXBuildFile; fileRef = 74829928212F7F3E00CFA57D /* AWSMQTTMessage.m */; };
		74829997212F7F3E00CFA57D /* AWSIoTKeychain.m in Sources */ = {isa = PBXBuildFile; fileRef = 74829929212F7F3E00CFA57D /* AWSIoTKeychain.m */; };
		74829998212F7F3E00CFA57D /* AWSIoTKeychain.m in Sources */ = {isa = PBXBuildFile; fileRef = 74829929212F7F3E00CFA57D /* AWSIoTKeychain.m */; };
		74829999212F7F3E00CFA57D /* AWSAppSyncClientS3ObjectsExtensions.swift in Sources */ = {isa = PBXBuildFile; fileRef = 7482992B212F7F3E00CFA57D /* AWSAppSyncClientS3ObjectsExtensions.swift */; };
		7482999A212F7F3E00CFA57D /* AWSAppSyncClientS3ObjectsExtensions.swift in Sources */ = {isa = PBXBuildFile; fileRef = 7482992B212F7F3E00CFA57D /* AWSAppSyncClientS3ObjectsExtensions.swift */; };
		7482999C212F7F3E00CFA57D /* Info.plist in Resources */ = {isa = PBXBuildFile; fileRef = 7482992C212F7F3E00CFA57D /* Info.plist */; };
		7482999D212F7F3E00CFA57D /* AWSNetworkTransport.swift in Sources */ = {isa = PBXBuildFile; fileRef = 7482992D212F7F3E00CFA57D /* AWSNetworkTransport.swift */; };
		7482999E212F7F3E00CFA57D /* AWSNetworkTransport.swift in Sources */ = {isa = PBXBuildFile; fileRef = 7482992D212F7F3E00CFA57D /* AWSNetworkTransport.swift */; };
		7482999F212F7F3E00CFA57D /* AWSSQLLiteNormalizedCache.swift in Sources */ = {isa = PBXBuildFile; fileRef = 7482992E212F7F3E00CFA57D /* AWSSQLLiteNormalizedCache.swift */; };
		748299A0212F7F3E00CFA57D /* AWSSQLLiteNormalizedCache.swift in Sources */ = {isa = PBXBuildFile; fileRef = 7482992E212F7F3E00CFA57D /* AWSSQLLiteNormalizedCache.swift */; };
		74DB8B2A212DD433003EDCEC /* AuthManager.swift in Sources */ = {isa = PBXBuildFile; fileRef = 74DB8B29212DD433003EDCEC /* AuthManager.swift */; };
		74DB8B2C212DD4B9003EDCEC /* LambdaMessengerError.swift in Sources */ = {isa = PBXBuildFile; fileRef = 74DB8B2B212DD4B9003EDCEC /* LambdaMessengerError.swift */; };
		74DB8B2E212DD4D5003EDCEC /* AppSyncBridge.swift in Sources */ = {isa = PBXBuildFile; fileRef = 74DB8B2D212DD4D5003EDCEC /* AppSyncBridge.swift */; };
		74DB8B2F212DD672003EDCEC /* AuthManager.swift in Sources */ = {isa = PBXBuildFile; fileRef = 74DB8B29212DD433003EDCEC /* AuthManager.swift */; };
		74DB8B30212DD674003EDCEC /* LambdaMessengerError.swift in Sources */ = {isa = PBXBuildFile; fileRef = 74DB8B2B212DD4B9003EDCEC /* LambdaMessengerError.swift */; };
		74DB8B31212DD676003EDCEC /* AppSyncBridge.swift in Sources */ = {isa = PBXBuildFile; fileRef = 74DB8B2D212DD4D5003EDCEC /* AppSyncBridge.swift */; };
		74E7FE89211DC30E004E8092 /* Promises.framework in Frameworks */ = {isa = PBXBuildFile; fileRef = 74E7FE88211DC30E004E8092 /* Promises.framework */; };
		74E7FE8C211DC777004E8092 /* Promises.framework in Embed Frameworks */ = {isa = PBXBuildFile; fileRef = 74E7FE88211DC30E004E8092 /* Promises.framework */; settings = {ATTRIBUTES = (CodeSignOnCopy, RemoveHeadersOnCopy, ); }; };
		74E7FE92211DC7ED004E8092 /* Promises.framework in Frameworks */ = {isa = PBXBuildFile; fileRef = 74E7FE88211DC30E004E8092 /* Promises.framework */; };
		74E7FE94211DCA84004E8092 /* ApiManager.swift in Sources */ = {isa = PBXBuildFile; fileRef = 74E7FE93211DCA84004E8092 /* ApiManager.swift */; };
		74E7FE95211DCA84004E8092 /* ApiManager.swift in Sources */ = {isa = PBXBuildFile; fileRef = 74E7FE93211DCA84004E8092 /* ApiManager.swift */; };
		74E7FE98211DCE84004E8092 /* FBLPromises.framework in Frameworks */ = {isa = PBXBuildFile; fileRef = 74E7FE96211DCE84004E8092 /* FBLPromises.framework */; };
/* End PBXBuildFile section */

/* Begin PBXContainerItemProxy section */
		7402C2C1211A850E00C3D536 /* PBXContainerItemProxy */ = {
			isa = PBXContainerItemProxy;
			containerPortal = 7402C2A4211A850B00C3D536 /* Project object */;
			proxyType = 1;
			remoteGlobalIDString = 7402C2AB211A850B00C3D536;
			remoteInfo = LambdaMessenger;
		};
/* End PBXContainerItemProxy section */

/* Begin PBXCopyFilesBuildPhase section */
		7449B1CF211B6BA8009F2EB8 /* Embed Frameworks */ = {
			isa = PBXCopyFilesBuildPhase;
			buildActionMask = 2147483647;
			dstPath = "";
			dstSubfolderSpec = 10;
			files = (
				746AB937211D6E18006D73BD /* AWSCore.framework in Embed Frameworks */,
				746AB91C211C6307006D73BD /* libPhoneNumberiOS.framework in Embed Frameworks */,
				7449B1D3211B6BD4009F2EB8 /* Alamofire.framework in Embed Frameworks */,
				74E7FE8C211DC777004E8092 /* Promises.framework in Embed Frameworks */,
				7449B1D5211B6BE7009F2EB8 /* ObjcExceptionBridging.framework in Embed Frameworks */,
				7449B1CE211B6BA8009F2EB8 /* XCGLogger.framework in Embed Frameworks */,
				747D3E3C212F890C0089703E /* FBLPromises.framework in Embed Frameworks */,
				746ABA05211D76B0006D73BD /* SQLite.framework in Embed Frameworks */,
				746ABA03211D76AD006D73BD /* Reachability.framework in Embed Frameworks */,
			);
			name = "Embed Frameworks";
			runOnlyForDeploymentPostprocessing = 0;
		};
/* End PBXCopyFilesBuildPhase section */

/* Begin PBXFileReference section */
		7402C2AC211A850B00C3D536 /* LambdaMessenger.app */ = {isa = PBXFileReference; explicitFileType = wrapper.application; includeInIndex = 0; path = LambdaMessenger.app; sourceTree = BUILT_PRODUCTS_DIR; };
		7402C2AF211A850B00C3D536 /* AppDelegate.swift */ = {isa = PBXFileReference; lastKnownFileType = sourcecode.swift; path = AppDelegate.swift; sourceTree = "<group>"; };
		7402C2B4211A850B00C3D536 /* Base */ = {isa = PBXFileReference; lastKnownFileType = file.storyboard; name = Base; path = Base.lproj/Main.storyboard; sourceTree = "<group>"; };
		7402C2B6211A850E00C3D536 /* Assets.xcassets */ = {isa = PBXFileReference; lastKnownFileType = folder.assetcatalog; path = Assets.xcassets; sourceTree = "<group>"; };
		7402C2B9211A850E00C3D536 /* Base */ = {isa = PBXFileReference; lastKnownFileType = file.storyboard; name = Base; path = Base.lproj/LaunchScreen.storyboard; sourceTree = "<group>"; };
		7402C2BB211A850E00C3D536 /* Info.plist */ = {isa = PBXFileReference; lastKnownFileType = text.plist.xml; path = Info.plist; sourceTree = "<group>"; };
		7402C2C0211A850E00C3D536 /* LambdaMessengerTests.xctest */ = {isa = PBXFileReference; explicitFileType = wrapper.cfbundle; includeInIndex = 0; path = LambdaMessengerTests.xctest; sourceTree = BUILT_PRODUCTS_DIR; };
		7402C2C4211A850E00C3D536 /* LambdaMessengerTests.swift */ = {isa = PBXFileReference; lastKnownFileType = sourcecode.swift; path = LambdaMessengerTests.swift; sourceTree = "<group>"; };
		7402C2C6211A850E00C3D536 /* Info.plist */ = {isa = PBXFileReference; lastKnownFileType = text.plist.xml; path = Info.plist; sourceTree = "<group>"; };
		7449B1BC211B6B27009F2EB8 /* Firebase.framework */ = {isa = PBXFileReference; lastKnownFileType = wrapper.framework; name = Firebase.framework; path = Carthage/Build/iOS/Firebase.framework; sourceTree = SOURCE_ROOT; };
		7449B1BD211B6B27009F2EB8 /* ObjcExceptionBridging.framework */ = {isa = PBXFileReference; lastKnownFileType = wrapper.framework; name = ObjcExceptionBridging.framework; path = Carthage/Build/iOS/ObjcExceptionBridging.framework; sourceTree = SOURCE_ROOT; };
		7449B1BE211B6B27009F2EB8 /* FirebaseAnalytics.framework */ = {isa = PBXFileReference; lastKnownFileType = wrapper.framework; name = FirebaseAnalytics.framework; path = Carthage/Build/iOS/FirebaseAnalytics.framework; sourceTree = SOURCE_ROOT; };
		7449B1BF211B6B27009F2EB8 /* Alamofire.framework */ = {isa = PBXFileReference; lastKnownFileType = wrapper.framework; name = Alamofire.framework; path = Carthage/Build/iOS/Alamofire.framework; sourceTree = SOURCE_ROOT; };
		7449B1C0211B6B27009F2EB8 /* FirebaseAuth.framework */ = {isa = PBXFileReference; lastKnownFileType = wrapper.framework; name = FirebaseAuth.framework; path = Carthage/Build/iOS/FirebaseAuth.framework; sourceTree = SOURCE_ROOT; };
		7449B1C1211B6B27009F2EB8 /* FirebaseCore.framework */ = {isa = PBXFileReference; lastKnownFileType = wrapper.framework; name = FirebaseCore.framework; path = Carthage/Build/iOS/FirebaseCore.framework; sourceTree = SOURCE_ROOT; };
		7449B1C2211B6B27009F2EB8 /* XCGLogger.framework */ = {isa = PBXFileReference; lastKnownFileType = wrapper.framework; name = XCGLogger.framework; path = Carthage/Build/iOS/XCGLogger.framework; sourceTree = SOURCE_ROOT; };
		7449B1D6211B6C74009F2EB8 /* nanopb.framework */ = {isa = PBXFileReference; lastKnownFileType = wrapper.framework; name = nanopb.framework; path = Carthage/Build/iOS/nanopb.framework; sourceTree = SOURCE_ROOT; };
		7449B1DB211B6CCC009F2EB8 /* FirebaseNanoPB.framework */ = {isa = PBXFileReference; lastKnownFileType = wrapper.framework; name = FirebaseNanoPB.framework; path = Carthage/Build/iOS/FirebaseNanoPB.framework; sourceTree = SOURCE_ROOT; };
		7449B1DD211B6CEB009F2EB8 /* GTMSessionFetcher.framework */ = {isa = PBXFileReference; lastKnownFileType = wrapper.framework; name = GTMSessionFetcher.framework; path = Carthage/Build/iOS/GTMSessionFetcher.framework; sourceTree = SOURCE_ROOT; };
		7449B1DE211B6CEB009F2EB8 /* GoogleToolboxForMac.framework */ = {isa = PBXFileReference; lastKnownFileType = wrapper.framework; name = GoogleToolboxForMac.framework; path = Carthage/Build/iOS/GoogleToolboxForMac.framework; sourceTree = SOURCE_ROOT; };
		7449B1E1211B6D3A009F2EB8 /* Protobuf.framework */ = {isa = PBXFileReference; lastKnownFileType = wrapper.framework; name = Protobuf.framework; path = Carthage/Build/iOS/Protobuf.framework; sourceTree = SOURCE_ROOT; };
		7449B1E3211B6D51009F2EB8 /* FirebaseInstanceID.framework */ = {isa = PBXFileReference; lastKnownFileType = wrapper.framework; name = FirebaseInstanceID.framework; path = Carthage/Build/iOS/FirebaseInstanceID.framework; sourceTree = SOURCE_ROOT; };
		7449B1E6211B6E51009F2EB8 /* ChatSessionViewController.swift */ = {isa = PBXFileReference; fileEncoding = 4; lastKnownFileType = sourcecode.swift; path = ChatSessionViewController.swift; sourceTree = "<group>"; };
		7449B1E7211B6E51009F2EB8 /* DashboardViewController.swift */ = {isa = PBXFileReference; fileEncoding = 4; lastKnownFileType = sourcecode.swift; path = DashboardViewController.swift; sourceTree = "<group>"; };
		7449B1E9211B6E51009F2EB8 /* SettingsViewController.swift */ = {isa = PBXFileReference; fileEncoding = 4; lastKnownFileType = sourcecode.swift; path = SettingsViewController.swift; sourceTree = "<group>"; };
		7449B1EB211B6E51009F2EB8 /* ReadyViewController.swift */ = {isa = PBXFileReference; fileEncoding = 4; lastKnownFileType = sourcecode.swift; path = ReadyViewController.swift; sourceTree = "<group>"; };
		7449B1EC211B6E51009F2EB8 /* ValidateViewController.swift */ = {isa = PBXFileReference; fileEncoding = 4; lastKnownFileType = sourcecode.swift; path = ValidateViewController.swift; sourceTree = "<group>"; };
		7449B1EE211B6E51009F2EB8 /* RegisterViewController.swift */ = {isa = PBXFileReference; fileEncoding = 4; lastKnownFileType = sourcecode.swift; path = RegisterViewController.swift; sourceTree = "<group>"; };
		7449B1F8211B6F96009F2EB8 /* PhoneNumberUtil.swift */ = {isa = PBXFileReference; lastKnownFileType = sourcecode.swift; path = PhoneNumberUtil.swift; sourceTree = "<group>"; };
		74594A2D212879D5009208DC /* TestUtils.swift */ = {isa = PBXFileReference; lastKnownFileType = sourcecode.swift; path = TestUtils.swift; sourceTree = "<group>"; };
		746AB917211B9FDE006D73BD /* LambdaMessenger.entitlements */ = {isa = PBXFileReference; lastKnownFileType = text.plist.entitlements; path = LambdaMessenger.entitlements; sourceTree = "<group>"; };
		746AB918211C5F6C006D73BD /* libPhoneNumberiOS.framework */ = {isa = PBXFileReference; lastKnownFileType = wrapper.framework; name = libPhoneNumberiOS.framework; path = Carthage/Build/iOS/libPhoneNumberiOS.framework; sourceTree = SOURCE_ROOT; };
		746AB91D211C71D2006D73BD /* ComposeMessageViewController.swift */ = {isa = PBXFileReference; lastKnownFileType = sourcecode.swift; path = ComposeMessageViewController.swift; sourceTree = "<group>"; };
		746AB91F211D4589006D73BD /* API.swift */ = {isa = PBXFileReference; fileEncoding = 4; lastKnownFileType = sourcecode.swift; path = API.swift; sourceTree = "<group>"; };
		746AB92B211D5BDA006D73BD /* AppsyncTests.swift */ = {isa = PBXFileReference; lastKnownFileType = sourcecode.swift; path = AppsyncTests.swift; sourceTree = "<group>"; };
		746AB933211D6E15006D73BD /* AWSCore.framework */ = {isa = PBXFileReference; lastKnownFileType = wrapper.framework; name = AWSCore.framework; path = Carthage/Build/iOS/AWSCore.framework; sourceTree = SOURCE_ROOT; };
		746AB9FA211D7689006D73BD /* SQLite.framework */ = {isa = PBXFileReference; lastKnownFileType = wrapper.framework; name = SQLite.framework; path = Carthage/Build/iOS/SQLite.framework; sourceTree = SOURCE_ROOT; };
		746AB9FB211D7689006D73BD /* Reachability.framework */ = {isa = PBXFileReference; lastKnownFileType = wrapper.framework; name = Reachability.framework; path = Carthage/Build/iOS/Reachability.framework; sourceTree = SOURCE_ROOT; };
		7480B39B211B44DD00A147E5 /* LambdaMessenger-Bridging-Header.h */ = {isa = PBXFileReference; lastKnownFileType = sourcecode.c.h; path = "LambdaMessenger-Bridging-Header.h"; sourceTree = "<group>"; };
		7480B39E211B481F00A147E5 /* GoogleService-Info.plist */ = {isa = PBXFileReference; fileEncoding = 4; lastKnownFileType = text.plist.xml; path = "GoogleService-Info.plist"; sourceTree = SOURCE_ROOT; };
		748298E3212F7F3E00CFA57D /* AWSAppSync.h */ = {isa = PBXFileReference; fileEncoding = 4; lastKnownFileType = sourcecode.c.h; path = AWSAppSync.h; sourceTree = "<group>"; };
		748298E4212F7F3E00CFA57D /* AWSAppSyncSubscriptionWatcher.swift */ = {isa = PBXFileReference; fileEncoding = 4; lastKnownFileType = sourcecode.swift; path = AWSAppSyncSubscriptionWatcher.swift; sourceTree = "<group>"; };
		748298E5212F7F3E00CFA57D /* AWSAppSyncAuthProvider.swift */ = {isa = PBXFileReference; fileEncoding = 4; lastKnownFileType = sourcecode.swift; path = AWSAppSyncAuthProvider.swift; sourceTree = "<group>"; };
		748298E6212F7F3E00CFA57D /* AWSS3ObjectProtocol.swift */ = {isa = PBXFileReference; fileEncoding = 4; lastKnownFileType = sourcecode.swift; path = AWSS3ObjectProtocol.swift; sourceTree = "<group>"; };
		748298E7212F7F3E00CFA57D /* AppSyncMQTTClient.swift */ = {isa = PBXFileReference; fileEncoding = 4; lastKnownFileType = sourcecode.swift; path = AppSyncMQTTClient.swift; sourceTree = "<group>"; };
		748298E8212F7F3E00CFA57D /* AWSOfflineMutationStore.swift */ = {isa = PBXFileReference; fileEncoding = 4; lastKnownFileType = sourcecode.swift; path = AWSOfflineMutationStore.swift; sourceTree = "<group>"; };
		748298E9212F7F3E00CFA57D /* AWSAppSyncClient.swift */ = {isa = PBXFileReference; fileEncoding = 4; lastKnownFileType = sourcecode.swift; path = AWSAppSyncClient.swift; sourceTree = "<group>"; };
		748298EA212F7F3E00CFA57D /* AWSAppSyncHTTPNetworkTransport.swift */ = {isa = PBXFileReference; fileEncoding = 4; lastKnownFileType = sourcecode.swift; path = AWSAppSyncHTTPNetworkTransport.swift; sourceTree = "<group>"; };
		748298EE212F7F3E00CFA57D /* GraphQLResponse.swift */ = {isa = PBXFileReference; fileEncoding = 4; lastKnownFileType = sourcecode.swift; path = GraphQLResponse.swift; sourceTree = "<group>"; };
		748298EF212F7F3E00CFA57D /* GraphQLOperation.swift */ = {isa = PBXFileReference; fileEncoding = 4; lastKnownFileType = sourcecode.swift; path = GraphQLOperation.swift; sourceTree = "<group>"; };
		748298F0212F7F3E00CFA57D /* Utilities.swift */ = {isa = PBXFileReference; fileEncoding = 4; lastKnownFileType = sourcecode.swift; path = Utilities.swift; sourceTree = "<group>"; };
		748298F1212F7F3E00CFA57D /* GraphQLDependencyTracker.swift */ = {isa = PBXFileReference; fileEncoding = 4; lastKnownFileType = sourcecode.swift; path = GraphQLDependencyTracker.swift; sourceTree = "<group>"; };
		748298F2212F7F3E00CFA57D /* GraphQLResultAccumulator.swift */ = {isa = PBXFileReference; fileEncoding = 4; lastKnownFileType = sourcecode.swift; path = GraphQLResultAccumulator.swift; sourceTree = "<group>"; };
		748298F3212F7F3E00CFA57D /* JSONStandardTypeConversions.swift */ = {isa = PBXFileReference; fileEncoding = 4; lastKnownFileType = sourcecode.swift; path = JSONStandardTypeConversions.swift; sourceTree = "<group>"; };
		748298F4212F7F3E00CFA57D /* GraphQLResponseGenerator.swift */ = {isa = PBXFileReference; fileEncoding = 4; lastKnownFileType = sourcecode.swift; path = GraphQLResponseGenerator.swift; sourceTree = "<group>"; };
		748298F5212F7F3E00CFA57D /* Collections.swift */ = {isa = PBXFileReference; fileEncoding = 4; lastKnownFileType = sourcecode.swift; path = Collections.swift; sourceTree = "<group>"; };
		748298F6212F7F3E00CFA57D /* GraphQLQueryWatcher.swift */ = {isa = PBXFileReference; fileEncoding = 4; lastKnownFileType = sourcecode.swift; path = GraphQLQueryWatcher.swift; sourceTree = "<group>"; };
		748298F7212F7F3E00CFA57D /* GraphQLError.swift */ = {isa = PBXFileReference; fileEncoding = 4; lastKnownFileType = sourcecode.swift; path = GraphQLError.swift; sourceTree = "<group>"; };
		748298F8212F7F3E00CFA57D /* Result.swift */ = {isa = PBXFileReference; fileEncoding = 4; lastKnownFileType = sourcecode.swift; path = Result.swift; sourceTree = "<group>"; };
		748298F9212F7F3E00CFA57D /* NormalizedCache.swift */ = {isa = PBXFileReference; fileEncoding = 4; lastKnownFileType = sourcecode.swift; path = NormalizedCache.swift; sourceTree = "<group>"; };
		748298FA212F7F3E00CFA57D /* GraphQLSelectionSet.swift */ = {isa = PBXFileReference; fileEncoding = 4; lastKnownFileType = sourcecode.swift; path = GraphQLSelectionSet.swift; sourceTree = "<group>"; };
		748298FB212F7F3E00CFA57D /* JSON.swift */ = {isa = PBXFileReference; fileEncoding = 4; lastKnownFileType = sourcecode.swift; path = JSON.swift; sourceTree = "<group>"; };
		748298FC212F7F3E00CFA57D /* AsynchronousOperation.swift */ = {isa = PBXFileReference; fileEncoding = 4; lastKnownFileType = sourcecode.swift; path = AsynchronousOperation.swift; sourceTree = "<group>"; };
		748298FD212F7F3E00CFA57D /* Apollo.h */ = {isa = PBXFileReference; fileEncoding = 4; lastKnownFileType = sourcecode.c.h; path = Apollo.h; sourceTree = "<group>"; };
		748298FE212F7F3E00CFA57D /* GraphQLExecutor.swift */ = {isa = PBXFileReference; fileEncoding = 4; lastKnownFileType = sourcecode.swift; path = GraphQLExecutor.swift; sourceTree = "<group>"; };
		748298FF212F7F3E00CFA57D /* JSONSerializationFormat.swift */ = {isa = PBXFileReference; fileEncoding = 4; lastKnownFileType = sourcecode.swift; path = JSONSerializationFormat.swift; sourceTree = "<group>"; };
		74829900212F7F3E00CFA57D /* ApolloStore.swift */ = {isa = PBXFileReference; fileEncoding = 4; lastKnownFileType = sourcecode.swift; path = ApolloStore.swift; sourceTree = "<group>"; };
		74829901212F7F3E00CFA57D /* GraphQLSelectionSetMapper.swift */ = {isa = PBXFileReference; fileEncoding = 4; lastKnownFileType = sourcecode.swift; path = GraphQLSelectionSetMapper.swift; sourceTree = "<group>"; };
		74829902212F7F3E00CFA57D /* GraphQLInputValue.swift */ = {isa = PBXFileReference; fileEncoding = 4; lastKnownFileType = sourcecode.swift; path = GraphQLInputValue.swift; sourceTree = "<group>"; };
		74829903212F7F3E00CFA57D /* HTTPNetworkTransport.swift */ = {isa = PBXFileReference; fileEncoding = 4; lastKnownFileType = sourcecode.swift; path = HTTPNetworkTransport.swift; sourceTree = "<group>"; };
		74829904212F7F3E00CFA57D /* Promise.swift */ = {isa = PBXFileReference; fileEncoding = 4; lastKnownFileType = sourcecode.swift; path = Promise.swift; sourceTree = "<group>"; };
		74829905212F7F3E00CFA57D /* Record.swift */ = {isa = PBXFileReference; fileEncoding = 4; lastKnownFileType = sourcecode.swift; path = Record.swift; sourceTree = "<group>"; };
		74829906212F7F3E00CFA57D /* AWSGraphQLSubscriptionResponse.swift */ = {isa = PBXFileReference; fileEncoding = 4; lastKnownFileType = sourcecode.swift; path = AWSGraphQLSubscriptionResponse.swift; sourceTree = "<group>"; };
		74829907212F7F3E00CFA57D /* InMemoryNormalizedCache.swift */ = {isa = PBXFileReference; fileEncoding = 4; lastKnownFileType = sourcecode.swift; path = InMemoryNormalizedCache.swift; sourceTree = "<group>"; };
		74829908212F7F3E00CFA57D /* DataLoader.swift */ = {isa = PBXFileReference; fileEncoding = 4; lastKnownFileType = sourcecode.swift; path = DataLoader.swift; sourceTree = "<group>"; };
		74829909212F7F3E00CFA57D /* GraphQLResultNormalizer.swift */ = {isa = PBXFileReference; fileEncoding = 4; lastKnownFileType = sourcecode.swift; path = GraphQLResultNormalizer.swift; sourceTree = "<group>"; };
		7482990A212F7F3E00CFA57D /* ResultOrPromise.swift */ = {isa = PBXFileReference; fileEncoding = 4; lastKnownFileType = sourcecode.swift; path = ResultOrPromise.swift; sourceTree = "<group>"; };
		7482990B212F7F3E00CFA57D /* ApolloClient.swift */ = {isa = PBXFileReference; fileEncoding = 4; lastKnownFileType = sourcecode.swift; path = ApolloClient.swift; sourceTree = "<group>"; };
		7482990C212F7F3E00CFA57D /* RecordSet.swift */ = {isa = PBXFileReference; fileEncoding = 4; lastKnownFileType = sourcecode.swift; path = RecordSet.swift; sourceTree = "<group>"; };
		7482990D212F7F3E00CFA57D /* Info.plist */ = {isa = PBXFileReference; fileEncoding = 4; lastKnownFileType = text.plist.xml; path = Info.plist; sourceTree = "<group>"; };
		7482990E212F7F3E00CFA57D /* NetworkTransport.swift */ = {isa = PBXFileReference; fileEncoding = 4; lastKnownFileType = sourcecode.swift; path = NetworkTransport.swift; sourceTree = "<group>"; };
		7482990F212F7F3E00CFA57D /* Locking.swift */ = {isa = PBXFileReference; fileEncoding = 4; lastKnownFileType = sourcecode.swift; path = Locking.swift; sourceTree = "<group>"; };
		74829910212F7F3E00CFA57D /* GraphQLResult.swift */ = {isa = PBXFileReference; fileEncoding = 4; lastKnownFileType = sourcecode.swift; path = GraphQLResult.swift; sourceTree = "<group>"; };
		74829911212F7F3E00CFA57D /* AWSAppSyncClientConflictResolutionExtensions.swift */ = {isa = PBXFileReference; fileEncoding = 4; lastKnownFileType = sourcecode.swift; path = AWSAppSyncClientConflictResolutionExtensions.swift; sourceTree = "<group>"; };
		74829913212F7F3E00CFA57D /* AWSIoTCSR.m */ = {isa = PBXFileReference; fileEncoding = 4; lastKnownFileType = sourcecode.c.objc; path = AWSIoTCSR.m; sourceTree = "<group>"; };
		74829914212F7F3E00CFA57D /* AWSIoTMQTTClient.m */ = {isa = PBXFileReference; fileEncoding = 4; lastKnownFileType = sourcecode.c.objc; path = AWSIoTMQTTClient.m; sourceTree = "<group>"; };
		74829915212F7F3E00CFA57D /* AWSIoTKeychain.h */ = {isa = PBXFileReference; fileEncoding = 4; lastKnownFileType = sourcecode.c.h; path = AWSIoTKeychain.h; sourceTree = "<group>"; };
		74829917212F7F3E00CFA57D /* AWSSRWebSocket.h */ = {isa = PBXFileReference; fileEncoding = 4; lastKnownFileType = sourcecode.c.h; path = AWSSRWebSocket.h; sourceTree = "<group>"; };
		74829918212F7F3E00CFA57D /* LICENSE */ = {isa = PBXFileReference; fileEncoding = 4; lastKnownFileType = text; path = LICENSE; sourceTree = "<group>"; };
		74829919212F7F3E00CFA57D /* AWSSRWebSocket.m */ = {isa = PBXFileReference; fileEncoding = 4; lastKnownFileType = sourcecode.c.objc; path = AWSSRWebSocket.m; sourceTree = "<group>"; };
		7482991A212F7F3E00CFA57D /* AWSIoTWebSocketOutputStream.m */ = {isa = PBXFileReference; fileEncoding = 4; lastKnownFileType = sourcecode.c.objc; path = AWSIoTWebSocketOutputStream.m; sourceTree = "<group>"; };
		7482991B212F7F3E00CFA57D /* AWSIoTMQTTClient.h */ = {isa = PBXFileReference; fileEncoding = 4; lastKnownFileType = sourcecode.c.h; path = AWSIoTMQTTClient.h; sourceTree = "<group>"; };
		7482991C212F7F3E00CFA57D /* AWSIoTCSR.h */ = {isa = PBXFileReference; fileEncoding = 4; lastKnownFileType = sourcecode.c.h; path = AWSIoTCSR.h; sourceTree = "<group>"; };
		7482991D212F7F3E00CFA57D /* AWSIoTMQTTTypes.h */ = {isa = PBXFileReference; fileEncoding = 4; lastKnownFileType = sourcecode.c.h; path = AWSIoTMQTTTypes.h; sourceTree = "<group>"; };
		7482991F212F7F3E00CFA57D /* AWSMQTTSession.m */ = {isa = PBXFileReference; fileEncoding = 4; lastKnownFileType = sourcecode.c.objc; path = AWSMQTTSession.m; sourceTree = "<group>"; };
		74829920212F7F3E00CFA57D /* AWSMQTTEncoder.m */ = {isa = PBXFileReference; fileEncoding = 4; lastKnownFileType = sourcecode.c.objc; path = AWSMQTTEncoder.m; sourceTree = "<group>"; };
		74829921212F7F3E00CFA57D /* AWSMQttTxFlow.h */ = {isa = PBXFileReference; fileEncoding = 4; lastKnownFileType = sourcecode.c.h; path = AWSMQttTxFlow.h; sourceTree = "<group>"; };
		74829922212F7F3E00CFA57D /* AWSMQTTDecoder.h */ = {isa = PBXFileReference; fileEncoding = 4; lastKnownFileType = sourcecode.c.h; path = AWSMQTTDecoder.h; sourceTree = "<group>"; };
		74829923212F7F3E00CFA57D /* AWSMQTTMessage.h */ = {isa = PBXFileReference; fileEncoding = 4; lastKnownFileType = sourcecode.c.h; path = AWSMQTTMessage.h; sourceTree = "<group>"; };
		74829924212F7F3E00CFA57D /* AWSMQTTSession.h */ = {isa = PBXFileReference; fileEncoding = 4; lastKnownFileType = sourcecode.c.h; path = AWSMQTTSession.h; sourceTree = "<group>"; };
		74829925212F7F3E00CFA57D /* AWSMQttTxFlow.m */ = {isa = PBXFileReference; fileEncoding = 4; lastKnownFileType = sourcecode.c.objc; path = AWSMQttTxFlow.m; sourceTree = "<group>"; };
		74829926212F7F3E00CFA57D /* AWSMQTTEncoder.h */ = {isa = PBXFileReference; fileEncoding = 4; lastKnownFileType = sourcecode.c.h; path = AWSMQTTEncoder.h; sourceTree = "<group>"; };
		74829927212F7F3E00CFA57D /* AWSMQTTDecoder.m */ = {isa = PBXFileReference; fileEncoding = 4; lastKnownFileType = sourcecode.c.objc; path = AWSMQTTDecoder.m; sourceTree = "<group>"; };
		74829928212F7F3E00CFA57D /* AWSMQTTMessage.m */ = {isa = PBXFileReference; fileEncoding = 4; lastKnownFileType = sourcecode.c.objc; path = AWSMQTTMessage.m; sourceTree = "<group>"; };
		74829929212F7F3E00CFA57D /* AWSIoTKeychain.m */ = {isa = PBXFileReference; fileEncoding = 4; lastKnownFileType = sourcecode.c.objc; path = AWSIoTKeychain.m; sourceTree = "<group>"; };
		7482992A212F7F3E00CFA57D /* AWSIoTWebSocketOutputStream.h */ = {isa = PBXFileReference; fileEncoding = 4; lastKnownFileType = sourcecode.c.h; path = AWSIoTWebSocketOutputStream.h; sourceTree = "<group>"; };
		7482992B212F7F3E00CFA57D /* AWSAppSyncClientS3ObjectsExtensions.swift */ = {isa = PBXFileReference; fileEncoding = 4; lastKnownFileType = sourcecode.swift; path = AWSAppSyncClientS3ObjectsExtensions.swift; sourceTree = "<group>"; };
		7482992C212F7F3E00CFA57D /* Info.plist */ = {isa = PBXFileReference; fileEncoding = 4; lastKnownFileType = text.plist.xml; path = Info.plist; sourceTree = "<group>"; };
		7482992D212F7F3E00CFA57D /* AWSNetworkTransport.swift */ = {isa = PBXFileReference; fileEncoding = 4; lastKnownFileType = sourcecode.swift; path = AWSNetworkTransport.swift; sourceTree = "<group>"; };
		7482992E212F7F3E00CFA57D /* AWSSQLLiteNormalizedCache.swift */ = {isa = PBXFileReference; fileEncoding = 4; lastKnownFileType = sourcecode.swift; path = AWSSQLLiteNormalizedCache.swift; sourceTree = "<group>"; };
		74DB8B29212DD433003EDCEC /* AuthManager.swift */ = {isa = PBXFileReference; lastKnownFileType = sourcecode.swift; path = AuthManager.swift; sourceTree = "<group>"; };
		74DB8B2B212DD4B9003EDCEC /* LambdaMessengerError.swift */ = {isa = PBXFileReference; lastKnownFileType = sourcecode.swift; path = LambdaMessengerError.swift; sourceTree = "<group>"; };
		74DB8B2D212DD4D5003EDCEC /* AppSyncBridge.swift */ = {isa = PBXFileReference; lastKnownFileType = sourcecode.swift; path = AppSyncBridge.swift; sourceTree = "<group>"; };
		74E7FE88211DC30E004E8092 /* Promises.framework */ = {isa = PBXFileReference; lastKnownFileType = wrapper.framework; name = Promises.framework; path = Carthage/Build/iOS/Promises.framework; sourceTree = SOURCE_ROOT; };
		74E7FE93211DCA84004E8092 /* ApiManager.swift */ = {isa = PBXFileReference; lastKnownFileType = sourcecode.swift; path = ApiManager.swift; sourceTree = "<group>"; };
		74E7FE96211DCE84004E8092 /* FBLPromises.framework */ = {isa = PBXFileReference; lastKnownFileType = wrapper.framework; name = FBLPromises.framework; path = Carthage/Build/iOS/FBLPromises.framework; sourceTree = SOURCE_ROOT; };
/* End PBXFileReference section */

/* Begin PBXFrameworksBuildPhase section */
		7402C2A9211A850B00C3D536 /* Frameworks */ = {
			isa = PBXFrameworksBuildPhase;
			buildActionMask = 2147483647;
			files = (
				74E7FE89211DC30E004E8092 /* Promises.framework in Frameworks */,
				746AB936211D6E18006D73BD /* AWSCore.framework in Frameworks */,
				7449B1E0211B6CEB009F2EB8 /* GoogleToolboxForMac.framework in Frameworks */,
				7449B1DA211B6C9F009F2EB8 /* nanopb.framework in Frameworks */,
				7449B1C7211B6B27009F2EB8 /* FirebaseAnalytics.framework in Frameworks */,
				7449B1DC211B6CCC009F2EB8 /* FirebaseNanoPB.framework in Frameworks */,
				7449B1DF211B6CEB009F2EB8 /* GTMSessionFetcher.framework in Frameworks */,
				746AB9FC211D768A006D73BD /* SQLite.framework in Frameworks */,
				7449B1E4211B6D51009F2EB8 /* FirebaseInstanceID.framework in Frameworks */,
				7449B1C9211B6B27009F2EB8 /* FirebaseAuth.framework in Frameworks */,
				7449B1CD211B6BA8009F2EB8 /* XCGLogger.framework in Frameworks */,
				746ABA02211D76AD006D73BD /* Reachability.framework in Frameworks */,
				7449B1E2211B6D3B009F2EB8 /* Protobuf.framework in Frameworks */,
				7449B1CA211B6B27009F2EB8 /* FirebaseCore.framework in Frameworks */,
				7449B1C8211B6B27009F2EB8 /* Alamofire.framework in Frameworks */,
				747D3E3B212F890C0089703E /* FBLPromises.framework in Frameworks */,
				746AB91B211C6307006D73BD /* libPhoneNumberiOS.framework in Frameworks */,
				7449B1C6211B6B27009F2EB8 /* ObjcExceptionBridging.framework in Frameworks */,
			);
			runOnlyForDeploymentPostprocessing = 0;
		};
		7402C2BD211A850E00C3D536 /* Frameworks */ = {
			isa = PBXFrameworksBuildPhase;
			buildActionMask = 2147483647;
			files = (
				74E7FE92211DC7ED004E8092 /* Promises.framework in Frameworks */,
				746AB9FF211D768A006D73BD /* Reachability.framework in Frameworks */,
				746AB9FD211D768A006D73BD /* SQLite.framework in Frameworks */,
				74E7FE98211DCE84004E8092 /* FBLPromises.framework in Frameworks */,
				746AB935211D6E16006D73BD /* AWSCore.framework in Frameworks */,
			);
			runOnlyForDeploymentPostprocessing = 0;
		};
/* End PBXFrameworksBuildPhase section */

/* Begin PBXGroup section */
		7402C2A3211A850B00C3D536 = {
			isa = PBXGroup;
			children = (
				7402C2AE211A850B00C3D536 /* LambdaMessenger */,
				7402C2C3211A850E00C3D536 /* LambdaMessengerTests */,
				7402C2AD211A850B00C3D536 /* Products */,
				748297E2212F706600CFA57D /* Frameworks */,
			);
			sourceTree = "<group>";
		};
		7402C2AD211A850B00C3D536 /* Products */ = {
			isa = PBXGroup;
			children = (
				7402C2AC211A850B00C3D536 /* LambdaMessenger.app */,
				7402C2C0211A850E00C3D536 /* LambdaMessengerTests.xctest */,
			);
			name = Products;
			sourceTree = "<group>";
		};
		7402C2AE211A850B00C3D536 /* LambdaMessenger */ = {
			isa = PBXGroup;
			children = (
				748298E2212F7F3E00CFA57D /* AWSAppSyncClient */,
				746AB91F211D4589006D73BD /* API.swift */,
				746AB917211B9FDE006D73BD /* LambdaMessenger.entitlements */,
				7449B1F7211B6F84009F2EB8 /* Utils */,
				7449B1E5211B6E51009F2EB8 /* Chat */,
				7449B1EA211B6E51009F2EB8 /* Signup */,
				7402C2F8211AAD2000C3D536 /* Frameworks */,
				7402C2AF211A850B00C3D536 /* AppDelegate.swift */,
				7402C2B3211A850B00C3D536 /* Main.storyboard */,
				7402C2B6211A850E00C3D536 /* Assets.xcassets */,
				7402C2B8211A850E00C3D536 /* LaunchScreen.storyboard */,
				7402C2BB211A850E00C3D536 /* Info.plist */,
				7480B39B211B44DD00A147E5 /* LambdaMessenger-Bridging-Header.h */,
				7480B39E211B481F00A147E5 /* GoogleService-Info.plist */,
			);
			path = LambdaMessenger;
			sourceTree = "<group>";
		};
		7402C2C3211A850E00C3D536 /* LambdaMessengerTests */ = {
			isa = PBXGroup;
			children = (
				746AB92B211D5BDA006D73BD /* AppsyncTests.swift */,
				7402C2C4211A850E00C3D536 /* LambdaMessengerTests.swift */,
				74594A2D212879D5009208DC /* TestUtils.swift */,
				7402C2C6211A850E00C3D536 /* Info.plist */,
			);
			path = LambdaMessengerTests;
			sourceTree = "<group>";
		};
		7402C2F8211AAD2000C3D536 /* Frameworks */ = {
			isa = PBXGroup;
			children = (
				74E7FE96211DCE84004E8092 /* FBLPromises.framework */,
				74E7FE88211DC30E004E8092 /* Promises.framework */,
				746AB9FB211D7689006D73BD /* Reachability.framework */,
				746AB9FA211D7689006D73BD /* SQLite.framework */,
				746AB933211D6E15006D73BD /* AWSCore.framework */,
				746AB918211C5F6C006D73BD /* libPhoneNumberiOS.framework */,
				7449B1E3211B6D51009F2EB8 /* FirebaseInstanceID.framework */,
				7449B1E1211B6D3A009F2EB8 /* Protobuf.framework */,
				7449B1DE211B6CEB009F2EB8 /* GoogleToolboxForMac.framework */,
				7449B1DD211B6CEB009F2EB8 /* GTMSessionFetcher.framework */,
				7449B1DB211B6CCC009F2EB8 /* FirebaseNanoPB.framework */,
				7449B1D6211B6C74009F2EB8 /* nanopb.framework */,
				7449B1BF211B6B27009F2EB8 /* Alamofire.framework */,
				7449B1BC211B6B27009F2EB8 /* Firebase.framework */,
				7449B1BE211B6B27009F2EB8 /* FirebaseAnalytics.framework */,
				7449B1C0211B6B27009F2EB8 /* FirebaseAuth.framework */,
				7449B1C1211B6B27009F2EB8 /* FirebaseCore.framework */,
				7449B1BD211B6B27009F2EB8 /* ObjcExceptionBridging.framework */,
				7449B1C2211B6B27009F2EB8 /* XCGLogger.framework */,
			);
			path = Frameworks;
			sourceTree = "<group>";
		};
		7449B1E5211B6E51009F2EB8 /* Chat */ = {
			isa = PBXGroup;
			children = (
				7449B1E6211B6E51009F2EB8 /* ChatSessionViewController.swift */,
				7449B1E7211B6E51009F2EB8 /* DashboardViewController.swift */,
				7449B1E9211B6E51009F2EB8 /* SettingsViewController.swift */,
				746AB91D211C71D2006D73BD /* ComposeMessageViewController.swift */,
			);
			path = Chat;
			sourceTree = "<group>";
		};
		7449B1EA211B6E51009F2EB8 /* Signup */ = {
			isa = PBXGroup;
			children = (
				7449B1EB211B6E51009F2EB8 /* ReadyViewController.swift */,
				7449B1EC211B6E51009F2EB8 /* ValidateViewController.swift */,
				7449B1EE211B6E51009F2EB8 /* RegisterViewController.swift */,
			);
			path = Signup;
			sourceTree = "<group>";
		};
		7449B1F7211B6F84009F2EB8 /* Utils */ = {
			isa = PBXGroup;
			children = (
				7449B1F8211B6F96009F2EB8 /* PhoneNumberUtil.swift */,
				74E7FE93211DCA84004E8092 /* ApiManager.swift */,
				74DB8B29212DD433003EDCEC /* AuthManager.swift */,
				74DB8B2B212DD4B9003EDCEC /* LambdaMessengerError.swift */,
				74DB8B2D212DD4D5003EDCEC /* AppSyncBridge.swift */,
			);
			path = Utils;
			sourceTree = "<group>";
		};
		748297E2212F706600CFA57D /* Frameworks */ = {
			isa = PBXGroup;
			children = (
			);
			name = Frameworks;
			sourceTree = "<group>";
		};
		748298E2212F7F3E00CFA57D /* AWSAppSyncClient */ = {
			isa = PBXGroup;
			children = (
				748298E3212F7F3E00CFA57D /* AWSAppSync.h */,
				748298E4212F7F3E00CFA57D /* AWSAppSyncSubscriptionWatcher.swift */,
				748298E5212F7F3E00CFA57D /* AWSAppSyncAuthProvider.swift */,
				748298E6212F7F3E00CFA57D /* AWSS3ObjectProtocol.swift */,
				748298E7212F7F3E00CFA57D /* AppSyncMQTTClient.swift */,
				748298E8212F7F3E00CFA57D /* AWSOfflineMutationStore.swift */,
				748298E9212F7F3E00CFA57D /* AWSAppSyncClient.swift */,
				748298EA212F7F3E00CFA57D /* AWSAppSyncHTTPNetworkTransport.swift */,
				748298EB212F7F3E00CFA57D /* Apollo */,
				74829911212F7F3E00CFA57D /* AWSAppSyncClientConflictResolutionExtensions.swift */,
				74829912212F7F3E00CFA57D /* MQTTSDK */,
				7482992B212F7F3E00CFA57D /* AWSAppSyncClientS3ObjectsExtensions.swift */,
				7482992C212F7F3E00CFA57D /* Info.plist */,
				7482992D212F7F3E00CFA57D /* AWSNetworkTransport.swift */,
				7482992E212F7F3E00CFA57D /* AWSSQLLiteNormalizedCache.swift */,
			);
			name = AWSAppSyncClient;
			path = "Frameworks/aws-mobile-appsync-sdk-ios/AWSAppSyncClient";
			sourceTree = "<group>";
		};
		748298EB212F7F3E00CFA57D /* Apollo */ = {
			isa = PBXGroup;
			children = (
				748298EC212F7F3E00CFA57D /* Sources */,
			);
			path = Apollo;
			sourceTree = "<group>";
		};
		748298EC212F7F3E00CFA57D /* Sources */ = {
			isa = PBXGroup;
			children = (
				748298ED212F7F3E00CFA57D /* Apollo */,
			);
			path = Sources;
			sourceTree = "<group>";
		};
		748298ED212F7F3E00CFA57D /* Apollo */ = {
			isa = PBXGroup;
			children = (
				748298EE212F7F3E00CFA57D /* GraphQLResponse.swift */,
				748298EF212F7F3E00CFA57D /* GraphQLOperation.swift */,
				748298F0212F7F3E00CFA57D /* Utilities.swift */,
				748298F1212F7F3E00CFA57D /* GraphQLDependencyTracker.swift */,
				748298F2212F7F3E00CFA57D /* GraphQLResultAccumulator.swift */,
				748298F3212F7F3E00CFA57D /* JSONStandardTypeConversions.swift */,
				748298F4212F7F3E00CFA57D /* GraphQLResponseGenerator.swift */,
				748298F5212F7F3E00CFA57D /* Collections.swift */,
				748298F6212F7F3E00CFA57D /* GraphQLQueryWatcher.swift */,
				748298F7212F7F3E00CFA57D /* GraphQLError.swift */,
				748298F8212F7F3E00CFA57D /* Result.swift */,
				748298F9212F7F3E00CFA57D /* NormalizedCache.swift */,
				748298FA212F7F3E00CFA57D /* GraphQLSelectionSet.swift */,
				748298FB212F7F3E00CFA57D /* JSON.swift */,
				748298FC212F7F3E00CFA57D /* AsynchronousOperation.swift */,
				748298FD212F7F3E00CFA57D /* Apollo.h */,
				748298FE212F7F3E00CFA57D /* GraphQLExecutor.swift */,
				748298FF212F7F3E00CFA57D /* JSONSerializationFormat.swift */,
				74829900212F7F3E00CFA57D /* ApolloStore.swift */,
				74829901212F7F3E00CFA57D /* GraphQLSelectionSetMapper.swift */,
				74829902212F7F3E00CFA57D /* GraphQLInputValue.swift */,
				74829903212F7F3E00CFA57D /* HTTPNetworkTransport.swift */,
				74829904212F7F3E00CFA57D /* Promise.swift */,
				74829905212F7F3E00CFA57D /* Record.swift */,
				74829906212F7F3E00CFA57D /* AWSGraphQLSubscriptionResponse.swift */,
				74829907212F7F3E00CFA57D /* InMemoryNormalizedCache.swift */,
				74829908212F7F3E00CFA57D /* DataLoader.swift */,
				74829909212F7F3E00CFA57D /* GraphQLResultNormalizer.swift */,
				7482990A212F7F3E00CFA57D /* ResultOrPromise.swift */,
				7482990B212F7F3E00CFA57D /* ApolloClient.swift */,
				7482990C212F7F3E00CFA57D /* RecordSet.swift */,
				7482990D212F7F3E00CFA57D /* Info.plist */,
				7482990E212F7F3E00CFA57D /* NetworkTransport.swift */,
				7482990F212F7F3E00CFA57D /* Locking.swift */,
				74829910212F7F3E00CFA57D /* GraphQLResult.swift */,
			);
			path = Apollo;
			sourceTree = "<group>";
		};
		74829912212F7F3E00CFA57D /* MQTTSDK */ = {
			isa = PBXGroup;
			children = (
				74829913212F7F3E00CFA57D /* AWSIoTCSR.m */,
				74829914212F7F3E00CFA57D /* AWSIoTMQTTClient.m */,
				74829915212F7F3E00CFA57D /* AWSIoTKeychain.h */,
				74829916212F7F3E00CFA57D /* SocketRocket */,
				7482991A212F7F3E00CFA57D /* AWSIoTWebSocketOutputStream.m */,
				7482991B212F7F3E00CFA57D /* AWSIoTMQTTClient.h */,
				7482991C212F7F3E00CFA57D /* AWSIoTCSR.h */,
				7482991D212F7F3E00CFA57D /* AWSIoTMQTTTypes.h */,
				7482991E212F7F3E00CFA57D /* MQTTSDK */,
				74829929212F7F3E00CFA57D /* AWSIoTKeychain.m */,
				7482992A212F7F3E00CFA57D /* AWSIoTWebSocketOutputStream.h */,
			);
			path = MQTTSDK;
			sourceTree = "<group>";
		};
		74829916212F7F3E00CFA57D /* SocketRocket */ = {
			isa = PBXGroup;
			children = (
				74829917212F7F3E00CFA57D /* AWSSRWebSocket.h */,
				74829918212F7F3E00CFA57D /* LICENSE */,
				74829919212F7F3E00CFA57D /* AWSSRWebSocket.m */,
			);
			path = SocketRocket;
			sourceTree = "<group>";
		};
		7482991E212F7F3E00CFA57D /* MQTTSDK */ = {
			isa = PBXGroup;
			children = (
				7482991F212F7F3E00CFA57D /* AWSMQTTSession.m */,
				74829920212F7F3E00CFA57D /* AWSMQTTEncoder.m */,
				74829921212F7F3E00CFA57D /* AWSMQttTxFlow.h */,
				74829922212F7F3E00CFA57D /* AWSMQTTDecoder.h */,
				74829923212F7F3E00CFA57D /* AWSMQTTMessage.h */,
				74829924212F7F3E00CFA57D /* AWSMQTTSession.h */,
				74829925212F7F3E00CFA57D /* AWSMQttTxFlow.m */,
				74829926212F7F3E00CFA57D /* AWSMQTTEncoder.h */,
				74829927212F7F3E00CFA57D /* AWSMQTTDecoder.m */,
				74829928212F7F3E00CFA57D /* AWSMQTTMessage.m */,
			);
			path = MQTTSDK;
			sourceTree = "<group>";
		};
/* End PBXGroup section */

/* Begin PBXNativeTarget section */
		7402C2AB211A850B00C3D536 /* LambdaMessenger */ = {
			isa = PBXNativeTarget;
			buildConfigurationList = 7402C2C9211A850E00C3D536 /* Build configuration list for PBXNativeTarget "LambdaMessenger" */;
			buildPhases = (
				7402C2A8211A850B00C3D536 /* Sources */,
				7402C2A9211A850B00C3D536 /* Frameworks */,
				7402C2AA211A850B00C3D536 /* Resources */,
				7449B1CF211B6BA8009F2EB8 /* Embed Frameworks */,
				748299A1212F7FC200CFA57D /* Carthage Cleanup */,
			);
			buildRules = (
			);
			dependencies = (
			);
			name = LambdaMessenger;
			productName = LambdaMessenger;
			productReference = 7402C2AC211A850B00C3D536 /* LambdaMessenger.app */;
			productType = "com.apple.product-type.application";
		};
		7402C2BF211A850E00C3D536 /* LambdaMessengerTests */ = {
			isa = PBXNativeTarget;
			buildConfigurationList = 7402C2CC211A850E00C3D536 /* Build configuration list for PBXNativeTarget "LambdaMessengerTests" */;
			buildPhases = (
				7402C2BC211A850E00C3D536 /* Sources */,
				7402C2BD211A850E00C3D536 /* Frameworks */,
				7402C2BE211A850E00C3D536 /* Resources */,
			);
			buildRules = (
			);
			dependencies = (
				7402C2C2211A850E00C3D536 /* PBXTargetDependency */,
			);
			name = LambdaMessengerTests;
			productName = LambdaMessengerTests;
			productReference = 7402C2C0211A850E00C3D536 /* LambdaMessengerTests.xctest */;
			productType = "com.apple.product-type.bundle.unit-test";
		};
/* End PBXNativeTarget section */

/* Begin PBXProject section */
		7402C2A4211A850B00C3D536 /* Project object */ = {
			isa = PBXProject;
			attributes = {
				LastSwiftUpdateCheck = 0940;
				LastUpgradeCheck = 0940;
				ORGANIZATIONNAME = "Robokos, John";
				TargetAttributes = {
					7402C2AB211A850B00C3D536 = {
						CreatedOnToolsVersion = 9.4.1;
						LastSwiftMigration = 0940;
						SystemCapabilities = {
							com.apple.Push = {
								enabled = 1;
							};
						};
					};
					7402C2BF211A850E00C3D536 = {
						CreatedOnToolsVersion = 9.4.1;
						TestTargetID = 7402C2AB211A850B00C3D536;
					};
				};
			};
			buildConfigurationList = 7402C2A7211A850B00C3D536 /* Build configuration list for PBXProject "LambdaMessenger" */;
			compatibilityVersion = "Xcode 9.3";
			developmentRegion = en;
			hasScannedForEncodings = 0;
			knownRegions = (
				en,
				Base,
			);
			mainGroup = 7402C2A3211A850B00C3D536;
			productRefGroup = 7402C2AD211A850B00C3D536 /* Products */;
			projectDirPath = "";
			projectRoot = "";
			targets = (
				7402C2AB211A850B00C3D536 /* LambdaMessenger */,
				7402C2BF211A850E00C3D536 /* LambdaMessengerTests */,
			);
		};
/* End PBXProject section */

/* Begin PBXResourcesBuildPhase section */
		7402C2AA211A850B00C3D536 /* Resources */ = {
			isa = PBXResourcesBuildPhase;
			buildActionMask = 2147483647;
			files = (
				7402C2BA211A850E00C3D536 /* LaunchScreen.storyboard in Resources */,
				7480B39F211B481F00A147E5 /* GoogleService-Info.plist in Resources */,
				7402C2B7211A850E00C3D536 /* Assets.xcassets in Resources */,
				7402C2B5211A850B00C3D536 /* Main.storyboard in Resources */,
			);
			runOnlyForDeploymentPostprocessing = 0;
		};
		7402C2BE211A850E00C3D536 /* Resources */ = {
			isa = PBXResourcesBuildPhase;
			buildActionMask = 2147483647;
			files = (
				74829988212F7F3E00CFA57D /* LICENSE in Resources */,
				7482997A212F7F3E00CFA57D /* Info.plist in Resources */,
				7482999C212F7F3E00CFA57D /* Info.plist in Resources */,
			);
			runOnlyForDeploymentPostprocessing = 0;
		};
/* End PBXResourcesBuildPhase section */

/* Begin PBXShellScriptBuildPhase section */
		748299A1212F7FC200CFA57D /* Carthage Cleanup */ = {
			isa = PBXShellScriptBuildPhase;
			buildActionMask = 2147483647;
			files = (
			);
			inputPaths = (
				"$(SRCROOT)/Carthage/Build/iOS/Promises.framework",
				"$(SRCROOT)/Carthage/Build/iOS/Reachability.framework",
				"$(SRCROOT)/Carthage/Build/iOS/SQLite.framework",
				"$(SRCROOT)/Carthage/Build/iOS/AWSCore.framework",
				"$(SRCROOT)/Carthage/Build/iOS/libPhoneNumberiOS.framework",
				"$(SRCROOT)/Carthage/Build/iOS/Alamofire.framework",
				"$(SRCROOT)/Carthage/Build/iOS/ObjcExceptionBridging.framework",
				"$(SRCROOT)/Carthage/Build/iOS/XCGLogger.framework",
				"$(SRCROOT)/Carthage/Build/iOS/FBLPromises.framework",
			);
			name = "Carthage Cleanup";
			outputPaths = (
				"$(BUILT_PRODUCTS_DIR)/$(FRAMEWORKS_FOLDER_PATH)/Promises.framework",
				"$(BUILT_PRODUCTS_DIR)/$(FRAMEWORKS_FOLDER_PATH)/Reachability.framework",
				"$(BUILT_PRODUCTS_DIR)/$(FRAMEWORKS_FOLDER_PATH)/SQLite.framework",
				"$(BUILT_PRODUCTS_DIR)/$(FRAMEWORKS_FOLDER_PATH)/AWSCore.framework",
				"$(BUILT_PRODUCTS_DIR)/$(FRAMEWORKS_FOLDER_PATH)/libPhoneNumberiOS.framework",
				"$(BUILT_PRODUCTS_DIR)/$(FRAMEWORKS_FOLDER_PATH)/Alamofire.framework",
				"$(BUILT_PRODUCTS_DIR)/$(FRAMEWORKS_FOLDER_PATH)/ObjcExceptionBridging.framework",
				"$(BUILT_PRODUCTS_DIR)/$(FRAMEWORKS_FOLDER_PATH)/XCGLogger.framework",
				"$(BUILT_PRODUCTS_DIR)/$(FRAMEWORKS_FOLDER_PATH)/FBLPromises.framework",
			);
			runOnlyForDeploymentPostprocessing = 0;
			shellPath = /bin/sh;
			shellScript = "/usr/local/bin/carthage copy-frameworks";
		};
/* End PBXShellScriptBuildPhase section */

/* Begin PBXSourcesBuildPhase section */
		7402C2A8211A850B00C3D536 /* Sources */ = {
			isa = PBXSourcesBuildPhase;
			buildActionMask = 2147483647;
			files = (
				74829961212F7F3E00CFA57D /* GraphQLSelectionSetMapper.swift in Sources */,
				74829937212F7F3E00CFA57D /* AWSOfflineMutationStore.swift in Sources */,
				74829965212F7F3E00CFA57D /* HTTPNetworkTransport.swift in Sources */,
				74829975212F7F3E00CFA57D /* ApolloClient.swift in Sources */,
				7482997F212F7F3E00CFA57D /* GraphQLResult.swift in Sources */,
				7482995F212F7F3E00CFA57D /* ApolloStore.swift in Sources */,
				7482995B212F7F3E00CFA57D /* GraphQLExecutor.swift in Sources */,
				7482997D212F7F3E00CFA57D /* Locking.swift in Sources */,
				7482996D212F7F3E00CFA57D /* InMemoryNormalizedCache.swift in Sources */,
				74829957212F7F3E00CFA57D /* JSON.swift in Sources */,
				74829969212F7F3E00CFA57D /* Record.swift in Sources */,
				74DB8B2C212DD4B9003EDCEC /* LambdaMessengerError.swift in Sources */,
				74829943212F7F3E00CFA57D /* GraphQLDependencyTracker.swift in Sources */,
				746AB920211D4589006D73BD /* API.swift in Sources */,
				74DB8B2A212DD433003EDCEC /* AuthManager.swift in Sources */,
				7449B1F9211B6F96009F2EB8 /* PhoneNumberUtil.swift in Sources */,
				74829951212F7F3E00CFA57D /* Result.swift in Sources */,
				74829949212F7F3E00CFA57D /* GraphQLResponseGenerator.swift in Sources */,
				74829939212F7F3E00CFA57D /* AWSAppSyncClient.swift in Sources */,
				74829955212F7F3E00CFA57D /* GraphQLSelectionSet.swift in Sources */,
				74829941212F7F3E00CFA57D /* Utilities.swift in Sources */,
				7449B1F4211B6E51009F2EB8 /* ValidateViewController.swift in Sources */,
				7482996F212F7F3E00CFA57D /* DataLoader.swift in Sources */,
				7449B1F6211B6E51009F2EB8 /* RegisterViewController.swift in Sources */,
				7482998D212F7F3E00CFA57D /* AWSMQTTSession.m in Sources */,
				74829973212F7F3E00CFA57D /* ResultOrPromise.swift in Sources */,
				74829967212F7F3E00CFA57D /* Promise.swift in Sources */,
				74829981212F7F3E00CFA57D /* AWSAppSyncClientConflictResolutionExtensions.swift in Sources */,
				74829993212F7F3E00CFA57D /* AWSMQTTDecoder.m in Sources */,
				7482997B212F7F3E00CFA57D /* NetworkTransport.swift in Sources */,
				7482999D212F7F3E00CFA57D /* AWSNetworkTransport.swift in Sources */,
				7482992F212F7F3E00CFA57D /* AWSAppSyncSubscriptionWatcher.swift in Sources */,
				7482996B212F7F3E00CFA57D /* AWSGraphQLSubscriptionResponse.swift in Sources */,
				74829933212F7F3E00CFA57D /* AWSS3ObjectProtocol.swift in Sources */,
				74829995212F7F3E00CFA57D /* AWSMQTTMessage.m in Sources */,
				74829985212F7F3E00CFA57D /* AWSIoTMQTTClient.m in Sources */,
				7482999F212F7F3E00CFA57D /* AWSSQLLiteNormalizedCache.swift in Sources */,
				74829971212F7F3E00CFA57D /* GraphQLResultNormalizer.swift in Sources */,
				7482994D212F7F3E00CFA57D /* GraphQLQueryWatcher.swift in Sources */,
				74E7FE94211DCA84004E8092 /* ApiManager.swift in Sources */,
				746AB91E211C71D2006D73BD /* ComposeMessageViewController.swift in Sources */,
				74829953212F7F3E00CFA57D /* NormalizedCache.swift in Sources */,
				74829963212F7F3E00CFA57D /* GraphQLInputValue.swift in Sources */,
				7482998F212F7F3E00CFA57D /* AWSMQTTEncoder.m in Sources */,
				74829983212F7F3E00CFA57D /* AWSIoTCSR.m in Sources */,
				7482993B212F7F3E00CFA57D /* AWSAppSyncHTTPNetworkTransport.swift in Sources */,
				7449B1F3211B6E51009F2EB8 /* ReadyViewController.swift in Sources */,
				7482995D212F7F3E00CFA57D /* JSONSerializationFormat.swift in Sources */,
				74829997212F7F3E00CFA57D /* AWSIoTKeychain.m in Sources */,
				7482993D212F7F3E00CFA57D /* GraphQLResponse.swift in Sources */,
				74829959212F7F3E00CFA57D /* AsynchronousOperation.swift in Sources */,
				7449B1EF211B6E51009F2EB8 /* ChatSessionViewController.swift in Sources */,
				7402C2B0211A850B00C3D536 /* AppDelegate.swift in Sources */,
				74829945212F7F3E00CFA57D /* GraphQLResultAccumulator.swift in Sources */,
				74829935212F7F3E00CFA57D /* AppSyncMQTTClient.swift in Sources */,
				7482994F212F7F3E00CFA57D /* GraphQLError.swift in Sources */,
				74829999212F7F3E00CFA57D /* AWSAppSyncClientS3ObjectsExtensions.swift in Sources */,
				74829991212F7F3E00CFA57D /* AWSMQttTxFlow.m in Sources */,
				7482994B212F7F3E00CFA57D /* Collections.swift in Sources */,
				74829977212F7F3E00CFA57D /* RecordSet.swift in Sources */,
				7449B1F0211B6E51009F2EB8 /* DashboardViewController.swift in Sources */,
				74829989212F7F3E00CFA57D /* AWSSRWebSocket.m in Sources */,
				74829931212F7F3E00CFA57D /* AWSAppSyncAuthProvider.swift in Sources */,
				74829947212F7F3E00CFA57D /* JSONStandardTypeConversions.swift in Sources */,
				7449B1F2211B6E51009F2EB8 /* SettingsViewController.swift in Sources */,
				7482993F212F7F3E00CFA57D /* GraphQLOperation.swift in Sources */,
				7482998B212F7F3E00CFA57D /* AWSIoTWebSocketOutputStream.m in Sources */,
				74DB8B2E212DD4D5003EDCEC /* AppSyncBridge.swift in Sources */,
			);
			runOnlyForDeploymentPostprocessing = 0;
		};
		7402C2BC211A850E00C3D536 /* Sources */ = {
			isa = PBXSourcesBuildPhase;
			buildActionMask = 2147483647;
			files = (
				74829952212F7F3E00CFA57D /* Result.swift in Sources */,
				74829982212F7F3E00CFA57D /* AWSAppSyncClientConflictResolutionExtensions.swift in Sources */,
				74829966212F7F3E00CFA57D /* HTTPNetworkTransport.swift in Sources */,
				74829970212F7F3E00CFA57D /* DataLoader.swift in Sources */,
				74829990212F7F3E00CFA57D /* AWSMQTTEncoder.m in Sources */,
				74829954212F7F3E00CFA57D /* NormalizedCache.swift in Sources */,
				7482993A212F7F3E00CFA57D /* AWSAppSyncClient.swift in Sources */,
				74E7FE95211DCA84004E8092 /* ApiManager.swift in Sources */,
				748299A0212F7F3E00CFA57D /* AWSSQLLiteNormalizedCache.swift in Sources */,
				7482993E212F7F3E00CFA57D /* GraphQLResponse.swift in Sources */,
				7482996E212F7F3E00CFA57D /* InMemoryNormalizedCache.swift in Sources */,
				74829972212F7F3E00CFA57D /* GraphQLResultNormalizer.swift in Sources */,
				7482994C212F7F3E00CFA57D /* Collections.swift in Sources */,
				74829980212F7F3E00CFA57D /* GraphQLResult.swift in Sources */,
				74DB8B30212DD674003EDCEC /* LambdaMessengerError.swift in Sources */,
				74829938212F7F3E00CFA57D /* AWSOfflineMutationStore.swift in Sources */,
				74DB8B2F212DD672003EDCEC /* AuthManager.swift in Sources */,
				74829984212F7F3E00CFA57D /* AWSIoTCSR.m in Sources */,
				74594A2E212879D5009208DC /* TestUtils.swift in Sources */,
				74829962212F7F3E00CFA57D /* GraphQLSelectionSetMapper.swift in Sources */,
				74829944212F7F3E00CFA57D /* GraphQLDependencyTracker.swift in Sources */,
				7482999E212F7F3E00CFA57D /* AWSNetworkTransport.swift in Sources */,
				74829994212F7F3E00CFA57D /* AWSMQTTDecoder.m in Sources */,
				7482998E212F7F3E00CFA57D /* AWSMQTTSession.m in Sources */,
				7482998C212F7F3E00CFA57D /* AWSIoTWebSocketOutputStream.m in Sources */,
				74594A2C21287818009208DC /* PhoneNumberUtil.swift in Sources */,
				7482999A212F7F3E00CFA57D /* AWSAppSyncClientS3ObjectsExtensions.swift in Sources */,
				74829936212F7F3E00CFA57D /* AppSyncMQTTClient.swift in Sources */,
				74829948212F7F3E00CFA57D /* JSONStandardTypeConversions.swift in Sources */,
				74829998212F7F3E00CFA57D /* AWSIoTKeychain.m in Sources */,
				74829992212F7F3E00CFA57D /* AWSMQttTxFlow.m in Sources */,
				7482995E212F7F3E00CFA57D /* JSONSerializationFormat.swift in Sources */,
				7482995C212F7F3E00CFA57D /* GraphQLExecutor.swift in Sources */,
				74829932212F7F3E00CFA57D /* AWSAppSyncAuthProvider.swift in Sources */,
				74829986212F7F3E00CFA57D /* AWSIoTMQTTClient.m in Sources */,
				74829946212F7F3E00CFA57D /* GraphQLResultAccumulator.swift in Sources */,
				7482996A212F7F3E00CFA57D /* Record.swift in Sources */,
				7482998A212F7F3E00CFA57D /* AWSSRWebSocket.m in Sources */,
				7482996C212F7F3E00CFA57D /* AWSGraphQLSubscriptionResponse.swift in Sources */,
				7482995A212F7F3E00CFA57D /* AsynchronousOperation.swift in Sources */,
				746AB921211D458E006D73BD /* API.swift in Sources */,
				74829930212F7F3E00CFA57D /* AWSAppSyncSubscriptionWatcher.swift in Sources */,
				746AB92C211D5BDA006D73BD /* AppsyncTests.swift in Sources */,
				74829996212F7F3E00CFA57D /* AWSMQTTMessage.m in Sources */,
				7482994A212F7F3E00CFA57D /* GraphQLResponseGenerator.swift in Sources */,
				74829942212F7F3E00CFA57D /* Utilities.swift in Sources */,
				74829958212F7F3E00CFA57D /* JSON.swift in Sources */,
				74829968212F7F3E00CFA57D /* Promise.swift in Sources */,
				74829940212F7F3E00CFA57D /* GraphQLOperation.swift in Sources */,
				74829950212F7F3E00CFA57D /* GraphQLError.swift in Sources */,
				74829956212F7F3E00CFA57D /* GraphQLSelectionSet.swift in Sources */,
				7402C2C5211A850E00C3D536 /* LambdaMessengerTests.swift in Sources */,
				74829934212F7F3E00CFA57D /* AWSS3ObjectProtocol.swift in Sources */,
				74829976212F7F3E00CFA57D /* ApolloClient.swift in Sources */,
				7482997C212F7F3E00CFA57D /* NetworkTransport.swift in Sources */,
				74DB8B31212DD676003EDCEC /* AppSyncBridge.swift in Sources */,
				7482994E212F7F3E00CFA57D /* GraphQLQueryWatcher.swift in Sources */,
				74829960212F7F3E00CFA57D /* ApolloStore.swift in Sources */,
				74829964212F7F3E00CFA57D /* GraphQLInputValue.swift in Sources */,
				7482993C212F7F3E00CFA57D /* AWSAppSyncHTTPNetworkTransport.swift in Sources */,
				74829974212F7F3E00CFA57D /* ResultOrPromise.swift in Sources */,
				74829978212F7F3E00CFA57D /* RecordSet.swift in Sources */,
				7482997E212F7F3E00CFA57D /* Locking.swift in Sources */,
			);
			runOnlyForDeploymentPostprocessing = 0;
		};
/* End PBXSourcesBuildPhase section */

/* Begin PBXTargetDependency section */
		7402C2C2211A850E00C3D536 /* PBXTargetDependency */ = {
			isa = PBXTargetDependency;
			target = 7402C2AB211A850B00C3D536 /* LambdaMessenger */;
			targetProxy = 7402C2C1211A850E00C3D536 /* PBXContainerItemProxy */;
		};
/* End PBXTargetDependency section */

/* Begin PBXVariantGroup section */
		7402C2B3211A850B00C3D536 /* Main.storyboard */ = {
			isa = PBXVariantGroup;
			children = (
				7402C2B4211A850B00C3D536 /* Base */,
			);
			name = Main.storyboard;
			sourceTree = "<group>";
		};
		7402C2B8211A850E00C3D536 /* LaunchScreen.storyboard */ = {
			isa = PBXVariantGroup;
			children = (
				7402C2B9211A850E00C3D536 /* Base */,
			);
			name = LaunchScreen.storyboard;
			sourceTree = "<group>";
		};
/* End PBXVariantGroup section */

/* Begin XCBuildConfiguration section */
		7402C2C7211A850E00C3D536 /* Debug */ = {
			isa = XCBuildConfiguration;
			buildSettings = {
				ALWAYS_SEARCH_USER_PATHS = NO;
				CLANG_ANALYZER_NONNULL = YES;
				CLANG_ANALYZER_NUMBER_OBJECT_CONVERSION = YES_AGGRESSIVE;
				CLANG_CXX_LANGUAGE_STANDARD = "gnu++14";
				CLANG_CXX_LIBRARY = "libc++";
				CLANG_ENABLE_MODULES = YES;
				CLANG_ENABLE_OBJC_ARC = YES;
				CLANG_ENABLE_OBJC_WEAK = YES;
				CLANG_WARN_BLOCK_CAPTURE_AUTORELEASING = YES;
				CLANG_WARN_BOOL_CONVERSION = YES;
				CLANG_WARN_COMMA = YES;
				CLANG_WARN_CONSTANT_CONVERSION = YES;
				CLANG_WARN_DEPRECATED_OBJC_IMPLEMENTATIONS = YES;
				CLANG_WARN_DIRECT_OBJC_ISA_USAGE = YES_ERROR;
				CLANG_WARN_DOCUMENTATION_COMMENTS = YES;
				CLANG_WARN_EMPTY_BODY = YES;
				CLANG_WARN_ENUM_CONVERSION = YES;
				CLANG_WARN_INFINITE_RECURSION = YES;
				CLANG_WARN_INT_CONVERSION = YES;
				CLANG_WARN_NON_LITERAL_NULL_CONVERSION = YES;
				CLANG_WARN_OBJC_IMPLICIT_RETAIN_SELF = YES;
				CLANG_WARN_OBJC_LITERAL_CONVERSION = YES;
				CLANG_WARN_OBJC_ROOT_CLASS = YES_ERROR;
				CLANG_WARN_RANGE_LOOP_ANALYSIS = YES;
				CLANG_WARN_STRICT_PROTOTYPES = YES;
				CLANG_WARN_SUSPICIOUS_MOVE = YES;
				CLANG_WARN_UNGUARDED_AVAILABILITY = YES_AGGRESSIVE;
				CLANG_WARN_UNREACHABLE_CODE = YES;
				CLANG_WARN__DUPLICATE_METHOD_MATCH = YES;
				CODE_SIGN_IDENTITY = "iPhone Developer";
				COPY_PHASE_STRIP = NO;
				DEBUG_INFORMATION_FORMAT = dwarf;
				ENABLE_STRICT_OBJC_MSGSEND = YES;
				ENABLE_TESTABILITY = YES;
				GCC_C_LANGUAGE_STANDARD = gnu11;
				GCC_DYNAMIC_NO_PIC = NO;
				GCC_NO_COMMON_BLOCKS = YES;
				GCC_OPTIMIZATION_LEVEL = 0;
				GCC_PREPROCESSOR_DEFINITIONS = (
					"DEBUG=1",
					"$(inherited)",
				);
				GCC_WARN_64_TO_32_BIT_CONVERSION = YES;
				GCC_WARN_ABOUT_RETURN_TYPE = YES_ERROR;
				GCC_WARN_UNDECLARED_SELECTOR = YES;
				GCC_WARN_UNINITIALIZED_AUTOS = YES_AGGRESSIVE;
				GCC_WARN_UNUSED_FUNCTION = YES;
				GCC_WARN_UNUSED_VARIABLE = YES;
				IPHONEOS_DEPLOYMENT_TARGET = 11.4;
				MTL_ENABLE_DEBUG_INFO = YES;
				ONLY_ACTIVE_ARCH = YES;
				OTHER_LDFLAGS = "-ObjC";
				SDKROOT = iphoneos;
				SWIFT_ACTIVE_COMPILATION_CONDITIONS = DEBUG;
				SWIFT_OPTIMIZATION_LEVEL = "-Onone";
			};
			name = Debug;
		};
		7402C2C8211A850E00C3D536 /* Release */ = {
			isa = XCBuildConfiguration;
			buildSettings = {
				ALWAYS_SEARCH_USER_PATHS = NO;
				CLANG_ANALYZER_NONNULL = YES;
				CLANG_ANALYZER_NUMBER_OBJECT_CONVERSION = YES_AGGRESSIVE;
				CLANG_CXX_LANGUAGE_STANDARD = "gnu++14";
				CLANG_CXX_LIBRARY = "libc++";
				CLANG_ENABLE_MODULES = YES;
				CLANG_ENABLE_OBJC_ARC = YES;
				CLANG_ENABLE_OBJC_WEAK = YES;
				CLANG_WARN_BLOCK_CAPTURE_AUTORELEASING = YES;
				CLANG_WARN_BOOL_CONVERSION = YES;
				CLANG_WARN_COMMA = YES;
				CLANG_WARN_CONSTANT_CONVERSION = YES;
				CLANG_WARN_DEPRECATED_OBJC_IMPLEMENTATIONS = YES;
				CLANG_WARN_DIRECT_OBJC_ISA_USAGE = YES_ERROR;
				CLANG_WARN_DOCUMENTATION_COMMENTS = YES;
				CLANG_WARN_EMPTY_BODY = YES;
				CLANG_WARN_ENUM_CONVERSION = YES;
				CLANG_WARN_INFINITE_RECURSION = YES;
				CLANG_WARN_INT_CONVERSION = YES;
				CLANG_WARN_NON_LITERAL_NULL_CONVERSION = YES;
				CLANG_WARN_OBJC_IMPLICIT_RETAIN_SELF = YES;
				CLANG_WARN_OBJC_LITERAL_CONVERSION = YES;
				CLANG_WARN_OBJC_ROOT_CLASS = YES_ERROR;
				CLANG_WARN_RANGE_LOOP_ANALYSIS = YES;
				CLANG_WARN_STRICT_PROTOTYPES = YES;
				CLANG_WARN_SUSPICIOUS_MOVE = YES;
				CLANG_WARN_UNGUARDED_AVAILABILITY = YES_AGGRESSIVE;
				CLANG_WARN_UNREACHABLE_CODE = YES;
				CLANG_WARN__DUPLICATE_METHOD_MATCH = YES;
				CODE_SIGN_IDENTITY = "iPhone Developer";
				COPY_PHASE_STRIP = NO;
				DEBUG_INFORMATION_FORMAT = "dwarf-with-dsym";
				ENABLE_NS_ASSERTIONS = NO;
				ENABLE_STRICT_OBJC_MSGSEND = YES;
				GCC_C_LANGUAGE_STANDARD = gnu11;
				GCC_NO_COMMON_BLOCKS = YES;
				GCC_WARN_64_TO_32_BIT_CONVERSION = YES;
				GCC_WARN_ABOUT_RETURN_TYPE = YES_ERROR;
				GCC_WARN_UNDECLARED_SELECTOR = YES;
				GCC_WARN_UNINITIALIZED_AUTOS = YES_AGGRESSIVE;
				GCC_WARN_UNUSED_FUNCTION = YES;
				GCC_WARN_UNUSED_VARIABLE = YES;
				IPHONEOS_DEPLOYMENT_TARGET = 11.4;
				MTL_ENABLE_DEBUG_INFO = NO;
				OTHER_LDFLAGS = "-ObjC";
				SDKROOT = iphoneos;
				SWIFT_COMPILATION_MODE = wholemodule;
				SWIFT_OPTIMIZATION_LEVEL = "-O";
				VALIDATE_PRODUCT = YES;
			};
			name = Release;
		};
		7402C2CA211A850E00C3D536 /* Debug */ = {
			isa = XCBuildConfiguration;
			buildSettings = {
				ASSETCATALOG_COMPILER_APPICON_NAME = AppIcon;
				CLANG_ENABLE_MODULES = YES;
				CODE_SIGN_ENTITLEMENTS = LambdaMessenger/LambdaMessenger.entitlements;
				CODE_SIGN_STYLE = Automatic;
				DEVELOPMENT_TEAM = REBTSBCSFF;
				FRAMEWORK_SEARCH_PATHS = (
					"$(inherited)",
					"$(PROJECT_DIR)/Carthage/Build/iOS",
				);
				HEADER_SEARCH_PATHS = (
					"$(PROJECT_DIR)/Carthage/Build/iOS",
					"$(PROJECT_DIR)/Carthage/Build/iOS/libPhoneNumberiOS.framework/Headers/",
					"$(PROJECT_DIR)/LambdaMessenger/Frameworks/**",
					"\"$(SRCROOT)/Carthage/Build/iOS/AWSCore.framework/Headers/\"",
				);
				INFOPLIST_FILE = LambdaMessenger/Info.plist;
				LD_RUNPATH_SEARCH_PATHS = (
					"$(inherited)",
					"@executable_path/Frameworks",
				);
				OTHER_LDFLAGS = "-ObjC";
				PRODUCT_BUNDLE_IDENTIFIER = com.lambdamessenger.LambdaMessenger;
				PRODUCT_NAME = "$(TARGET_NAME)";
				SWIFT_OBJC_BRIDGING_HEADER = "LambdaMessenger/LambdaMessenger-Bridging-Header.h";
				SWIFT_OPTIMIZATION_LEVEL = "-Onone";
				SWIFT_VERSION = 4.0;
				TARGETED_DEVICE_FAMILY = "1,2";
			};
			name = Debug;
		};
		7402C2CB211A850E00C3D536 /* Release */ = {
			isa = XCBuildConfiguration;
			buildSettings = {
				ASSETCATALOG_COMPILER_APPICON_NAME = AppIcon;
				CLANG_ENABLE_MODULES = YES;
				CODE_SIGN_ENTITLEMENTS = LambdaMessenger/LambdaMessenger.entitlements;
				CODE_SIGN_STYLE = Automatic;
				DEVELOPMENT_TEAM = REBTSBCSFF;
				FRAMEWORK_SEARCH_PATHS = (
					"$(inherited)",
					"$(PROJECT_DIR)/Carthage/Build/iOS",
				);
				HEADER_SEARCH_PATHS = (
					"$(PROJECT_DIR)/Carthage/Build/iOS",
					"$(PROJECT_DIR)/Carthage/Build/iOS/libPhoneNumberiOS.framework/Headers/",
					"$(PROJECT_DIR)/LambdaMessenger/Frameworks/**",
					"\"$(SRCROOT)/Carthage/Build/iOS/AWSCore.framework/Headers/\"",
				);
				INFOPLIST_FILE = LambdaMessenger/Info.plist;
				LD_RUNPATH_SEARCH_PATHS = (
					"$(inherited)",
					"@executable_path/Frameworks",
				);
				OTHER_LDFLAGS = "-ObjC";
				PRODUCT_BUNDLE_IDENTIFIER = com.lambdamessenger.LambdaMessenger;
				PRODUCT_NAME = "$(TARGET_NAME)";
				SWIFT_OBJC_BRIDGING_HEADER = "LambdaMessenger/LambdaMessenger-Bridging-Header.h";
				SWIFT_VERSION = 4.0;
				TARGETED_DEVICE_FAMILY = "1,2";
			};
			name = Release;
		};
		7402C2CD211A850E00C3D536 /* Debug */ = {
			isa = XCBuildConfiguration;
			buildSettings = {
				ALWAYS_EMBED_SWIFT_STANDARD_LIBRARIES = YES;
				BUNDLE_LOADER = "$(TEST_HOST)";
				CODE_SIGN_STYLE = Automatic;
				DEVELOPMENT_TEAM = REBTSBCSFF;
				FRAMEWORK_SEARCH_PATHS = (
					"$(inherited)",
					"$(PROJECT_DIR)/Carthage/Build/iOS",
					"$(PROJECT_DIR)/LambdaMessenger/Frameworks",
				);
				HEADER_SEARCH_PATHS = "$(PROJECT_DIR)/Carthage/Build/iOS/libPhoneNumberiOS.framework/Headers/";
				INFOPLIST_FILE = LambdaMessengerTests/Info.plist;
				LD_RUNPATH_SEARCH_PATHS = (
					"$(inherited)",
					"@executable_path/Frameworks",
					"@loader_path/Frameworks",
				);
				PRODUCT_BUNDLE_IDENTIFIER = com.lambdamessenger.LambdaMessengerTests;
				PRODUCT_NAME = "$(TARGET_NAME)";
				SWIFT_VERSION = 4.0;
				TARGETED_DEVICE_FAMILY = "1,2";
				TEST_HOST = "$(BUILT_PRODUCTS_DIR)/LambdaMessenger.app/LambdaMessenger";
			};
			name = Debug;
		};
		7402C2CE211A850E00C3D536 /* Release */ = {
			isa = XCBuildConfiguration;
			buildSettings = {
				ALWAYS_EMBED_SWIFT_STANDARD_LIBRARIES = YES;
				BUNDLE_LOADER = "$(TEST_HOST)";
				CODE_SIGN_STYLE = Automatic;
				DEVELOPMENT_TEAM = REBTSBCSFF;
				FRAMEWORK_SEARCH_PATHS = (
					"$(inherited)",
					"$(PROJECT_DIR)/Carthage/Build/iOS",
					"$(PROJECT_DIR)/LambdaMessenger/Frameworks",
				);
				HEADER_SEARCH_PATHS = "$(PROJECT_DIR)/Carthage/Build/iOS/libPhoneNumberiOS.framework/Headers/";
				INFOPLIST_FILE = LambdaMessengerTests/Info.plist;
				LD_RUNPATH_SEARCH_PATHS = (
					"$(inherited)",
					"@executable_path/Frameworks",
					"@loader_path/Frameworks",
				);
				PRODUCT_BUNDLE_IDENTIFIER = com.lambdamessenger.LambdaMessengerTests;
				PRODUCT_NAME = "$(TARGET_NAME)";
				SWIFT_VERSION = 4.0;
				TARGETED_DEVICE_FAMILY = "1,2";
				TEST_HOST = "$(BUILT_PRODUCTS_DIR)/LambdaMessenger.app/LambdaMessenger";
			};
			name = Release;
		};
/* End XCBuildConfiguration section */

/* Begin XCConfigurationList section */
		7402C2A7211A850B00C3D536 /* Build configuration list for PBXProject "LambdaMessenger" */ = {
			isa = XCConfigurationList;
			buildConfigurations = (
				7402C2C7211A850E00C3D536 /* Debug */,
				7402C2C8211A850E00C3D536 /* Release */,
			);
			defaultConfigurationIsVisible = 0;
			defaultConfigurationName = Release;
		};
		7402C2C9211A850E00C3D536 /* Build configuration list for PBXNativeTarget "LambdaMessenger" */ = {
			isa = XCConfigurationList;
			buildConfigurations = (
				7402C2CA211A850E00C3D536 /* Debug */,
				7402C2CB211A850E00C3D536 /* Release */,
			);
			defaultConfigurationIsVisible = 0;
			defaultConfigurationName = Release;
		};
		7402C2CC211A850E00C3D536 /* Build configuration list for PBXNativeTarget "LambdaMessengerTests" */ = {
			isa = XCConfigurationList;
			buildConfigurations = (
				7402C2CD211A850E00C3D536 /* Debug */,
				7402C2CE211A850E00C3D536 /* Release */,
			);
			defaultConfigurationIsVisible = 0;
			defaultConfigurationName = Release;
		};
/* End XCConfigurationList section */
	};
	rootObject = 7402C2A4211A850B00C3D536 /* Project object */;
}
